// !$*UTF8*$!
{
	archiveVersion = 1;
	classes = {
	};
	objectVersion = 51;
	objects = {

/* Begin PBXBuildFile section */
		127137FE46AA5737FBCBA183 /* Pods_dckxUITests.framework in Frameworks */ = {isa = PBXBuildFile; fileRef = 56149F6DEDDF1BA8A1D64427 /* Pods_dckxUITests.framework */; };
		196558F998D4A92D13BEEB36 /* Pods_dckx.framework in Frameworks */ = {isa = PBXBuildFile; fileRef = A442C4117396A55D840D6677 /* Pods_dckx.framework */; };
		8B23367E23F646A700C88BA1 /* CoreData.swift in Sources */ = {isa = PBXBuildFile; fileRef = 8B23367D23F646A700C88BA1 /* CoreData.swift */; };
		8B23367F23F646AC00C88BA1 /* CoreData.swift in Sources */ = {isa = PBXBuildFile; fileRef = 8B23367D23F646A700C88BA1 /* CoreData.swift */; };
		8B23368023F646AC00C88BA1 /* CoreData.swift in Sources */ = {isa = PBXBuildFile; fileRef = 8B23367D23F646A700C88BA1 /* CoreData.swift */; };
		8B23368223F6683C00C88BA1 /* ComicFetcher.swift in Sources */ = {isa = PBXBuildFile; fileRef = 8B23368123F6683C00C88BA1 /* ComicFetcher.swift */; };
		8B23368323F6683C00C88BA1 /* ComicFetcher.swift in Sources */ = {isa = PBXBuildFile; fileRef = 8B23368123F6683C00C88BA1 /* ComicFetcher.swift */; };
		8B23368423F6683C00C88BA1 /* ComicFetcher.swift in Sources */ = {isa = PBXBuildFile; fileRef = 8B23368123F6683C00C88BA1 /* ComicFetcher.swift */; };
		8B4A1285240828FD00D4F8B2 /* SnapshotHelper.swift in Sources */ = {isa = PBXBuildFile; fileRef = 8B4A1284240828FC00D4F8B2 /* SnapshotHelper.swift */; };
		8B4F4B9923F5F444008446F4 /* AppDelegate.swift in Sources */ = {isa = PBXBuildFile; fileRef = 8B4F4B9823F5F444008446F4 /* AppDelegate.swift */; };
		8B4F4B9B23F5F444008446F4 /* SceneDelegate.swift in Sources */ = {isa = PBXBuildFile; fileRef = 8B4F4B9A23F5F444008446F4 /* SceneDelegate.swift */; };
		8B4F4B9D23F5F444008446F4 /* ComicView.swift in Sources */ = {isa = PBXBuildFile; fileRef = 8B4F4B9C23F5F444008446F4 /* ComicView.swift */; };
		8B4F4B9F23F5F445008446F4 /* Assets.xcassets in Resources */ = {isa = PBXBuildFile; fileRef = 8B4F4B9E23F5F445008446F4 /* Assets.xcassets */; };
		8B4F4BA223F5F445008446F4 /* Preview Assets.xcassets in Resources */ = {isa = PBXBuildFile; fileRef = 8B4F4BA123F5F445008446F4 /* Preview Assets.xcassets */; };
		8B4F4BA523F5F445008446F4 /* LaunchScreen.storyboard in Resources */ = {isa = PBXBuildFile; fileRef = 8B4F4BA323F5F445008446F4 /* LaunchScreen.storyboard */; };
		8B4F4BB023F5F445008446F4 /* dckxTests.swift in Sources */ = {isa = PBXBuildFile; fileRef = 8B4F4BAF23F5F445008446F4 /* dckxTests.swift */; };
		8B4F4BBB23F5F445008446F4 /* dckxUITests.swift in Sources */ = {isa = PBXBuildFile; fileRef = 8B4F4BBA23F5F445008446F4 /* dckxUITests.swift */; };
		8B4F4BCB23F5F551008446F4 /* dckx.xcdatamodeld in Sources */ = {isa = PBXBuildFile; fileRef = 8B4F4BC923F5F551008446F4 /* dckx.xcdatamodeld */; };
		8B4F4BCC23F5F551008446F4 /* dckx.xcdatamodeld in Sources */ = {isa = PBXBuildFile; fileRef = 8B4F4BC923F5F551008446F4 /* dckx.xcdatamodeld */; };
		8B4F4BCD23F5F551008446F4 /* dckx.xcdatamodeld in Sources */ = {isa = PBXBuildFile; fileRef = 8B4F4BC923F5F551008446F4 /* dckx.xcdatamodeld */; };
		8B4F4BE023F5F9D5008446F4 /* XkcdAPI.swift in Sources */ = {isa = PBXBuildFile; fileRef = 8B4F4BDF23F5F9D5008446F4 /* XkcdAPI.swift */; };
		8B4F4BE123F5F9D5008446F4 /* XkcdAPI.swift in Sources */ = {isa = PBXBuildFile; fileRef = 8B4F4BDF23F5F9D5008446F4 /* XkcdAPI.swift */; };
		8B4F4BE223F5F9D5008446F4 /* XkcdAPI.swift in Sources */ = {isa = PBXBuildFile; fileRef = 8B4F4BDF23F5F9D5008446F4 /* XkcdAPI.swift */; };
		8B626D6E23FFB5BE00972EED /* ListView.swift in Sources */ = {isa = PBXBuildFile; fileRef = 8B626D6D23FFB5BE00972EED /* ListView.swift */; };
		8B626D702401B0A900972EED /* Constants.swift in Sources */ = {isa = PBXBuildFile; fileRef = 8B626D6F2401B0A900972EED /* Constants.swift */; };
		8B626D712401B0A900972EED /* Constants.swift in Sources */ = {isa = PBXBuildFile; fileRef = 8B626D6F2401B0A900972EED /* Constants.swift */; };
		8B626D742401BB6800972EED /* xkcd-script.ttf in Resources */ = {isa = PBXBuildFile; fileRef = 8B626D732401BB6800972EED /* xkcd-script.ttf */; };
		8B626D752401BB6800972EED /* xkcd-script.ttf in Resources */ = {isa = PBXBuildFile; fileRef = 8B626D732401BB6800972EED /* xkcd-script.ttf */; };
		8B626D762401C74600972EED /* Assets.xcassets in Resources */ = {isa = PBXBuildFile; fileRef = 8B4F4B9E23F5F445008446F4 /* Assets.xcassets */; };
		8B626D792401EB1200972EED /* XkcdAPITests.swift in Sources */ = {isa = PBXBuildFile; fileRef = 8B626D782401EB1200972EED /* XkcdAPITests.swift */; };
		8B626D802401F8E600972EED /* Comic+CoreDataClass.swift in Sources */ = {isa = PBXBuildFile; fileRef = 8B626D7E2401F8E600972EED /* Comic+CoreDataClass.swift */; };
		8B626D812401F8E600972EED /* Comic+CoreDataClass.swift in Sources */ = {isa = PBXBuildFile; fileRef = 8B626D7E2401F8E600972EED /* Comic+CoreDataClass.swift */; };
		8B626D822401F8E600972EED /* Comic+CoreDataClass.swift in Sources */ = {isa = PBXBuildFile; fileRef = 8B626D7E2401F8E600972EED /* Comic+CoreDataClass.swift */; };
		8B626D832401F8E600972EED /* Comic+CoreDataProperties.swift in Sources */ = {isa = PBXBuildFile; fileRef = 8B626D7F2401F8E600972EED /* Comic+CoreDataProperties.swift */; };
		8B626D842401F8E600972EED /* Comic+CoreDataProperties.swift in Sources */ = {isa = PBXBuildFile; fileRef = 8B626D7F2401F8E600972EED /* Comic+CoreDataProperties.swift */; };
		8B626D852401F8E600972EED /* Comic+CoreDataProperties.swift in Sources */ = {isa = PBXBuildFile; fileRef = 8B626D7F2401F8E600972EED /* Comic+CoreDataProperties.swift */; };
		8B626D872402122C00972EED /* BrowserView.swift in Sources */ = {isa = PBXBuildFile; fileRef = 8B626D862402122C00972EED /* BrowserView.swift */; };
		8B626D882402122C00972EED /* BrowserView.swift in Sources */ = {isa = PBXBuildFile; fileRef = 8B626D862402122C00972EED /* BrowserView.swift */; };
		8B626D892402122C00972EED /* BrowserView.swift in Sources */ = {isa = PBXBuildFile; fileRef = 8B626D862402122C00972EED /* BrowserView.swift */; };
		8B626D8A2402274A00972EED /* Constants.swift in Sources */ = {isa = PBXBuildFile; fileRef = 8B626D6F2401B0A900972EED /* Constants.swift */; };
		8B626D8B2402291A00972EED /* ComicView.swift in Sources */ = {isa = PBXBuildFile; fileRef = 8B4F4B9C23F5F444008446F4 /* ComicView.swift */; };
		8B626D8C2402291B00972EED /* ComicView.swift in Sources */ = {isa = PBXBuildFile; fileRef = 8B4F4B9C23F5F444008446F4 /* ComicView.swift */; };
		8B626D8D2402294000972EED /* SceneDelegate.swift in Sources */ = {isa = PBXBuildFile; fileRef = 8B4F4B9A23F5F444008446F4 /* SceneDelegate.swift */; };
		8B626D8F240308C600972EED /* dckx.sqlite in Resources */ = {isa = PBXBuildFile; fileRef = 8B626D8E240308C600972EED /* dckx.sqlite */; };
		8B626D972403982D00972EED /* ListView.swift in Sources */ = {isa = PBXBuildFile; fileRef = 8B626D6D23FFB5BE00972EED /* ListView.swift */; };
		8B626DD72403BBCB00972EED /* ListView.swift in Sources */ = {isa = PBXBuildFile; fileRef = 8B626D6D23FFB5BE00972EED /* ListView.swift */; };
		8B626DD82403C6C700972EED /* xkcd-script.ttf in Resources */ = {isa = PBXBuildFile; fileRef = 8B626D732401BB6800972EED /* xkcd-script.ttf */; };
		8BA50E4924097CF000138D11 /* MainView.swift in Sources */ = {isa = PBXBuildFile; fileRef = 8BA50E4824097CF000138D11 /* MainView.swift */; };
		8BA50E4A24097CF000138D11 /* MainView.swift in Sources */ = {isa = PBXBuildFile; fileRef = 8BA50E4824097CF000138D11 /* MainView.swift */; };
		8BA50E4B24097CF000138D11 /* MainView.swift in Sources */ = {isa = PBXBuildFile; fileRef = 8BA50E4824097CF000138D11 /* MainView.swift */; };
		8BA50E4D24097D0200138D11 /* WhatIfView.swift in Sources */ = {isa = PBXBuildFile; fileRef = 8BA50E4C24097D0200138D11 /* WhatIfView.swift */; };
		8BA50E4E24097D0200138D11 /* WhatIfView.swift in Sources */ = {isa = PBXBuildFile; fileRef = 8BA50E4C24097D0200138D11 /* WhatIfView.swift */; };
		8BA50E4F24097D0200138D11 /* WhatIfView.swift in Sources */ = {isa = PBXBuildFile; fileRef = 8BA50E4C24097D0200138D11 /* WhatIfView.swift */; };
		8BFEFFFD24046D400090188A /* UIApplication+ResignKeyboardOnDragGesture.swift in Sources */ = {isa = PBXBuildFile; fileRef = 8BFEFFFC24046D400090188A /* UIApplication+ResignKeyboardOnDragGesture.swift */; };
		8BFEFFFE24046D400090188A /* UIApplication+ResignKeyboardOnDragGesture.swift in Sources */ = {isa = PBXBuildFile; fileRef = 8BFEFFFC24046D400090188A /* UIApplication+ResignKeyboardOnDragGesture.swift */; };
		8BFEFFFF24046D400090188A /* UIApplication+ResignKeyboardOnDragGesture.swift in Sources */ = {isa = PBXBuildFile; fileRef = 8BFEFFFC24046D400090188A /* UIApplication+ResignKeyboardOnDragGesture.swift */; };
		A37EE27DDBDDD50B84BE7CDB /* Pods_dckxTests.framework in Frameworks */ = {isa = PBXBuildFile; fileRef = 209EA98A58DB01C4F3387409 /* Pods_dckxTests.framework */; };
/* End PBXBuildFile section */

/* Begin PBXContainerItemProxy section */
		8B4F4BAC23F5F445008446F4 /* PBXContainerItemProxy */ = {
			isa = PBXContainerItemProxy;
			containerPortal = 8B4F4B8D23F5F444008446F4 /* Project object */;
			proxyType = 1;
			remoteGlobalIDString = 8B4F4B9423F5F444008446F4;
			remoteInfo = dckx;
		};
		8B4F4BB723F5F445008446F4 /* PBXContainerItemProxy */ = {
			isa = PBXContainerItemProxy;
			containerPortal = 8B4F4B8D23F5F444008446F4 /* Project object */;
			proxyType = 1;
			remoteGlobalIDString = 8B4F4B9423F5F444008446F4;
			remoteInfo = dckx;
		};
/* End PBXContainerItemProxy section */

/* Begin PBXFileReference section */
		12F086BDD1D57EDF67BF3AB6 /* Pods-dckxUITests.debug.xcconfig */ = {isa = PBXFileReference; includeInIndex = 1; lastKnownFileType = text.xcconfig; name = "Pods-dckxUITests.debug.xcconfig"; path = "Target Support Files/Pods-dckxUITests/Pods-dckxUITests.debug.xcconfig"; sourceTree = "<group>"; };
		209EA98A58DB01C4F3387409 /* Pods_dckxTests.framework */ = {isa = PBXFileReference; explicitFileType = wrapper.framework; includeInIndex = 0; path = Pods_dckxTests.framework; sourceTree = BUILT_PRODUCTS_DIR; };
		3C292E1723D1FD184D138819 /* Pods-dckxUITests.release.xcconfig */ = {isa = PBXFileReference; includeInIndex = 1; lastKnownFileType = text.xcconfig; name = "Pods-dckxUITests.release.xcconfig"; path = "Target Support Files/Pods-dckxUITests/Pods-dckxUITests.release.xcconfig"; sourceTree = "<group>"; };
		56149F6DEDDF1BA8A1D64427 /* Pods_dckxUITests.framework */ = {isa = PBXFileReference; explicitFileType = wrapper.framework; includeInIndex = 0; path = Pods_dckxUITests.framework; sourceTree = BUILT_PRODUCTS_DIR; };
		8B23367D23F646A700C88BA1 /* CoreData.swift */ = {isa = PBXFileReference; lastKnownFileType = sourcecode.swift; path = CoreData.swift; sourceTree = "<group>"; };
		8B23368123F6683C00C88BA1 /* ComicFetcher.swift */ = {isa = PBXFileReference; lastKnownFileType = sourcecode.swift; path = ComicFetcher.swift; sourceTree = "<group>"; };
		8B4A1284240828FC00D4F8B2 /* SnapshotHelper.swift */ = {isa = PBXFileReference; fileEncoding = 4; lastKnownFileType = sourcecode.swift; path = SnapshotHelper.swift; sourceTree = "<group>"; };
		8B4F4B9523F5F444008446F4 /* dckx : xkcd.app */ = {isa = PBXFileReference; explicitFileType = wrapper.application; includeInIndex = 0; path = "dckx : xkcd.app"; sourceTree = BUILT_PRODUCTS_DIR; };
		8B4F4B9823F5F444008446F4 /* AppDelegate.swift */ = {isa = PBXFileReference; lastKnownFileType = sourcecode.swift; path = AppDelegate.swift; sourceTree = "<group>"; };
		8B4F4B9A23F5F444008446F4 /* SceneDelegate.swift */ = {isa = PBXFileReference; lastKnownFileType = sourcecode.swift; path = SceneDelegate.swift; sourceTree = "<group>"; };
		8B4F4B9C23F5F444008446F4 /* ComicView.swift */ = {isa = PBXFileReference; lastKnownFileType = sourcecode.swift; path = ComicView.swift; sourceTree = "<group>"; };
		8B4F4B9E23F5F445008446F4 /* Assets.xcassets */ = {isa = PBXFileReference; lastKnownFileType = folder.assetcatalog; path = Assets.xcassets; sourceTree = "<group>"; };
		8B4F4BA123F5F445008446F4 /* Preview Assets.xcassets */ = {isa = PBXFileReference; lastKnownFileType = folder.assetcatalog; path = "Preview Assets.xcassets"; sourceTree = "<group>"; };
		8B4F4BA423F5F445008446F4 /* Base */ = {isa = PBXFileReference; lastKnownFileType = file.storyboard; name = Base; path = Base.lproj/LaunchScreen.storyboard; sourceTree = "<group>"; };
		8B4F4BA623F5F445008446F4 /* Info.plist */ = {isa = PBXFileReference; lastKnownFileType = text.plist.xml; path = Info.plist; sourceTree = "<group>"; };
		8B4F4BAB23F5F445008446F4 /* dckxTests.xctest */ = {isa = PBXFileReference; explicitFileType = wrapper.cfbundle; includeInIndex = 0; path = dckxTests.xctest; sourceTree = BUILT_PRODUCTS_DIR; };
		8B4F4BAF23F5F445008446F4 /* dckxTests.swift */ = {isa = PBXFileReference; lastKnownFileType = sourcecode.swift; path = dckxTests.swift; sourceTree = "<group>"; };
		8B4F4BB123F5F445008446F4 /* Info.plist */ = {isa = PBXFileReference; lastKnownFileType = text.plist.xml; path = Info.plist; sourceTree = "<group>"; };
		8B4F4BB623F5F445008446F4 /* dckxUITests.xctest */ = {isa = PBXFileReference; explicitFileType = wrapper.cfbundle; includeInIndex = 0; path = dckxUITests.xctest; sourceTree = BUILT_PRODUCTS_DIR; };
		8B4F4BBA23F5F445008446F4 /* dckxUITests.swift */ = {isa = PBXFileReference; lastKnownFileType = sourcecode.swift; path = dckxUITests.swift; sourceTree = "<group>"; };
		8B4F4BBC23F5F445008446F4 /* Info.plist */ = {isa = PBXFileReference; lastKnownFileType = text.plist.xml; path = Info.plist; sourceTree = "<group>"; };
		8B4F4BCA23F5F551008446F4 /* dckx.xcdatamodel */ = {isa = PBXFileReference; lastKnownFileType = wrapper.xcdatamodel; path = dckx.xcdatamodel; sourceTree = "<group>"; };
		8B4F4BDF23F5F9D5008446F4 /* XkcdAPI.swift */ = {isa = PBXFileReference; lastKnownFileType = sourcecode.swift; path = XkcdAPI.swift; sourceTree = "<group>"; };
		8B626D6D23FFB5BE00972EED /* ListView.swift */ = {isa = PBXFileReference; lastKnownFileType = sourcecode.swift; path = ListView.swift; sourceTree = "<group>"; };
		8B626D6F2401B0A900972EED /* Constants.swift */ = {isa = PBXFileReference; lastKnownFileType = sourcecode.swift; path = Constants.swift; sourceTree = "<group>"; };
		8B626D732401BB6800972EED /* xkcd-script.ttf */ = {isa = PBXFileReference; lastKnownFileType = file; path = "xkcd-script.ttf"; sourceTree = "<group>"; };
		8B626D772401DB9000972EED /* 2020-02-22.xcdatamodel */ = {isa = PBXFileReference; lastKnownFileType = wrapper.xcdatamodel; path = "2020-02-22.xcdatamodel"; sourceTree = "<group>"; };
		8B626D782401EB1200972EED /* XkcdAPITests.swift */ = {isa = PBXFileReference; lastKnownFileType = sourcecode.swift; path = XkcdAPITests.swift; sourceTree = "<group>"; };
		8B626D7E2401F8E600972EED /* Comic+CoreDataClass.swift */ = {isa = PBXFileReference; lastKnownFileType = sourcecode.swift; path = "Comic+CoreDataClass.swift"; sourceTree = "<group>"; };
		8B626D7F2401F8E600972EED /* Comic+CoreDataProperties.swift */ = {isa = PBXFileReference; lastKnownFileType = sourcecode.swift; path = "Comic+CoreDataProperties.swift"; sourceTree = "<group>"; };
		8B626D862402122C00972EED /* BrowserView.swift */ = {isa = PBXFileReference; lastKnownFileType = sourcecode.swift; path = BrowserView.swift; sourceTree = "<group>"; };
		8B626D8E240308C600972EED /* dckx.sqlite */ = {isa = PBXFileReference; lastKnownFileType = file; path = dckx.sqlite; sourceTree = "<group>"; };
		8BA50E4824097CF000138D11 /* MainView.swift */ = {isa = PBXFileReference; lastKnownFileType = sourcecode.swift; path = MainView.swift; sourceTree = "<group>"; };
		8BA50E4C24097D0200138D11 /* WhatIfView.swift */ = {isa = PBXFileReference; lastKnownFileType = sourcecode.swift; path = WhatIfView.swift; sourceTree = "<group>"; };
		8BFEFFFC24046D400090188A /* UIApplication+ResignKeyboardOnDragGesture.swift */ = {isa = PBXFileReference; lastKnownFileType = sourcecode.swift; path = "UIApplication+ResignKeyboardOnDragGesture.swift"; sourceTree = "<group>"; };
		A1695073ECC186DD58075EB6 /* Pods-dckxTests.debug.xcconfig */ = {isa = PBXFileReference; includeInIndex = 1; lastKnownFileType = text.xcconfig; name = "Pods-dckxTests.debug.xcconfig"; path = "Target Support Files/Pods-dckxTests/Pods-dckxTests.debug.xcconfig"; sourceTree = "<group>"; };
		A442C4117396A55D840D6677 /* Pods_dckx.framework */ = {isa = PBXFileReference; explicitFileType = wrapper.framework; includeInIndex = 0; path = Pods_dckx.framework; sourceTree = BUILT_PRODUCTS_DIR; };
		C8F501949EA6610C1813EA04 /* Pods-dckx.release.xcconfig */ = {isa = PBXFileReference; includeInIndex = 1; lastKnownFileType = text.xcconfig; name = "Pods-dckx.release.xcconfig"; path = "Target Support Files/Pods-dckx/Pods-dckx.release.xcconfig"; sourceTree = "<group>"; };
		DF87167CCFA3E973C2A999C2 /* Pods-dckxTests.release.xcconfig */ = {isa = PBXFileReference; includeInIndex = 1; lastKnownFileType = text.xcconfig; name = "Pods-dckxTests.release.xcconfig"; path = "Target Support Files/Pods-dckxTests/Pods-dckxTests.release.xcconfig"; sourceTree = "<group>"; };
		F983B5B8CA970E28283ACCFB /* Pods-dckx.debug.xcconfig */ = {isa = PBXFileReference; includeInIndex = 1; lastKnownFileType = text.xcconfig; name = "Pods-dckx.debug.xcconfig"; path = "Target Support Files/Pods-dckx/Pods-dckx.debug.xcconfig"; sourceTree = "<group>"; };
/* End PBXFileReference section */

/* Begin PBXFrameworksBuildPhase section */
		8B4F4B9223F5F444008446F4 /* Frameworks */ = {
			isa = PBXFrameworksBuildPhase;
			buildActionMask = 2147483647;
			files = (
				196558F998D4A92D13BEEB36 /* Pods_dckx.framework in Frameworks */,
			);
			runOnlyForDeploymentPostprocessing = 0;
		};
		8B4F4BA823F5F445008446F4 /* Frameworks */ = {
			isa = PBXFrameworksBuildPhase;
			buildActionMask = 2147483647;
			files = (
				A37EE27DDBDDD50B84BE7CDB /* Pods_dckxTests.framework in Frameworks */,
			);
			runOnlyForDeploymentPostprocessing = 0;
		};
		8B4F4BB323F5F445008446F4 /* Frameworks */ = {
			isa = PBXFrameworksBuildPhase;
			buildActionMask = 2147483647;
			files = (
				127137FE46AA5737FBCBA183 /* Pods_dckxUITests.framework in Frameworks */,
			);
			runOnlyForDeploymentPostprocessing = 0;
		};
/* End PBXFrameworksBuildPhase section */

/* Begin PBXGroup section */
		4C42ECEB3AF4D6D3369ACB82 /* Pods */ = {
			isa = PBXGroup;
			children = (
				F983B5B8CA970E28283ACCFB /* Pods-dckx.debug.xcconfig */,
				C8F501949EA6610C1813EA04 /* Pods-dckx.release.xcconfig */,
				A1695073ECC186DD58075EB6 /* Pods-dckxTests.debug.xcconfig */,
				DF87167CCFA3E973C2A999C2 /* Pods-dckxTests.release.xcconfig */,
				12F086BDD1D57EDF67BF3AB6 /* Pods-dckxUITests.debug.xcconfig */,
				3C292E1723D1FD184D138819 /* Pods-dckxUITests.release.xcconfig */,
			);
			path = Pods;
			sourceTree = "<group>";
		};
		8B4F4B8C23F5F444008446F4 = {
			isa = PBXGroup;
			children = (
				8B4F4B9723F5F444008446F4 /* dckx */,
				8B4F4BAE23F5F445008446F4 /* dckxTests */,
				8B4F4BB923F5F445008446F4 /* dckxUITests */,
				8B4F4B9623F5F444008446F4 /* Products */,
				4C42ECEB3AF4D6D3369ACB82 /* Pods */,
				921AF9F2F90CBC7F2736030E /* Frameworks */,
			);
			sourceTree = "<group>";
		};
		8B4F4B9623F5F444008446F4 /* Products */ = {
			isa = PBXGroup;
			children = (
				8B4F4B9523F5F444008446F4 /* dckx : xkcd.app */,
				8B4F4BAB23F5F445008446F4 /* dckxTests.xctest */,
				8B4F4BB623F5F445008446F4 /* dckxUITests.xctest */,
			);
			name = Products;
			sourceTree = "<group>";
		};
		8B4F4B9723F5F444008446F4 /* dckx */ = {
			isa = PBXGroup;
			children = (
				8B4F4BE323F603B1008446F4 /* Utilities */,
				8B4F4BC823F5F4A0008446F4 /* Model */,
				8B4F4BCE23F5F637008446F4 /* View */,
				8B626D922403172100972EED /* ViewModel */,
				8B4F4B9823F5F444008446F4 /* AppDelegate.swift */,
				8B4F4B9E23F5F445008446F4 /* Assets.xcassets */,
				8B4F4BA323F5F445008446F4 /* LaunchScreen.storyboard */,
				8B4F4BA623F5F445008446F4 /* Info.plist */,
				8B4F4BA023F5F445008446F4 /* Preview Content */,
				8B626D722401BB1D00972EED /* fonts */,
			);
			path = dckx;
			sourceTree = "<group>";
		};
		8B4F4BA023F5F445008446F4 /* Preview Content */ = {
			isa = PBXGroup;
			children = (
				8B4F4BA123F5F445008446F4 /* Preview Assets.xcassets */,
			);
			path = "Preview Content";
			sourceTree = "<group>";
		};
		8B4F4BAE23F5F445008446F4 /* dckxTests */ = {
			isa = PBXGroup;
			children = (
				8B4F4BAF23F5F445008446F4 /* dckxTests.swift */,
				8B4F4BB123F5F445008446F4 /* Info.plist */,
				8B626D782401EB1200972EED /* XkcdAPITests.swift */,
			);
			path = dckxTests;
			sourceTree = "<group>";
		};
		8B4F4BB923F5F445008446F4 /* dckxUITests */ = {
			isa = PBXGroup;
			children = (
				8B4A1284240828FC00D4F8B2 /* SnapshotHelper.swift */,
				8B4F4BBA23F5F445008446F4 /* dckxUITests.swift */,
				8B4F4BBC23F5F445008446F4 /* Info.plist */,
			);
			path = dckxUITests;
			sourceTree = "<group>";
		};
		8B4F4BC823F5F4A0008446F4 /* Model */ = {
			isa = PBXGroup;
			children = (
				8B626D8E240308C600972EED /* dckx.sqlite */,
				8B626D7E2401F8E600972EED /* Comic+CoreDataClass.swift */,
				8B626D7F2401F8E600972EED /* Comic+CoreDataProperties.swift */,
				8B4F4BC923F5F551008446F4 /* dckx.xcdatamodeld */,
			);
			path = Model;
			sourceTree = "<group>";
		};
		8B4F4BCE23F5F637008446F4 /* View */ = {
			isa = PBXGroup;
			children = (
				8B626D862402122C00972EED /* BrowserView.swift */,
				8B4F4B9C23F5F444008446F4 /* ComicView.swift */,
				8B626D6D23FFB5BE00972EED /* ListView.swift */,
				8BA50E4824097CF000138D11 /* MainView.swift */,
				8B4F4B9A23F5F444008446F4 /* SceneDelegate.swift */,
				8BA50E4C24097D0200138D11 /* WhatIfView.swift */,
			);
			path = View;
			sourceTree = "<group>";
		};
		8B4F4BE323F603B1008446F4 /* Utilities */ = {
			isa = PBXGroup;
			children = (
				8B626D6F2401B0A900972EED /* Constants.swift */,
				8B4F4BDF23F5F9D5008446F4 /* XkcdAPI.swift */,
				8B23367D23F646A700C88BA1 /* CoreData.swift */,
				8BFEFFFC24046D400090188A /* UIApplication+ResignKeyboardOnDragGesture.swift */,
			);
			path = Utilities;
			sourceTree = "<group>";
		};
		8B626D722401BB1D00972EED /* fonts */ = {
			isa = PBXGroup;
			children = (
				8B626D732401BB6800972EED /* xkcd-script.ttf */,
			);
			path = fonts;
			sourceTree = "<group>";
		};
		8B626D922403172100972EED /* ViewModel */ = {
			isa = PBXGroup;
			children = (
				8B23368123F6683C00C88BA1 /* ComicFetcher.swift */,
			);
			path = ViewModel;
			sourceTree = "<group>";
		};
		921AF9F2F90CBC7F2736030E /* Frameworks */ = {
			isa = PBXGroup;
			children = (
				A442C4117396A55D840D6677 /* Pods_dckx.framework */,
				209EA98A58DB01C4F3387409 /* Pods_dckxTests.framework */,
				56149F6DEDDF1BA8A1D64427 /* Pods_dckxUITests.framework */,
			);
			name = Frameworks;
			sourceTree = "<group>";
		};
/* End PBXGroup section */

/* Begin PBXNativeTarget section */
		8B4F4B9423F5F444008446F4 /* dckx */ = {
			isa = PBXNativeTarget;
			buildConfigurationList = 8B4F4BBF23F5F445008446F4 /* Build configuration list for PBXNativeTarget "dckx" */;
			buildPhases = (
				8538A610464C6624FD422D0E /* [CP] Check Pods Manifest.lock */,
				8B4F4B9123F5F444008446F4 /* Sources */,
				8B4F4B9223F5F444008446F4 /* Frameworks */,
				8B4F4B9323F5F444008446F4 /* Resources */,
				98328132599876CAABC4C7B6 /* [CP] Embed Pods Frameworks */,
			);
			buildRules = (
			);
			dependencies = (
			);
			name = dckx;
			productName = dckx;
			productReference = 8B4F4B9523F5F444008446F4 /* dckx : xkcd.app */;
			productType = "com.apple.product-type.application";
		};
		8B4F4BAA23F5F445008446F4 /* dckxTests */ = {
			isa = PBXNativeTarget;
			buildConfigurationList = 8B4F4BC223F5F445008446F4 /* Build configuration list for PBXNativeTarget "dckxTests" */;
			buildPhases = (
				B57508C212F56389BCD35004 /* [CP] Check Pods Manifest.lock */,
				8B4F4BA723F5F445008446F4 /* Sources */,
				8B4F4BA823F5F445008446F4 /* Frameworks */,
				8B4F4BA923F5F445008446F4 /* Resources */,
				F0160660FAA89455F3ED4B96 /* [CP] Embed Pods Frameworks */,
			);
			buildRules = (
			);
			dependencies = (
				8B4F4BAD23F5F445008446F4 /* PBXTargetDependency */,
			);
			name = dckxTests;
			productName = dckxTests;
			productReference = 8B4F4BAB23F5F445008446F4 /* dckxTests.xctest */;
			productType = "com.apple.product-type.bundle.unit-test";
		};
		8B4F4BB523F5F445008446F4 /* dckxUITests */ = {
			isa = PBXNativeTarget;
			buildConfigurationList = 8B4F4BC523F5F445008446F4 /* Build configuration list for PBXNativeTarget "dckxUITests" */;
			buildPhases = (
				3549C7C8B8D1A65C7875BE5D /* [CP] Check Pods Manifest.lock */,
				8B4F4BB223F5F445008446F4 /* Sources */,
				8B4F4BB323F5F445008446F4 /* Frameworks */,
				8B4F4BB423F5F445008446F4 /* Resources */,
				E39D23C46B7B51258AF267F0 /* [CP] Embed Pods Frameworks */,
			);
			buildRules = (
			);
			dependencies = (
				8B4F4BB823F5F445008446F4 /* PBXTargetDependency */,
			);
			name = dckxUITests;
			productName = dckxUITests;
			productReference = 8B4F4BB623F5F445008446F4 /* dckxUITests.xctest */;
			productType = "com.apple.product-type.bundle.ui-testing";
		};
/* End PBXNativeTarget section */

/* Begin PBXProject section */
		8B4F4B8D23F5F444008446F4 /* Project object */ = {
			isa = PBXProject;
			attributes = {
				LastSwiftUpdateCheck = 1130;
				LastUpgradeCheck = 1130;
				ORGANIZATIONNAME = "Vito Royeca";
				TargetAttributes = {
					8B4F4B9423F5F444008446F4 = {
						CreatedOnToolsVersion = 11.3.1;
					};
					8B4F4BAA23F5F445008446F4 = {
						CreatedOnToolsVersion = 11.3.1;
						TestTargetID = 8B4F4B9423F5F444008446F4;
					};
					8B4F4BB523F5F445008446F4 = {
						CreatedOnToolsVersion = 11.3.1;
						TestTargetID = 8B4F4B9423F5F444008446F4;
					};
				};
			};
			buildConfigurationList = 8B4F4B9023F5F444008446F4 /* Build configuration list for PBXProject "dckx" */;
			compatibilityVersion = "Xcode 9.3";
			developmentRegion = en;
			hasScannedForEncodings = 0;
			knownRegions = (
				en,
				Base,
			);
			mainGroup = 8B4F4B8C23F5F444008446F4;
			productRefGroup = 8B4F4B9623F5F444008446F4 /* Products */;
			projectDirPath = "";
			projectRoot = "";
			targets = (
				8B4F4B9423F5F444008446F4 /* dckx */,
				8B4F4BAA23F5F445008446F4 /* dckxTests */,
				8B4F4BB523F5F445008446F4 /* dckxUITests */,
			);
		};
/* End PBXProject section */

/* Begin PBXResourcesBuildPhase section */
		8B4F4B9323F5F444008446F4 /* Resources */ = {
			isa = PBXResourcesBuildPhase;
			buildActionMask = 2147483647;
			files = (
				8B4F4BA523F5F445008446F4 /* LaunchScreen.storyboard in Resources */,
				8B4F4BA223F5F445008446F4 /* Preview Assets.xcassets in Resources */,
				8B626D8F240308C600972EED /* dckx.sqlite in Resources */,
				8B4F4B9F23F5F445008446F4 /* Assets.xcassets in Resources */,
				8B626D742401BB6800972EED /* xkcd-script.ttf in Resources */,
			);
			runOnlyForDeploymentPostprocessing = 0;
		};
		8B4F4BA923F5F445008446F4 /* Resources */ = {
			isa = PBXResourcesBuildPhase;
			buildActionMask = 2147483647;
			files = (
				8B626DD82403C6C700972EED /* xkcd-script.ttf in Resources */,
			);
			runOnlyForDeploymentPostprocessing = 0;
		};
		8B4F4BB423F5F445008446F4 /* Resources */ = {
			isa = PBXResourcesBuildPhase;
			buildActionMask = 2147483647;
			files = (
				8B626D762401C74600972EED /* Assets.xcassets in Resources */,
				8B626D752401BB6800972EED /* xkcd-script.ttf in Resources */,
			);
			runOnlyForDeploymentPostprocessing = 0;
		};
/* End PBXResourcesBuildPhase section */

/* Begin PBXShellScriptBuildPhase section */
		3549C7C8B8D1A65C7875BE5D /* [CP] Check Pods Manifest.lock */ = {
			isa = PBXShellScriptBuildPhase;
			buildActionMask = 2147483647;
			files = (
			);
			inputFileListPaths = (
			);
			inputPaths = (
				"${PODS_PODFILE_DIR_PATH}/Podfile.lock",
				"${PODS_ROOT}/Manifest.lock",
			);
			name = "[CP] Check Pods Manifest.lock";
			outputFileListPaths = (
			);
			outputPaths = (
				"$(DERIVED_FILE_DIR)/Pods-dckxUITests-checkManifestLockResult.txt",
			);
			runOnlyForDeploymentPostprocessing = 0;
			shellPath = /bin/sh;
			shellScript = "diff \"${PODS_PODFILE_DIR_PATH}/Podfile.lock\" \"${PODS_ROOT}/Manifest.lock\" > /dev/null\nif [ $? != 0 ] ; then\n    # print error to STDERR\n    echo \"error: The sandbox is not in sync with the Podfile.lock. Run 'pod install' or update your CocoaPods installation.\" >&2\n    exit 1\nfi\n# This output is used by Xcode 'outputs' to avoid re-running this script phase.\necho \"SUCCESS\" > \"${SCRIPT_OUTPUT_FILE_0}\"\n";
			showEnvVarsInLog = 0;
		};
		8538A610464C6624FD422D0E /* [CP] Check Pods Manifest.lock */ = {
			isa = PBXShellScriptBuildPhase;
			buildActionMask = 2147483647;
			files = (
			);
			inputFileListPaths = (
			);
			inputPaths = (
				"${PODS_PODFILE_DIR_PATH}/Podfile.lock",
				"${PODS_ROOT}/Manifest.lock",
			);
			name = "[CP] Check Pods Manifest.lock";
			outputFileListPaths = (
			);
			outputPaths = (
				"$(DERIVED_FILE_DIR)/Pods-dckx-checkManifestLockResult.txt",
			);
			runOnlyForDeploymentPostprocessing = 0;
			shellPath = /bin/sh;
			shellScript = "diff \"${PODS_PODFILE_DIR_PATH}/Podfile.lock\" \"${PODS_ROOT}/Manifest.lock\" > /dev/null\nif [ $? != 0 ] ; then\n    # print error to STDERR\n    echo \"error: The sandbox is not in sync with the Podfile.lock. Run 'pod install' or update your CocoaPods installation.\" >&2\n    exit 1\nfi\n# This output is used by Xcode 'outputs' to avoid re-running this script phase.\necho \"SUCCESS\" > \"${SCRIPT_OUTPUT_FILE_0}\"\n";
			showEnvVarsInLog = 0;
		};
		98328132599876CAABC4C7B6 /* [CP] Embed Pods Frameworks */ = {
			isa = PBXShellScriptBuildPhase;
			buildActionMask = 2147483647;
			files = (
			);
			inputFileListPaths = (
				"${PODS_ROOT}/Target Support Files/Pods-dckx/Pods-dckx-frameworks-${CONFIGURATION}-input-files.xcfilelist",
			);
			name = "[CP] Embed Pods Frameworks";
			outputFileListPaths = (
				"${PODS_ROOT}/Target Support Files/Pods-dckx/Pods-dckx-frameworks-${CONFIGURATION}-output-files.xcfilelist",
			);
			runOnlyForDeploymentPostprocessing = 0;
			shellPath = /bin/sh;
			shellScript = "\"${PODS_ROOT}/Target Support Files/Pods-dckx/Pods-dckx-frameworks.sh\"\n";
			showEnvVarsInLog = 0;
		};
		B57508C212F56389BCD35004 /* [CP] Check Pods Manifest.lock */ = {
			isa = PBXShellScriptBuildPhase;
			buildActionMask = 2147483647;
			files = (
			);
			inputFileListPaths = (
			);
			inputPaths = (
				"${PODS_PODFILE_DIR_PATH}/Podfile.lock",
				"${PODS_ROOT}/Manifest.lock",
			);
			name = "[CP] Check Pods Manifest.lock";
			outputFileListPaths = (
			);
			outputPaths = (
				"$(DERIVED_FILE_DIR)/Pods-dckxTests-checkManifestLockResult.txt",
			);
			runOnlyForDeploymentPostprocessing = 0;
			shellPath = /bin/sh;
			shellScript = "diff \"${PODS_PODFILE_DIR_PATH}/Podfile.lock\" \"${PODS_ROOT}/Manifest.lock\" > /dev/null\nif [ $? != 0 ] ; then\n    # print error to STDERR\n    echo \"error: The sandbox is not in sync with the Podfile.lock. Run 'pod install' or update your CocoaPods installation.\" >&2\n    exit 1\nfi\n# This output is used by Xcode 'outputs' to avoid re-running this script phase.\necho \"SUCCESS\" > \"${SCRIPT_OUTPUT_FILE_0}\"\n";
			showEnvVarsInLog = 0;
		};
		E39D23C46B7B51258AF267F0 /* [CP] Embed Pods Frameworks */ = {
			isa = PBXShellScriptBuildPhase;
			buildActionMask = 2147483647;
			files = (
			);
			inputFileListPaths = (
				"${PODS_ROOT}/Target Support Files/Pods-dckxUITests/Pods-dckxUITests-frameworks-${CONFIGURATION}-input-files.xcfilelist",
			);
			name = "[CP] Embed Pods Frameworks";
			outputFileListPaths = (
				"${PODS_ROOT}/Target Support Files/Pods-dckxUITests/Pods-dckxUITests-frameworks-${CONFIGURATION}-output-files.xcfilelist",
			);
			runOnlyForDeploymentPostprocessing = 0;
			shellPath = /bin/sh;
			shellScript = "\"${PODS_ROOT}/Target Support Files/Pods-dckxUITests/Pods-dckxUITests-frameworks.sh\"\n";
			showEnvVarsInLog = 0;
		};
		F0160660FAA89455F3ED4B96 /* [CP] Embed Pods Frameworks */ = {
			isa = PBXShellScriptBuildPhase;
			buildActionMask = 2147483647;
			files = (
			);
			inputFileListPaths = (
				"${PODS_ROOT}/Target Support Files/Pods-dckxTests/Pods-dckxTests-frameworks-${CONFIGURATION}-input-files.xcfilelist",
			);
			name = "[CP] Embed Pods Frameworks";
			outputFileListPaths = (
				"${PODS_ROOT}/Target Support Files/Pods-dckxTests/Pods-dckxTests-frameworks-${CONFIGURATION}-output-files.xcfilelist",
			);
			runOnlyForDeploymentPostprocessing = 0;
			shellPath = /bin/sh;
			shellScript = "\"${PODS_ROOT}/Target Support Files/Pods-dckxTests/Pods-dckxTests-frameworks.sh\"\n";
			showEnvVarsInLog = 0;
		};
/* End PBXShellScriptBuildPhase section */

/* Begin PBXSourcesBuildPhase section */
		8B4F4B9123F5F444008446F4 /* Sources */ = {
			isa = PBXSourcesBuildPhase;
			buildActionMask = 2147483647;
			files = (
				8B4F4B9923F5F444008446F4 /* AppDelegate.swift in Sources */,
				8BA50E4924097CF000138D11 /* MainView.swift in Sources */,
				8B626D702401B0A900972EED /* Constants.swift in Sources */,
				8B4F4B9B23F5F444008446F4 /* SceneDelegate.swift in Sources */,
				8B626D802401F8E600972EED /* Comic+CoreDataClass.swift in Sources */,
				8B626D832401F8E600972EED /* Comic+CoreDataProperties.swift in Sources */,
				8B4F4B9D23F5F444008446F4 /* ComicView.swift in Sources */,
				8B23367E23F646A700C88BA1 /* CoreData.swift in Sources */,
				8B23368223F6683C00C88BA1 /* ComicFetcher.swift in Sources */,
				8B626D6E23FFB5BE00972EED /* ListView.swift in Sources */,
				8B4F4BE023F5F9D5008446F4 /* XkcdAPI.swift in Sources */,
				8BA50E4D24097D0200138D11 /* WhatIfView.swift in Sources */,
				8B4F4BCB23F5F551008446F4 /* dckx.xcdatamodeld in Sources */,
				8BFEFFFD24046D400090188A /* UIApplication+ResignKeyboardOnDragGesture.swift in Sources */,
				8B626D872402122C00972EED /* BrowserView.swift in Sources */,
			);
			runOnlyForDeploymentPostprocessing = 0;
		};
		8B4F4BA723F5F445008446F4 /* Sources */ = {
			isa = PBXSourcesBuildPhase;
			buildActionMask = 2147483647;
			files = (
				8B23368323F6683C00C88BA1 /* ComicFetcher.swift in Sources */,
				8BA50E4A24097CF000138D11 /* MainView.swift in Sources */,
				8B4F4BB023F5F445008446F4 /* dckxTests.swift in Sources */,
				8B4F4BCC23F5F551008446F4 /* dckx.xcdatamodeld in Sources */,
				8B626D882402122C00972EED /* BrowserView.swift in Sources */,
				8B626D812401F8E600972EED /* Comic+CoreDataClass.swift in Sources */,
				8B626D8C2402291B00972EED /* ComicView.swift in Sources */,
				8B626D842401F8E600972EED /* Comic+CoreDataProperties.swift in Sources */,
				8B626D792401EB1200972EED /* XkcdAPITests.swift in Sources */,
				8B626DD72403BBCB00972EED /* ListView.swift in Sources */,
				8B23367F23F646AC00C88BA1 /* CoreData.swift in Sources */,
				8BA50E4E24097D0200138D11 /* WhatIfView.swift in Sources */,
				8B4F4BE123F5F9D5008446F4 /* XkcdAPI.swift in Sources */,
				8BFEFFFE24046D400090188A /* UIApplication+ResignKeyboardOnDragGesture.swift in Sources */,
				8B626D712401B0A900972EED /* Constants.swift in Sources */,
			);
			runOnlyForDeploymentPostprocessing = 0;
		};
		8B4F4BB223F5F445008446F4 /* Sources */ = {
			isa = PBXSourcesBuildPhase;
			buildActionMask = 2147483647;
			files = (
				8B626D8B2402291A00972EED /* ComicView.swift in Sources */,
				8B626D852401F8E600972EED /* Comic+CoreDataProperties.swift in Sources */,
				8B23368423F6683C00C88BA1 /* ComicFetcher.swift in Sources */,
				8B4F4BBB23F5F445008446F4 /* dckxUITests.swift in Sources */,
				8B626D892402122C00972EED /* BrowserView.swift in Sources */,
				8B4F4BCD23F5F551008446F4 /* dckx.xcdatamodeld in Sources */,
				8B626D822401F8E600972EED /* Comic+CoreDataClass.swift in Sources */,
				8B626D8D2402294000972EED /* SceneDelegate.swift in Sources */,
				8B626D972403982D00972EED /* ListView.swift in Sources */,
				8BA50E4F24097D0200138D11 /* WhatIfView.swift in Sources */,
				8B4A1285240828FD00D4F8B2 /* SnapshotHelper.swift in Sources */,
				8B23368023F646AC00C88BA1 /* CoreData.swift in Sources */,
				8B4F4BE223F5F9D5008446F4 /* XkcdAPI.swift in Sources */,
				8BFEFFFF24046D400090188A /* UIApplication+ResignKeyboardOnDragGesture.swift in Sources */,
				8BA50E4B24097CF000138D11 /* MainView.swift in Sources */,
				8B626D8A2402274A00972EED /* Constants.swift in Sources */,
			);
			runOnlyForDeploymentPostprocessing = 0;
		};
/* End PBXSourcesBuildPhase section */

/* Begin PBXTargetDependency section */
		8B4F4BAD23F5F445008446F4 /* PBXTargetDependency */ = {
			isa = PBXTargetDependency;
			target = 8B4F4B9423F5F444008446F4 /* dckx */;
			targetProxy = 8B4F4BAC23F5F445008446F4 /* PBXContainerItemProxy */;
		};
		8B4F4BB823F5F445008446F4 /* PBXTargetDependency */ = {
			isa = PBXTargetDependency;
			target = 8B4F4B9423F5F444008446F4 /* dckx */;
			targetProxy = 8B4F4BB723F5F445008446F4 /* PBXContainerItemProxy */;
		};
/* End PBXTargetDependency section */

/* Begin PBXVariantGroup section */
		8B4F4BA323F5F445008446F4 /* LaunchScreen.storyboard */ = {
			isa = PBXVariantGroup;
			children = (
				8B4F4BA423F5F445008446F4 /* Base */,
			);
			name = LaunchScreen.storyboard;
			sourceTree = "<group>";
		};
/* End PBXVariantGroup section */

/* Begin XCBuildConfiguration section */
		8B4F4BBD23F5F445008446F4 /* Debug */ = {
			isa = XCBuildConfiguration;
			buildSettings = {
				ALWAYS_SEARCH_USER_PATHS = NO;
				CLANG_ANALYZER_NONNULL = YES;
				CLANG_ANALYZER_NUMBER_OBJECT_CONVERSION = YES_AGGRESSIVE;
				CLANG_CXX_LANGUAGE_STANDARD = "gnu++14";
				CLANG_CXX_LIBRARY = "libc++";
				CLANG_ENABLE_MODULES = YES;
				CLANG_ENABLE_OBJC_ARC = YES;
				CLANG_ENABLE_OBJC_WEAK = YES;
				CLANG_WARN_BLOCK_CAPTURE_AUTORELEASING = YES;
				CLANG_WARN_BOOL_CONVERSION = YES;
				CLANG_WARN_COMMA = YES;
				CLANG_WARN_CONSTANT_CONVERSION = YES;
				CLANG_WARN_DEPRECATED_OBJC_IMPLEMENTATIONS = YES;
				CLANG_WARN_DIRECT_OBJC_ISA_USAGE = YES_ERROR;
				CLANG_WARN_DOCUMENTATION_COMMENTS = YES;
				CLANG_WARN_EMPTY_BODY = YES;
				CLANG_WARN_ENUM_CONVERSION = YES;
				CLANG_WARN_INFINITE_RECURSION = YES;
				CLANG_WARN_INT_CONVERSION = YES;
				CLANG_WARN_NON_LITERAL_NULL_CONVERSION = YES;
				CLANG_WARN_OBJC_IMPLICIT_RETAIN_SELF = YES;
				CLANG_WARN_OBJC_LITERAL_CONVERSION = YES;
				CLANG_WARN_OBJC_ROOT_CLASS = YES_ERROR;
				CLANG_WARN_RANGE_LOOP_ANALYSIS = YES;
				CLANG_WARN_STRICT_PROTOTYPES = YES;
				CLANG_WARN_SUSPICIOUS_MOVE = YES;
				CLANG_WARN_UNGUARDED_AVAILABILITY = YES_AGGRESSIVE;
				CLANG_WARN_UNREACHABLE_CODE = YES;
				CLANG_WARN__DUPLICATE_METHOD_MATCH = YES;
				COPY_PHASE_STRIP = NO;
				DEBUG_INFORMATION_FORMAT = dwarf;
				ENABLE_STRICT_OBJC_MSGSEND = YES;
				ENABLE_TESTABILITY = YES;
				GCC_C_LANGUAGE_STANDARD = gnu11;
				GCC_DYNAMIC_NO_PIC = NO;
				GCC_NO_COMMON_BLOCKS = YES;
				GCC_OPTIMIZATION_LEVEL = 0;
				GCC_PREPROCESSOR_DEFINITIONS = (
					"DEBUG=1",
					"$(inherited)",
				);
				GCC_WARN_64_TO_32_BIT_CONVERSION = YES;
				GCC_WARN_ABOUT_RETURN_TYPE = YES_ERROR;
				GCC_WARN_UNDECLARED_SELECTOR = YES;
				GCC_WARN_UNINITIALIZED_AUTOS = YES_AGGRESSIVE;
				GCC_WARN_UNUSED_FUNCTION = YES;
				GCC_WARN_UNUSED_VARIABLE = YES;
				IPHONEOS_DEPLOYMENT_TARGET = 13.0;
				MTL_ENABLE_DEBUG_INFO = INCLUDE_SOURCE;
				MTL_FAST_MATH = YES;
				ONLY_ACTIVE_ARCH = YES;
				SDKROOT = iphoneos;
				SWIFT_ACTIVE_COMPILATION_CONDITIONS = DEBUG;
				SWIFT_OPTIMIZATION_LEVEL = "-Onone";
			};
			name = Debug;
		};
		8B4F4BBE23F5F445008446F4 /* Release */ = {
			isa = XCBuildConfiguration;
			buildSettings = {
				ALWAYS_SEARCH_USER_PATHS = NO;
				CLANG_ANALYZER_NONNULL = YES;
				CLANG_ANALYZER_NUMBER_OBJECT_CONVERSION = YES_AGGRESSIVE;
				CLANG_CXX_LANGUAGE_STANDARD = "gnu++14";
				CLANG_CXX_LIBRARY = "libc++";
				CLANG_ENABLE_MODULES = YES;
				CLANG_ENABLE_OBJC_ARC = YES;
				CLANG_ENABLE_OBJC_WEAK = YES;
				CLANG_WARN_BLOCK_CAPTURE_AUTORELEASING = YES;
				CLANG_WARN_BOOL_CONVERSION = YES;
				CLANG_WARN_COMMA = YES;
				CLANG_WARN_CONSTANT_CONVERSION = YES;
				CLANG_WARN_DEPRECATED_OBJC_IMPLEMENTATIONS = YES;
				CLANG_WARN_DIRECT_OBJC_ISA_USAGE = YES_ERROR;
				CLANG_WARN_DOCUMENTATION_COMMENTS = YES;
				CLANG_WARN_EMPTY_BODY = YES;
				CLANG_WARN_ENUM_CONVERSION = YES;
				CLANG_WARN_INFINITE_RECURSION = YES;
				CLANG_WARN_INT_CONVERSION = YES;
				CLANG_WARN_NON_LITERAL_NULL_CONVERSION = YES;
				CLANG_WARN_OBJC_IMPLICIT_RETAIN_SELF = YES;
				CLANG_WARN_OBJC_LITERAL_CONVERSION = YES;
				CLANG_WARN_OBJC_ROOT_CLASS = YES_ERROR;
				CLANG_WARN_RANGE_LOOP_ANALYSIS = YES;
				CLANG_WARN_STRICT_PROTOTYPES = YES;
				CLANG_WARN_SUSPICIOUS_MOVE = YES;
				CLANG_WARN_UNGUARDED_AVAILABILITY = YES_AGGRESSIVE;
				CLANG_WARN_UNREACHABLE_CODE = YES;
				CLANG_WARN__DUPLICATE_METHOD_MATCH = YES;
				COPY_PHASE_STRIP = NO;
				DEBUG_INFORMATION_FORMAT = "dwarf-with-dsym";
				ENABLE_NS_ASSERTIONS = NO;
				ENABLE_STRICT_OBJC_MSGSEND = YES;
				GCC_C_LANGUAGE_STANDARD = gnu11;
				GCC_NO_COMMON_BLOCKS = YES;
				GCC_WARN_64_TO_32_BIT_CONVERSION = YES;
				GCC_WARN_ABOUT_RETURN_TYPE = YES_ERROR;
				GCC_WARN_UNDECLARED_SELECTOR = YES;
				GCC_WARN_UNINITIALIZED_AUTOS = YES_AGGRESSIVE;
				GCC_WARN_UNUSED_FUNCTION = YES;
				GCC_WARN_UNUSED_VARIABLE = YES;
				IPHONEOS_DEPLOYMENT_TARGET = 13.0;
				MTL_ENABLE_DEBUG_INFO = NO;
				MTL_FAST_MATH = YES;
				SDKROOT = iphoneos;
				SWIFT_COMPILATION_MODE = wholemodule;
				SWIFT_OPTIMIZATION_LEVEL = "-O";
				VALIDATE_PRODUCT = YES;
			};
			name = Release;
		};
		8B4F4BC023F5F445008446F4 /* Debug */ = {
			isa = XCBuildConfiguration;
			baseConfigurationReference = F983B5B8CA970E28283ACCFB /* Pods-dckx.debug.xcconfig */;
			buildSettings = {
				ASSETCATALOG_COMPILER_APPICON_NAME = AppIcon;
				CODE_SIGN_STYLE = Automatic;
				DEVELOPMENT_ASSET_PATHS = "\"dckx/Preview Content\"";
				DEVELOPMENT_TEAM = 43CD66539H;
				ENABLE_PREVIEWS = YES;
				INFOPLIST_FILE = dckx/Info.plist;
				LD_RUNPATH_SEARCH_PATHS = (
					"$(inherited)",
					"@executable_path/Frameworks",
				);
				PRODUCT_BUNDLE_IDENTIFIER = com.vitoroyeca.dckx;
				PRODUCT_NAME = "dckx : xkcd";
				SWIFT_VERSION = 5.0;
				TARGETED_DEVICE_FAMILY = 1;
			};
			name = Debug;
		};
		8B4F4BC123F5F445008446F4 /* Release */ = {
			isa = XCBuildConfiguration;
			baseConfigurationReference = C8F501949EA6610C1813EA04 /* Pods-dckx.release.xcconfig */;
			buildSettings = {
				ASSETCATALOG_COMPILER_APPICON_NAME = AppIcon;
				CODE_SIGN_STYLE = Automatic;
				DEVELOPMENT_ASSET_PATHS = "\"dckx/Preview Content\"";
				DEVELOPMENT_TEAM = 43CD66539H;
				ENABLE_PREVIEWS = YES;
				INFOPLIST_FILE = dckx/Info.plist;
				LD_RUNPATH_SEARCH_PATHS = (
					"$(inherited)",
					"@executable_path/Frameworks",
				);
				PRODUCT_BUNDLE_IDENTIFIER = com.vitoroyeca.dckx;
				PRODUCT_NAME = "dckx : xkcd";
				SWIFT_VERSION = 5.0;
				TARGETED_DEVICE_FAMILY = 1;
			};
			name = Release;
		};
		8B4F4BC323F5F445008446F4 /* Debug */ = {
			isa = XCBuildConfiguration;
			baseConfigurationReference = A1695073ECC186DD58075EB6 /* Pods-dckxTests.debug.xcconfig */;
			buildSettings = {
				ALWAYS_EMBED_SWIFT_STANDARD_LIBRARIES = YES;
				BUNDLE_LOADER = "$(TEST_HOST)";
				CODE_SIGN_STYLE = Automatic;
				INFOPLIST_FILE = dckxTests/Info.plist;
				IPHONEOS_DEPLOYMENT_TARGET = 13.2;
				LD_RUNPATH_SEARCH_PATHS = (
					"$(inherited)",
					"@executable_path/Frameworks",
					"@loader_path/Frameworks",
				);
				PRODUCT_BUNDLE_IDENTIFIER = com.vitoroyeca.dckxTests;
				PRODUCT_NAME = "$(TARGET_NAME)";
				SWIFT_VERSION = 5.0;
				TARGETED_DEVICE_FAMILY = "1,2";
				TEST_HOST = "$(BUILT_PRODUCTS_DIR)/dckx.app/dckx";
			};
			name = Debug;
		};
		8B4F4BC423F5F445008446F4 /* Release */ = {
			isa = XCBuildConfiguration;
			baseConfigurationReference = DF87167CCFA3E973C2A999C2 /* Pods-dckxTests.release.xcconfig */;
			buildSettings = {
				ALWAYS_EMBED_SWIFT_STANDARD_LIBRARIES = YES;
				BUNDLE_LOADER = "$(TEST_HOST)";
				CODE_SIGN_STYLE = Automatic;
				INFOPLIST_FILE = dckxTests/Info.plist;
				IPHONEOS_DEPLOYMENT_TARGET = 13.2;
				LD_RUNPATH_SEARCH_PATHS = (
					"$(inherited)",
					"@executable_path/Frameworks",
					"@loader_path/Frameworks",
				);
				PRODUCT_BUNDLE_IDENTIFIER = com.vitoroyeca.dckxTests;
				PRODUCT_NAME = "$(TARGET_NAME)";
				SWIFT_VERSION = 5.0;
				TARGETED_DEVICE_FAMILY = "1,2";
				TEST_HOST = "$(BUILT_PRODUCTS_DIR)/dckx.app/dckx";
			};
			name = Release;
		};
		8B4F4BC623F5F445008446F4 /* Debug */ = {
			isa = XCBuildConfiguration;
			baseConfigurationReference = 12F086BDD1D57EDF67BF3AB6 /* Pods-dckxUITests.debug.xcconfig */;
			buildSettings = {
				ALWAYS_EMBED_SWIFT_STANDARD_LIBRARIES = YES;
				CODE_SIGN_STYLE = Automatic;
				INFOPLIST_FILE = dckxUITests/Info.plist;
				LD_RUNPATH_SEARCH_PATHS = (
					"$(inherited)",
					"@executable_path/Frameworks",
					"@loader_path/Frameworks",
				);
				PRODUCT_BUNDLE_IDENTIFIER = com.vitoroyeca.dckxUITests;
				PRODUCT_NAME = "$(TARGET_NAME)";
				SWIFT_VERSION = 5.0;
				TARGETED_DEVICE_FAMILY = "1,2";
				TEST_TARGET_NAME = dckx;
			};
			name = Debug;
		};
		8B4F4BC723F5F445008446F4 /* Release */ = {
			isa = XCBuildConfiguration;
			baseConfigurationReference = 3C292E1723D1FD184D138819 /* Pods-dckxUITests.release.xcconfig */;
			buildSettings = {
				ALWAYS_EMBED_SWIFT_STANDARD_LIBRARIES = YES;
				CODE_SIGN_STYLE = Automatic;
				INFOPLIST_FILE = dckxUITests/Info.plist;
				LD_RUNPATH_SEARCH_PATHS = (
					"$(inherited)",
					"@executable_path/Frameworks",
					"@loader_path/Frameworks",
				);
				PRODUCT_BUNDLE_IDENTIFIER = com.vitoroyeca.dckxUITests;
				PRODUCT_NAME = "$(TARGET_NAME)";
				SWIFT_VERSION = 5.0;
				TARGETED_DEVICE_FAMILY = "1,2";
				TEST_TARGET_NAME = dckx;
			};
			name = Release;
		};
/* End XCBuildConfiguration section */

/* Begin XCConfigurationList section */
		8B4F4B9023F5F444008446F4 /* Build configuration list for PBXProject "dckx" */ = {
			isa = XCConfigurationList;
			buildConfigurations = (
				8B4F4BBD23F5F445008446F4 /* Debug */,
				8B4F4BBE23F5F445008446F4 /* Release */,
			);
			defaultConfigurationIsVisible = 0;
			defaultConfigurationName = Release;
		};
		8B4F4BBF23F5F445008446F4 /* Build configuration list for PBXNativeTarget "dckx" */ = {
			isa = XCConfigurationList;
			buildConfigurations = (
				8B4F4BC023F5F445008446F4 /* Debug */,
				8B4F4BC123F5F445008446F4 /* Release */,
			);
			defaultConfigurationIsVisible = 0;
			defaultConfigurationName = Release;
		};
		8B4F4BC223F5F445008446F4 /* Build configuration list for PBXNativeTarget "dckxTests" */ = {
			isa = XCConfigurationList;
			buildConfigurations = (
				8B4F4BC323F5F445008446F4 /* Debug */,
				8B4F4BC423F5F445008446F4 /* Release */,
			);
			defaultConfigurationIsVisible = 0;
			defaultConfigurationName = Release;
		};
		8B4F4BC523F5F445008446F4 /* Build configuration list for PBXNativeTarget "dckxUITests" */ = {
			isa = XCConfigurationList;
			buildConfigurations = (
				8B4F4BC623F5F445008446F4 /* Debug */,
				8B4F4BC723F5F445008446F4 /* Release */,
			);
			defaultConfigurationIsVisible = 0;
			defaultConfigurationName = Release;
		};
/* End XCConfigurationList section */

/* Begin XCVersionGroup section */
		8B4F4BC923F5F551008446F4 /* dckx.xcdatamodeld */ = {
			isa = XCVersionGroup;
			children = (
				8B626D772401DB9000972EED /* 2020-02-22.xcdatamodel */,
				8B4F4BCA23F5F551008446F4 /* dckx.xcdatamodel */,
			);
			currentVersion = 8B626D772401DB9000972EED /* 2020-02-22.xcdatamodel */;
			path = dckx.xcdatamodeld;
			sourceTree = "<group>";
			versionGroupType = wrapper.xcdatamodel;
		};
/* End XCVersionGroup section */
	};
	rootObject = 8B4F4B8D23F5F444008446F4 /* Project object */;
}
