// !$*UTF8*$!
{
	archiveVersion = 1;
	classes = {
	};
	objectVersion = 52;
	objects = {

/* Begin PBXBuildFile section */
		8B4F4B9923F5F444008446F4 /* AppDelegate.swift in Sources */ = {isa = PBXBuildFile; fileRef = 8B4F4B9823F5F444008446F4 /* AppDelegate.swift */; };
		8B4F4B9B23F5F444008446F4 /* SceneDelegate.swift in Sources */ = {isa = PBXBuildFile; fileRef = 8B4F4B9A23F5F444008446F4 /* SceneDelegate.swift */; };
		8B4F4B9D23F5F444008446F4 /* ComicView.swift in Sources */ = {isa = PBXBuildFile; fileRef = 8B4F4B9C23F5F444008446F4 /* ComicView.swift */; };
		8B4F4B9F23F5F445008446F4 /* Assets.xcassets in Resources */ = {isa = PBXBuildFile; fileRef = 8B4F4B9E23F5F445008446F4 /* Assets.xcassets */; };
		8B4F4BA223F5F445008446F4 /* Preview Assets.xcassets in Resources */ = {isa = PBXBuildFile; fileRef = 8B4F4BA123F5F445008446F4 /* Preview Assets.xcassets */; };
		8B4F4BA523F5F445008446F4 /* LaunchScreen.storyboard in Resources */ = {isa = PBXBuildFile; fileRef = 8B4F4BA323F5F445008446F4 /* LaunchScreen.storyboard */; };
		8B4F4BB023F5F445008446F4 /* dckxTests.swift in Sources */ = {isa = PBXBuildFile; fileRef = 8B4F4BAF23F5F445008446F4 /* dckxTests.swift */; };
		8B4F4BBB23F5F445008446F4 /* dckxUITests.swift in Sources */ = {isa = PBXBuildFile; fileRef = 8B4F4BBA23F5F445008446F4 /* dckxUITests.swift */; };
		8B4F4BCB23F5F551008446F4 /* dckx.xcdatamodeld in Sources */ = {isa = PBXBuildFile; fileRef = 8B4F4BC923F5F551008446F4 /* dckx.xcdatamodeld */; };
		8B4F4BCC23F5F551008446F4 /* dckx.xcdatamodeld in Sources */ = {isa = PBXBuildFile; fileRef = 8B4F4BC923F5F551008446F4 /* dckx.xcdatamodeld */; };
		8B4F4BCD23F5F551008446F4 /* dckx.xcdatamodeld in Sources */ = {isa = PBXBuildFile; fileRef = 8B4F4BC923F5F551008446F4 /* dckx.xcdatamodeld */; };
		8B4F4BD123F5F67B008446F4 /* Comic+CoreDataClass.swift in Sources */ = {isa = PBXBuildFile; fileRef = 8B4F4BCF23F5F67B008446F4 /* Comic+CoreDataClass.swift */; };
		8B4F4BD223F5F67B008446F4 /* Comic+CoreDataClass.swift in Sources */ = {isa = PBXBuildFile; fileRef = 8B4F4BCF23F5F67B008446F4 /* Comic+CoreDataClass.swift */; };
		8B4F4BD323F5F67B008446F4 /* Comic+CoreDataClass.swift in Sources */ = {isa = PBXBuildFile; fileRef = 8B4F4BCF23F5F67B008446F4 /* Comic+CoreDataClass.swift */; };
		8B4F4BD423F5F67B008446F4 /* Comic+CoreDataProperties.swift in Sources */ = {isa = PBXBuildFile; fileRef = 8B4F4BD023F5F67B008446F4 /* Comic+CoreDataProperties.swift */; };
		8B4F4BD523F5F67B008446F4 /* Comic+CoreDataProperties.swift in Sources */ = {isa = PBXBuildFile; fileRef = 8B4F4BD023F5F67B008446F4 /* Comic+CoreDataProperties.swift */; };
		8B4F4BD623F5F67B008446F4 /* Comic+CoreDataProperties.swift in Sources */ = {isa = PBXBuildFile; fileRef = 8B4F4BD023F5F67B008446F4 /* Comic+CoreDataProperties.swift */; };
		8B4F4BD923F5F6FD008446F4 /* ComicController.swift in Sources */ = {isa = PBXBuildFile; fileRef = 8B4F4BD823F5F6FD008446F4 /* ComicController.swift */; };
		8B4F4BDA23F5F6FD008446F4 /* ComicController.swift in Sources */ = {isa = PBXBuildFile; fileRef = 8B4F4BD823F5F6FD008446F4 /* ComicController.swift */; };
		8B4F4BDB23F5F6FD008446F4 /* ComicController.swift in Sources */ = {isa = PBXBuildFile; fileRef = 8B4F4BD823F5F6FD008446F4 /* ComicController.swift */; };
		8B4F4BDE23F5F8A9008446F4 /* PromiseKit in Frameworks */ = {isa = PBXBuildFile; productRef = 8B4F4BDD23F5F8A9008446F4 /* PromiseKit */; };
		8B4F4BE023F5F9D5008446F4 /* API.swift in Sources */ = {isa = PBXBuildFile; fileRef = 8B4F4BDF23F5F9D5008446F4 /* API.swift */; };
		8B4F4BE123F5F9D5008446F4 /* API.swift in Sources */ = {isa = PBXBuildFile; fileRef = 8B4F4BDF23F5F9D5008446F4 /* API.swift */; };
		8B4F4BE223F5F9D5008446F4 /* API.swift in Sources */ = {isa = PBXBuildFile; fileRef = 8B4F4BDF23F5F9D5008446F4 /* API.swift */; };
/* End PBXBuildFile section */

/* Begin PBXContainerItemProxy section */
		8B4F4BAC23F5F445008446F4 /* PBXContainerItemProxy */ = {
			isa = PBXContainerItemProxy;
			containerPortal = 8B4F4B8D23F5F444008446F4 /* Project object */;
			proxyType = 1;
			remoteGlobalIDString = 8B4F4B9423F5F444008446F4;
			remoteInfo = dckx;
		};
		8B4F4BB723F5F445008446F4 /* PBXContainerItemProxy */ = {
			isa = PBXContainerItemProxy;
			containerPortal = 8B4F4B8D23F5F444008446F4 /* Project object */;
			proxyType = 1;
			remoteGlobalIDString = 8B4F4B9423F5F444008446F4;
			remoteInfo = dckx;
		};
/* End PBXContainerItemProxy section */

/* Begin PBXFileReference section */
		8B4F4B9523F5F444008446F4 /* dckx.app */ = {isa = PBXFileReference; explicitFileType = wrapper.application; includeInIndex = 0; path = dckx.app; sourceTree = BUILT_PRODUCTS_DIR; };
		8B4F4B9823F5F444008446F4 /* AppDelegate.swift */ = {isa = PBXFileReference; lastKnownFileType = sourcecode.swift; path = AppDelegate.swift; sourceTree = "<group>"; };
		8B4F4B9A23F5F444008446F4 /* SceneDelegate.swift */ = {isa = PBXFileReference; lastKnownFileType = sourcecode.swift; path = SceneDelegate.swift; sourceTree = "<group>"; };
		8B4F4B9C23F5F444008446F4 /* ComicView.swift */ = {isa = PBXFileReference; lastKnownFileType = sourcecode.swift; path = ComicView.swift; sourceTree = "<group>"; };
		8B4F4B9E23F5F445008446F4 /* Assets.xcassets */ = {isa = PBXFileReference; lastKnownFileType = folder.assetcatalog; path = Assets.xcassets; sourceTree = "<group>"; };
		8B4F4BA123F5F445008446F4 /* Preview Assets.xcassets */ = {isa = PBXFileReference; lastKnownFileType = folder.assetcatalog; path = "Preview Assets.xcassets"; sourceTree = "<group>"; };
		8B4F4BA423F5F445008446F4 /* Base */ = {isa = PBXFileReference; lastKnownFileType = file.storyboard; name = Base; path = Base.lproj/LaunchScreen.storyboard; sourceTree = "<group>"; };
		8B4F4BA623F5F445008446F4 /* Info.plist */ = {isa = PBXFileReference; lastKnownFileType = text.plist.xml; path = Info.plist; sourceTree = "<group>"; };
		8B4F4BAB23F5F445008446F4 /* dckxTests.xctest */ = {isa = PBXFileReference; explicitFileType = wrapper.cfbundle; includeInIndex = 0; path = dckxTests.xctest; sourceTree = BUILT_PRODUCTS_DIR; };
		8B4F4BAF23F5F445008446F4 /* dckxTests.swift */ = {isa = PBXFileReference; lastKnownFileType = sourcecode.swift; path = dckxTests.swift; sourceTree = "<group>"; };
		8B4F4BB123F5F445008446F4 /* Info.plist */ = {isa = PBXFileReference; lastKnownFileType = text.plist.xml; path = Info.plist; sourceTree = "<group>"; };
		8B4F4BB623F5F445008446F4 /* dckxUITests.xctest */ = {isa = PBXFileReference; explicitFileType = wrapper.cfbundle; includeInIndex = 0; path = dckxUITests.xctest; sourceTree = BUILT_PRODUCTS_DIR; };
		8B4F4BBA23F5F445008446F4 /* dckxUITests.swift */ = {isa = PBXFileReference; lastKnownFileType = sourcecode.swift; path = dckxUITests.swift; sourceTree = "<group>"; };
		8B4F4BBC23F5F445008446F4 /* Info.plist */ = {isa = PBXFileReference; lastKnownFileType = text.plist.xml; path = Info.plist; sourceTree = "<group>"; };
		8B4F4BCA23F5F551008446F4 /* dckx.xcdatamodel */ = {isa = PBXFileReference; lastKnownFileType = wrapper.xcdatamodel; path = dckx.xcdatamodel; sourceTree = "<group>"; };
		8B4F4BCF23F5F67B008446F4 /* Comic+CoreDataClass.swift */ = {isa = PBXFileReference; lastKnownFileType = sourcecode.swift; path = "Comic+CoreDataClass.swift"; sourceTree = "<group>"; };
		8B4F4BD023F5F67B008446F4 /* Comic+CoreDataProperties.swift */ = {isa = PBXFileReference; lastKnownFileType = sourcecode.swift; path = "Comic+CoreDataProperties.swift"; sourceTree = "<group>"; };
		8B4F4BD823F5F6FD008446F4 /* ComicController.swift */ = {isa = PBXFileReference; lastKnownFileType = sourcecode.swift; path = ComicController.swift; sourceTree = "<group>"; };
		8B4F4BDF23F5F9D5008446F4 /* API.swift */ = {isa = PBXFileReference; lastKnownFileType = sourcecode.swift; path = API.swift; sourceTree = "<group>"; };
/* End PBXFileReference section */

/* Begin PBXFrameworksBuildPhase section */
		8B4F4B9223F5F444008446F4 /* Frameworks */ = {
			isa = PBXFrameworksBuildPhase;
			buildActionMask = 2147483647;
			files = (
				8B4F4BDE23F5F8A9008446F4 /* PromiseKit in Frameworks */,
			);
			runOnlyForDeploymentPostprocessing = 0;
		};
		8B4F4BA823F5F445008446F4 /* Frameworks */ = {
			isa = PBXFrameworksBuildPhase;
			buildActionMask = 2147483647;
			files = (
			);
			runOnlyForDeploymentPostprocessing = 0;
		};
		8B4F4BB323F5F445008446F4 /* Frameworks */ = {
			isa = PBXFrameworksBuildPhase;
			buildActionMask = 2147483647;
			files = (
			);
			runOnlyForDeploymentPostprocessing = 0;
		};
/* End PBXFrameworksBuildPhase section */

/* Begin PBXGroup section */
		8B4F4B8C23F5F444008446F4 = {
			isa = PBXGroup;
			children = (
				8B4F4B9723F5F444008446F4 /* dckx */,
				8B4F4BAE23F5F445008446F4 /* dckxTests */,
				8B4F4BB923F5F445008446F4 /* dckxUITests */,
				8B4F4B9623F5F444008446F4 /* Products */,
			);
			sourceTree = "<group>";
		};
		8B4F4B9623F5F444008446F4 /* Products */ = {
			isa = PBXGroup;
			children = (
				8B4F4B9523F5F444008446F4 /* dckx.app */,
				8B4F4BAB23F5F445008446F4 /* dckxTests.xctest */,
				8B4F4BB623F5F445008446F4 /* dckxUITests.xctest */,
			);
			name = Products;
			sourceTree = "<group>";
		};
		8B4F4B9723F5F444008446F4 /* dckx */ = {
			isa = PBXGroup;
			children = (
				8B4F4BC823F5F4A0008446F4 /* Model */,
				8B4F4BCE23F5F637008446F4 /* View */,
				8B4F4BD723F5F689008446F4 /* Controller */,
				8B4F4B9823F5F444008446F4 /* AppDelegate.swift */,
				8B4F4B9E23F5F445008446F4 /* Assets.xcassets */,
				8B4F4BA323F5F445008446F4 /* LaunchScreen.storyboard */,
				8B4F4BA623F5F445008446F4 /* Info.plist */,
				8B4F4BA023F5F445008446F4 /* Preview Content */,
			);
			path = dckx;
			sourceTree = "<group>";
		};
		8B4F4BA023F5F445008446F4 /* Preview Content */ = {
			isa = PBXGroup;
			children = (
				8B4F4BA123F5F445008446F4 /* Preview Assets.xcassets */,
			);
			path = "Preview Content";
			sourceTree = "<group>";
		};
		8B4F4BAE23F5F445008446F4 /* dckxTests */ = {
			isa = PBXGroup;
			children = (
				8B4F4BAF23F5F445008446F4 /* dckxTests.swift */,
				8B4F4BB123F5F445008446F4 /* Info.plist */,
			);
			path = dckxTests;
			sourceTree = "<group>";
		};
		8B4F4BB923F5F445008446F4 /* dckxUITests */ = {
			isa = PBXGroup;
			children = (
				8B4F4BBA23F5F445008446F4 /* dckxUITests.swift */,
				8B4F4BBC23F5F445008446F4 /* Info.plist */,
			);
			path = dckxUITests;
			sourceTree = "<group>";
		};
		8B4F4BC823F5F4A0008446F4 /* Model */ = {
			isa = PBXGroup;
			children = (
				8B4F4BCF23F5F67B008446F4 /* Comic+CoreDataClass.swift */,
				8B4F4BD023F5F67B008446F4 /* Comic+CoreDataProperties.swift */,
				8B4F4BC923F5F551008446F4 /* dckx.xcdatamodeld */,
			);
			path = Model;
			sourceTree = "<group>";
		};
		8B4F4BCE23F5F637008446F4 /* View */ = {
			isa = PBXGroup;
			children = (
				8B4F4B9C23F5F444008446F4 /* ComicView.swift */,
				8B4F4B9A23F5F444008446F4 /* SceneDelegate.swift */,
			);
			path = View;
			sourceTree = "<group>";
		};
		8B4F4BD723F5F689008446F4 /* Controller */ = {
			isa = PBXGroup;
			children = (
				8B4F4BD823F5F6FD008446F4 /* ComicController.swift */,
				8B4F4BDF23F5F9D5008446F4 /* API.swift */,
			);
			path = Controller;
			sourceTree = "<group>";
		};
/* End PBXGroup section */

/* Begin PBXNativeTarget section */
		8B4F4B9423F5F444008446F4 /* dckx */ = {
			isa = PBXNativeTarget;
			buildConfigurationList = 8B4F4BBF23F5F445008446F4 /* Build configuration list for PBXNativeTarget "dckx" */;
			buildPhases = (
				8B4F4B9123F5F444008446F4 /* Sources */,
				8B4F4B9223F5F444008446F4 /* Frameworks */,
				8B4F4B9323F5F444008446F4 /* Resources */,
			);
			buildRules = (
			);
			dependencies = (
			);
			name = dckx;
			packageProductDependencies = (
				8B4F4BDD23F5F8A9008446F4 /* PromiseKit */,
			);
			productName = dckx;
			productReference = 8B4F4B9523F5F444008446F4 /* dckx.app */;
			productType = "com.apple.product-type.application";
		};
		8B4F4BAA23F5F445008446F4 /* dckxTests */ = {
			isa = PBXNativeTarget;
			buildConfigurationList = 8B4F4BC223F5F445008446F4 /* Build configuration list for PBXNativeTarget "dckxTests" */;
			buildPhases = (
				8B4F4BA723F5F445008446F4 /* Sources */,
				8B4F4BA823F5F445008446F4 /* Frameworks */,
				8B4F4BA923F5F445008446F4 /* Resources */,
			);
			buildRules = (
			);
			dependencies = (
				8B4F4BAD23F5F445008446F4 /* PBXTargetDependency */,
			);
			name = dckxTests;
			productName = dckxTests;
			productReference = 8B4F4BAB23F5F445008446F4 /* dckxTests.xctest */;
			productType = "com.apple.product-type.bundle.unit-test";
		};
		8B4F4BB523F5F445008446F4 /* dckxUITests */ = {
			isa = PBXNativeTarget;
			buildConfigurationList = 8B4F4BC523F5F445008446F4 /* Build configuration list for PBXNativeTarget "dckxUITests" */;
			buildPhases = (
				8B4F4BB223F5F445008446F4 /* Sources */,
				8B4F4BB323F5F445008446F4 /* Frameworks */,
				8B4F4BB423F5F445008446F4 /* Resources */,
			);
			buildRules = (
			);
			dependencies = (
				8B4F4BB823F5F445008446F4 /* PBXTargetDependency */,
			);
			name = dckxUITests;
			productName = dckxUITests;
			productReference = 8B4F4BB623F5F445008446F4 /* dckxUITests.xctest */;
			productType = "com.apple.product-type.bundle.ui-testing";
		};
/* End PBXNativeTarget section */

/* Begin PBXProject section */
		8B4F4B8D23F5F444008446F4 /* Project object */ = {
			isa = PBXProject;
			attributes = {
				LastSwiftUpdateCheck = 1130;
				LastUpgradeCheck = 1130;
				ORGANIZATIONNAME = "Vito Royeca";
				TargetAttributes = {
					8B4F4B9423F5F444008446F4 = {
						CreatedOnToolsVersion = 11.3.1;
					};
					8B4F4BAA23F5F445008446F4 = {
						CreatedOnToolsVersion = 11.3.1;
						TestTargetID = 8B4F4B9423F5F444008446F4;
					};
					8B4F4BB523F5F445008446F4 = {
						CreatedOnToolsVersion = 11.3.1;
						TestTargetID = 8B4F4B9423F5F444008446F4;
					};
				};
			};
			buildConfigurationList = 8B4F4B9023F5F444008446F4 /* Build configuration list for PBXProject "dckx" */;
			compatibilityVersion = "Xcode 9.3";
			developmentRegion = en;
			hasScannedForEncodings = 0;
			knownRegions = (
				en,
				Base,
			);
			mainGroup = 8B4F4B8C23F5F444008446F4;
			packageReferences = (
				8B4F4BDC23F5F8A9008446F4 /* XCRemoteSwiftPackageReference "PromiseKit" */,
			);
			productRefGroup = 8B4F4B9623F5F444008446F4 /* Products */;
			projectDirPath = "";
			projectRoot = "";
			targets = (
				8B4F4B9423F5F444008446F4 /* dckx */,
				8B4F4BAA23F5F445008446F4 /* dckxTests */,
				8B4F4BB523F5F445008446F4 /* dckxUITests */,
			);
		};
/* End PBXProject section */

/* Begin PBXResourcesBuildPhase section */
		8B4F4B9323F5F444008446F4 /* Resources */ = {
			isa = PBXResourcesBuildPhase;
			buildActionMask = 2147483647;
			files = (
				8B4F4BA523F5F445008446F4 /* LaunchScreen.storyboard in Resources */,
				8B4F4BA223F5F445008446F4 /* Preview Assets.xcassets in Resources */,
				8B4F4B9F23F5F445008446F4 /* Assets.xcassets in Resources */,
			);
			runOnlyForDeploymentPostprocessing = 0;
		};
		8B4F4BA923F5F445008446F4 /* Resources */ = {
			isa = PBXResourcesBuildPhase;
			buildActionMask = 2147483647;
			files = (
			);
			runOnlyForDeploymentPostprocessing = 0;
		};
		8B4F4BB423F5F445008446F4 /* Resources */ = {
			isa = PBXResourcesBuildPhase;
			buildActionMask = 2147483647;
			files = (
			);
			runOnlyForDeploymentPostprocessing = 0;
		};
/* End PBXResourcesBuildPhase section */

/* Begin PBXSourcesBuildPhase section */
		8B4F4B9123F5F444008446F4 /* Sources */ = {
			isa = PBXSourcesBuildPhase;
			buildActionMask = 2147483647;
			files = (
				8B4F4B9923F5F444008446F4 /* AppDelegate.swift in Sources */,
				8B4F4BD423F5F67B008446F4 /* Comic+CoreDataProperties.swift in Sources */,
				8B4F4B9B23F5F444008446F4 /* SceneDelegate.swift in Sources */,
				8B4F4B9D23F5F444008446F4 /* ComicView.swift in Sources */,
				8B4F4BD923F5F6FD008446F4 /* ComicController.swift in Sources */,
				8B4F4BD123F5F67B008446F4 /* Comic+CoreDataClass.swift in Sources */,
				8B4F4BE023F5F9D5008446F4 /* API.swift in Sources */,
				8B4F4BCB23F5F551008446F4 /* dckx.xcdatamodeld in Sources */,
			);
			runOnlyForDeploymentPostprocessing = 0;
		};
		8B4F4BA723F5F445008446F4 /* Sources */ = {
			isa = PBXSourcesBuildPhase;
			buildActionMask = 2147483647;
			files = (
				8B4F4BDA23F5F6FD008446F4 /* ComicController.swift in Sources */,
				8B4F4BD223F5F67B008446F4 /* Comic+CoreDataClass.swift in Sources */,
				8B4F4BB023F5F445008446F4 /* dckxTests.swift in Sources */,
				8B4F4BCC23F5F551008446F4 /* dckx.xcdatamodeld in Sources */,
				8B4F4BE123F5F9D5008446F4 /* API.swift in Sources */,
				8B4F4BD523F5F67B008446F4 /* Comic+CoreDataProperties.swift in Sources */,
			);
			runOnlyForDeploymentPostprocessing = 0;
		};
		8B4F4BB223F5F445008446F4 /* Sources */ = {
			isa = PBXSourcesBuildPhase;
			buildActionMask = 2147483647;
			files = (
				8B4F4BDB23F5F6FD008446F4 /* ComicController.swift in Sources */,
				8B4F4BD323F5F67B008446F4 /* Comic+CoreDataClass.swift in Sources */,
				8B4F4BBB23F5F445008446F4 /* dckxUITests.swift in Sources */,
				8B4F4BCD23F5F551008446F4 /* dckx.xcdatamodeld in Sources */,
				8B4F4BE223F5F9D5008446F4 /* API.swift in Sources */,
				8B4F4BD623F5F67B008446F4 /* Comic+CoreDataProperties.swift in Sources */,
			);
			runOnlyForDeploymentPostprocessing = 0;
		};
/* End PBXSourcesBuildPhase section */

/* Begin PBXTargetDependency section */
		8B4F4BAD23F5F445008446F4 /* PBXTargetDependency */ = {
			isa = PBXTargetDependency;
			target = 8B4F4B9423F5F444008446F4 /* dckx */;
			targetProxy = 8B4F4BAC23F5F445008446F4 /* PBXContainerItemProxy */;
		};
		8B4F4BB823F5F445008446F4 /* PBXTargetDependency */ = {
			isa = PBXTargetDependency;
			target = 8B4F4B9423F5F444008446F4 /* dckx */;
			targetProxy = 8B4F4BB723F5F445008446F4 /* PBXContainerItemProxy */;
		};
/* End PBXTargetDependency section */

/* Begin PBXVariantGroup section */
		8B4F4BA323F5F445008446F4 /* LaunchScreen.storyboard */ = {
			isa = PBXVariantGroup;
			children = (
				8B4F4BA423F5F445008446F4 /* Base */,
			);
			name = LaunchScreen.storyboard;
			sourceTree = "<group>";
		};
/* End PBXVariantGroup section */

/* Begin XCBuildConfiguration section */
		8B4F4BBD23F5F445008446F4 /* Debug */ = {
			isa = XCBuildConfiguration;
			buildSettings = {
				ALWAYS_SEARCH_USER_PATHS = NO;
				CLANG_ANALYZER_NONNULL = YES;
				CLANG_ANALYZER_NUMBER_OBJECT_CONVERSION = YES_AGGRESSIVE;
				CLANG_CXX_LANGUAGE_STANDARD = "gnu++14";
				CLANG_CXX_LIBRARY = "libc++";
				CLANG_ENABLE_MODULES = YES;
				CLANG_ENABLE_OBJC_ARC = YES;
				CLANG_ENABLE_OBJC_WEAK = YES;
				CLANG_WARN_BLOCK_CAPTURE_AUTORELEASING = YES;
				CLANG_WARN_BOOL_CONVERSION = YES;
				CLANG_WARN_COMMA = YES;
				CLANG_WARN_CONSTANT_CONVERSION = YES;
				CLANG_WARN_DEPRECATED_OBJC_IMPLEMENTATIONS = YES;
				CLANG_WARN_DIRECT_OBJC_ISA_USAGE = YES_ERROR;
				CLANG_WARN_DOCUMENTATION_COMMENTS = YES;
				CLANG_WARN_EMPTY_BODY = YES;
				CLANG_WARN_ENUM_CONVERSION = YES;
				CLANG_WARN_INFINITE_RECURSION = YES;
				CLANG_WARN_INT_CONVERSION = YES;
				CLANG_WARN_NON_LITERAL_NULL_CONVERSION = YES;
				CLANG_WARN_OBJC_IMPLICIT_RETAIN_SELF = YES;
				CLANG_WARN_OBJC_LITERAL_CONVERSION = YES;
				CLANG_WARN_OBJC_ROOT_CLASS = YES_ERROR;
				CLANG_WARN_RANGE_LOOP_ANALYSIS = YES;
				CLANG_WARN_STRICT_PROTOTYPES = YES;
				CLANG_WARN_SUSPICIOUS_MOVE = YES;
				CLANG_WARN_UNGUARDED_AVAILABILITY = YES_AGGRESSIVE;
				CLANG_WARN_UNREACHABLE_CODE = YES;
				CLANG_WARN__DUPLICATE_METHOD_MATCH = YES;
				COPY_PHASE_STRIP = NO;
				DEBUG_INFORMATION_FORMAT = dwarf;
				ENABLE_STRICT_OBJC_MSGSEND = YES;
				ENABLE_TESTABILITY = YES;
				GCC_C_LANGUAGE_STANDARD = gnu11;
				GCC_DYNAMIC_NO_PIC = NO;
				GCC_NO_COMMON_BLOCKS = YES;
				GCC_OPTIMIZATION_LEVEL = 0;
				GCC_PREPROCESSOR_DEFINITIONS = (
					"DEBUG=1",
					"$(inherited)",
				);
				GCC_WARN_64_TO_32_BIT_CONVERSION = YES;
				GCC_WARN_ABOUT_RETURN_TYPE = YES_ERROR;
				GCC_WARN_UNDECLARED_SELECTOR = YES;
				GCC_WARN_UNINITIALIZED_AUTOS = YES_AGGRESSIVE;
				GCC_WARN_UNUSED_FUNCTION = YES;
				GCC_WARN_UNUSED_VARIABLE = YES;
				IPHONEOS_DEPLOYMENT_TARGET = 13.2;
				MTL_ENABLE_DEBUG_INFO = INCLUDE_SOURCE;
				MTL_FAST_MATH = YES;
				ONLY_ACTIVE_ARCH = YES;
				SDKROOT = iphoneos;
				SWIFT_ACTIVE_COMPILATION_CONDITIONS = DEBUG;
				SWIFT_OPTIMIZATION_LEVEL = "-Onone";
			};
			name = Debug;
		};
		8B4F4BBE23F5F445008446F4 /* Release */ = {
			isa = XCBuildConfiguration;
			buildSettings = {
				ALWAYS_SEARCH_USER_PATHS = NO;
				CLANG_ANALYZER_NONNULL = YES;
				CLANG_ANALYZER_NUMBER_OBJECT_CONVERSION = YES_AGGRESSIVE;
				CLANG_CXX_LANGUAGE_STANDARD = "gnu++14";
				CLANG_CXX_LIBRARY = "libc++";
				CLANG_ENABLE_MODULES = YES;
				CLANG_ENABLE_OBJC_ARC = YES;
				CLANG_ENABLE_OBJC_WEAK = YES;
				CLANG_WARN_BLOCK_CAPTURE_AUTORELEASING = YES;
				CLANG_WARN_BOOL_CONVERSION = YES;
				CLANG_WARN_COMMA = YES;
				CLANG_WARN_CONSTANT_CONVERSION = YES;
				CLANG_WARN_DEPRECATED_OBJC_IMPLEMENTATIONS = YES;
				CLANG_WARN_DIRECT_OBJC_ISA_USAGE = YES_ERROR;
				CLANG_WARN_DOCUMENTATION_COMMENTS = YES;
				CLANG_WARN_EMPTY_BODY = YES;
				CLANG_WARN_ENUM_CONVERSION = YES;
				CLANG_WARN_INFINITE_RECURSION = YES;
				CLANG_WARN_INT_CONVERSION = YES;
				CLANG_WARN_NON_LITERAL_NULL_CONVERSION = YES;
				CLANG_WARN_OBJC_IMPLICIT_RETAIN_SELF = YES;
				CLANG_WARN_OBJC_LITERAL_CONVERSION = YES;
				CLANG_WARN_OBJC_ROOT_CLASS = YES_ERROR;
				CLANG_WARN_RANGE_LOOP_ANALYSIS = YES;
				CLANG_WARN_STRICT_PROTOTYPES = YES;
				CLANG_WARN_SUSPICIOUS_MOVE = YES;
				CLANG_WARN_UNGUARDED_AVAILABILITY = YES_AGGRESSIVE;
				CLANG_WARN_UNREACHABLE_CODE = YES;
				CLANG_WARN__DUPLICATE_METHOD_MATCH = YES;
				COPY_PHASE_STRIP = NO;
				DEBUG_INFORMATION_FORMAT = "dwarf-with-dsym";
				ENABLE_NS_ASSERTIONS = NO;
				ENABLE_STRICT_OBJC_MSGSEND = YES;
				GCC_C_LANGUAGE_STANDARD = gnu11;
				GCC_NO_COMMON_BLOCKS = YES;
				GCC_WARN_64_TO_32_BIT_CONVERSION = YES;
				GCC_WARN_ABOUT_RETURN_TYPE = YES_ERROR;
				GCC_WARN_UNDECLARED_SELECTOR = YES;
				GCC_WARN_UNINITIALIZED_AUTOS = YES_AGGRESSIVE;
				GCC_WARN_UNUSED_FUNCTION = YES;
				GCC_WARN_UNUSED_VARIABLE = YES;
				IPHONEOS_DEPLOYMENT_TARGET = 13.2;
				MTL_ENABLE_DEBUG_INFO = NO;
				MTL_FAST_MATH = YES;
				SDKROOT = iphoneos;
				SWIFT_COMPILATION_MODE = wholemodule;
				SWIFT_OPTIMIZATION_LEVEL = "-O";
				VALIDATE_PRODUCT = YES;
			};
			name = Release;
		};
		8B4F4BC023F5F445008446F4 /* Debug */ = {
			isa = XCBuildConfiguration;
			buildSettings = {
				ASSETCATALOG_COMPILER_APPICON_NAME = AppIcon;
				CODE_SIGN_STYLE = Automatic;
				DEVELOPMENT_ASSET_PATHS = "\"dckx/Preview Content\"";
				ENABLE_PREVIEWS = YES;
				INFOPLIST_FILE = dckx/Info.plist;
				LD_RUNPATH_SEARCH_PATHS = (
					"$(inherited)",
					"@executable_path/Frameworks",
				);
				PRODUCT_BUNDLE_IDENTIFIER = com.vitoroyeca.dckx;
				PRODUCT_NAME = "$(TARGET_NAME)";
				SWIFT_VERSION = 5.0;
				TARGETED_DEVICE_FAMILY = "1,2";
			};
			name = Debug;
		};
		8B4F4BC123F5F445008446F4 /* Release */ = {
			isa = XCBuildConfiguration;
			buildSettings = {
				ASSETCATALOG_COMPILER_APPICON_NAME = AppIcon;
				CODE_SIGN_STYLE = Automatic;
				DEVELOPMENT_ASSET_PATHS = "\"dckx/Preview Content\"";
				ENABLE_PREVIEWS = YES;
				INFOPLIST_FILE = dckx/Info.plist;
				LD_RUNPATH_SEARCH_PATHS = (
					"$(inherited)",
					"@executable_path/Frameworks",
				);
				PRODUCT_BUNDLE_IDENTIFIER = com.vitoroyeca.dckx;
				PRODUCT_NAME = "$(TARGET_NAME)";
				SWIFT_VERSION = 5.0;
				TARGETED_DEVICE_FAMILY = "1,2";
			};
			name = Release;
		};
		8B4F4BC323F5F445008446F4 /* Debug */ = {
			isa = XCBuildConfiguration;
			buildSettings = {
				ALWAYS_EMBED_SWIFT_STANDARD_LIBRARIES = YES;
				BUNDLE_LOADER = "$(TEST_HOST)";
				CODE_SIGN_STYLE = Automatic;
				INFOPLIST_FILE = dckxTests/Info.plist;
				IPHONEOS_DEPLOYMENT_TARGET = 13.2;
				LD_RUNPATH_SEARCH_PATHS = (
					"$(inherited)",
					"@executable_path/Frameworks",
					"@loader_path/Frameworks",
				);
				PRODUCT_BUNDLE_IDENTIFIER = com.vitoroyeca.dckxTests;
				PRODUCT_NAME = "$(TARGET_NAME)";
				SWIFT_VERSION = 5.0;
				TARGETED_DEVICE_FAMILY = "1,2";
				TEST_HOST = "$(BUILT_PRODUCTS_DIR)/dckx.app/dckx";
			};
			name = Debug;
		};
		8B4F4BC423F5F445008446F4 /* Release */ = {
			isa = XCBuildConfiguration;
			buildSettings = {
				ALWAYS_EMBED_SWIFT_STANDARD_LIBRARIES = YES;
				BUNDLE_LOADER = "$(TEST_HOST)";
				CODE_SIGN_STYLE = Automatic;
				INFOPLIST_FILE = dckxTests/Info.plist;
				IPHONEOS_DEPLOYMENT_TARGET = 13.2;
				LD_RUNPATH_SEARCH_PATHS = (
					"$(inherited)",
					"@executable_path/Frameworks",
					"@loader_path/Frameworks",
				);
				PRODUCT_BUNDLE_IDENTIFIER = com.vitoroyeca.dckxTests;
				PRODUCT_NAME = "$(TARGET_NAME)";
				SWIFT_VERSION = 5.0;
				TARGETED_DEVICE_FAMILY = "1,2";
				TEST_HOST = "$(BUILT_PRODUCTS_DIR)/dckx.app/dckx";
			};
			name = Release;
		};
		8B4F4BC623F5F445008446F4 /* Debug */ = {
			isa = XCBuildConfiguration;
			buildSettings = {
				ALWAYS_EMBED_SWIFT_STANDARD_LIBRARIES = YES;
				CODE_SIGN_STYLE = Automatic;
				INFOPLIST_FILE = dckxUITests/Info.plist;
				LD_RUNPATH_SEARCH_PATHS = (
					"$(inherited)",
					"@executable_path/Frameworks",
					"@loader_path/Frameworks",
				);
				PRODUCT_BUNDLE_IDENTIFIER = com.vitoroyeca.dckxUITests;
				PRODUCT_NAME = "$(TARGET_NAME)";
				SWIFT_VERSION = 5.0;
				TARGETED_DEVICE_FAMILY = "1,2";
				TEST_TARGET_NAME = dckx;
			};
			name = Debug;
		};
		8B4F4BC723F5F445008446F4 /* Release */ = {
			isa = XCBuildConfiguration;
			buildSettings = {
				ALWAYS_EMBED_SWIFT_STANDARD_LIBRARIES = YES;
				CODE_SIGN_STYLE = Automatic;
				INFOPLIST_FILE = dckxUITests/Info.plist;
				LD_RUNPATH_SEARCH_PATHS = (
					"$(inherited)",
					"@executable_path/Frameworks",
					"@loader_path/Frameworks",
				);
				PRODUCT_BUNDLE_IDENTIFIER = com.vitoroyeca.dckxUITests;
				PRODUCT_NAME = "$(TARGET_NAME)";
				SWIFT_VERSION = 5.0;
				TARGETED_DEVICE_FAMILY = "1,2";
				TEST_TARGET_NAME = dckx;
			};
			name = Release;
		};
/* End XCBuildConfiguration section */

/* Begin XCConfigurationList section */
		8B4F4B9023F5F444008446F4 /* Build configuration list for PBXProject "dckx" */ = {
			isa = XCConfigurationList;
			buildConfigurations = (
				8B4F4BBD23F5F445008446F4 /* Debug */,
				8B4F4BBE23F5F445008446F4 /* Release */,
			);
			defaultConfigurationIsVisible = 0;
			defaultConfigurationName = Release;
		};
		8B4F4BBF23F5F445008446F4 /* Build configuration list for PBXNativeTarget "dckx" */ = {
			isa = XCConfigurationList;
			buildConfigurations = (
				8B4F4BC023F5F445008446F4 /* Debug */,
				8B4F4BC123F5F445008446F4 /* Release */,
			);
			defaultConfigurationIsVisible = 0;
			defaultConfigurationName = Release;
		};
		8B4F4BC223F5F445008446F4 /* Build configuration list for PBXNativeTarget "dckxTests" */ = {
			isa = XCConfigurationList;
			buildConfigurations = (
				8B4F4BC323F5F445008446F4 /* Debug */,
				8B4F4BC423F5F445008446F4 /* Release */,
			);
			defaultConfigurationIsVisible = 0;
			defaultConfigurationName = Release;
		};
		8B4F4BC523F5F445008446F4 /* Build configuration list for PBXNativeTarget "dckxUITests" */ = {
			isa = XCConfigurationList;
			buildConfigurations = (
				8B4F4BC623F5F445008446F4 /* Debug */,
				8B4F4BC723F5F445008446F4 /* Release */,
			);
			defaultConfigurationIsVisible = 0;
			defaultConfigurationName = Release;
		};
/* End XCConfigurationList section */

/* Begin XCRemoteSwiftPackageReference section */
		8B4F4BDC23F5F8A9008446F4 /* XCRemoteSwiftPackageReference "PromiseKit" */ = {
			isa = XCRemoteSwiftPackageReference;
			repositoryURL = "https://github.com/mxcl/PromiseKit.git";
			requirement = {
				kind = upToNextMajorVersion;
				minimumVersion = 6.13.1;
			};
		};
/* End XCRemoteSwiftPackageReference section */

/* Begin XCSwiftPackageProductDependency section */
		8B4F4BDD23F5F8A9008446F4 /* PromiseKit */ = {
			isa = XCSwiftPackageProductDependency;
			package = 8B4F4BDC23F5F8A9008446F4 /* XCRemoteSwiftPackageReference "PromiseKit" */;
			productName = PromiseKit;
		};
/* End XCSwiftPackageProductDependency section */

/* Begin XCVersionGroup section */
		8B4F4BC923F5F551008446F4 /* dckx.xcdatamodeld */ = {
			isa = XCVersionGroup;
			children = (
				8B4F4BCA23F5F551008446F4 /* dckx.xcdatamodel */,
			);
			currentVersion = 8B4F4BCA23F5F551008446F4 /* dckx.xcdatamodel */;
			path = dckx.xcdatamodeld;
			sourceTree = "<group>";
			versionGroupType = wrapper.xcdatamodel;
		};
/* End XCVersionGroup section */
	};
	rootObject = 8B4F4B8D23F5F444008446F4 /* Project object */;
}
