// !$*UTF8*$!
{
	archiveVersion = 1;
	classes = {
	};
	objectVersion = 54;
	objects = {

/* Begin PBXBuildFile section */
		580566AA2BC9E2E900187556 /* FirebaseAnalytics in Frameworks */ = {isa = PBXBuildFile; productRef = 580566A92BC9E2E900187556 /* FirebaseAnalytics */; };
		580566AC2BC9E2E900187556 /* FirebaseAnalyticsSwift in Frameworks */ = {isa = PBXBuildFile; productRef = 580566AB2BC9E2E900187556 /* FirebaseAnalyticsSwift */; };
		580566AF2BC9E38100187556 /* Kanna in Frameworks */ = {isa = PBXBuildFile; productRef = 580566AE2BC9E38100187556 /* Kanna */; };
		761312C52BD02EC000A425EC /* WhatIfViewModel+HTML.swift in Sources */ = {isa = PBXBuildFile; fileRef = 761312C42BD02EC000A425EC /* WhatIfViewModel+HTML.swift */; };
		761312C62BD039E100A425EC /* WebView.swift in Sources */ = {isa = PBXBuildFile; fileRef = 8BA50E6B240A425500138D11 /* WebView.swift */; };
		761312C72BD03A9D00A425EC /* WhatIfViewModel+HTML.swift in Sources */ = {isa = PBXBuildFile; fileRef = 761312C42BD02EC000A425EC /* WhatIfViewModel+HTML.swift */; };
		761312C82BD03A9D00A425EC /* WhatIfViewModel+HTML.swift in Sources */ = {isa = PBXBuildFile; fileRef = 761312C42BD02EC000A425EC /* WhatIfViewModel+HTML.swift */; };
		761312C92BD03A9E00A425EC /* WhatIfViewModel+HTML.swift in Sources */ = {isa = PBXBuildFile; fileRef = 761312C42BD02EC000A425EC /* WhatIfViewModel+HTML.swift */; };
		761312CB2BD05F2A00A425EC /* WhatIfListView.swift in Sources */ = {isa = PBXBuildFile; fileRef = 761312CA2BD05F2A00A425EC /* WhatIfListView.swift */; };
		761312CC2BD0648500A425EC /* WhatIfListView.swift in Sources */ = {isa = PBXBuildFile; fileRef = 761312CA2BD05F2A00A425EC /* WhatIfListView.swift */; };
		761312CD2BD0648500A425EC /* WhatIfListView.swift in Sources */ = {isa = PBXBuildFile; fileRef = 761312CA2BD05F2A00A425EC /* WhatIfListView.swift */; };
		761312CE2BD0648600A425EC /* WhatIfListView.swift in Sources */ = {isa = PBXBuildFile; fileRef = 761312CA2BD05F2A00A425EC /* WhatIfListView.swift */; };
		761312CF2BD064CE00A425EC /* ComicListView.swift in Sources */ = {isa = PBXBuildFile; fileRef = 7633F8342BCCC90700B2F1A4 /* ComicListView.swift */; };
		761312D02BD064E800A425EC /* ListRowView.swift in Sources */ = {isa = PBXBuildFile; fileRef = 8B82B2B32618C6AD008AD11D /* ListRowView.swift */; };
		761312D22BD0651500A425EC /* SDWebImageSwiftUI in Frameworks */ = {isa = PBXBuildFile; productRef = 761312D12BD0651500A425EC /* SDWebImageSwiftUI */; };
		7633F81B2BCC9D9800B2F1A4 /* dckxApp.swift in Sources */ = {isa = PBXBuildFile; fileRef = 76A0FDA02BCB4AEA00C0002E /* dckxApp.swift */; };
		7633F81C2BCC9D9900B2F1A4 /* dckxApp.swift in Sources */ = {isa = PBXBuildFile; fileRef = 76A0FDA02BCB4AEA00C0002E /* dckxApp.swift */; };
		7633F81F2BCC9EE300B2F1A4 /* SDWebImage in Frameworks */ = {isa = PBXBuildFile; productRef = 7633F81E2BCC9EE300B2F1A4 /* SDWebImage */; };
		7633F8212BCC9F0E00B2F1A4 /* BetterSafariView in Frameworks */ = {isa = PBXBuildFile; productRef = 7633F8202BCC9F0E00B2F1A4 /* BetterSafariView */; };
		7633F8232BCC9F0E00B2F1A4 /* FirebaseAnalytics in Frameworks */ = {isa = PBXBuildFile; productRef = 7633F8222BCC9F0E00B2F1A4 /* FirebaseAnalytics */; };
		7633F8252BCC9F0E00B2F1A4 /* FirebaseAnalyticsSwift in Frameworks */ = {isa = PBXBuildFile; productRef = 7633F8242BCC9F0E00B2F1A4 /* FirebaseAnalyticsSwift */; };
		7633F8272BCC9F0E00B2F1A4 /* Kanna in Frameworks */ = {isa = PBXBuildFile; productRef = 7633F8262BCC9F0E00B2F1A4 /* Kanna */; };
		7633F8292BCC9F0E00B2F1A4 /* SDWebImage in Frameworks */ = {isa = PBXBuildFile; productRef = 7633F8282BCC9F0E00B2F1A4 /* SDWebImage */; };
		7633F82B2BCC9F2100B2F1A4 /* Kanna in Frameworks */ = {isa = PBXBuildFile; productRef = 7633F82A2BCC9F2100B2F1A4 /* Kanna */; };
		7633F82D2BCC9F2100B2F1A4 /* SDWebImage in Frameworks */ = {isa = PBXBuildFile; productRef = 7633F82C2BCC9F2100B2F1A4 /* SDWebImage */; };
		7633F8302BCCBA4F00B2F1A4 /* InteractiveImageView.swift in Sources */ = {isa = PBXBuildFile; fileRef = 7633F82F2BCCBA4F00B2F1A4 /* InteractiveImageView.swift */; };
		7633F8312BCCBA4F00B2F1A4 /* InteractiveImageView.swift in Sources */ = {isa = PBXBuildFile; fileRef = 7633F82F2BCCBA4F00B2F1A4 /* InteractiveImageView.swift */; };
		7633F8322BCCC53000B2F1A4 /* InteractiveImageView.swift in Sources */ = {isa = PBXBuildFile; fileRef = 7633F82F2BCCBA4F00B2F1A4 /* InteractiveImageView.swift */; };
		7633F8382BCCC90700B2F1A4 /* ComicListView.swift in Sources */ = {isa = PBXBuildFile; fileRef = 7633F8342BCCC90700B2F1A4 /* ComicListView.swift */; };
		7633F8392BCCC90700B2F1A4 /* ComicListView.swift in Sources */ = {isa = PBXBuildFile; fileRef = 7633F8342BCCC90700B2F1A4 /* ComicListView.swift */; };
		7633F83A2BCCC90700B2F1A4 /* ComicListView.swift in Sources */ = {isa = PBXBuildFile; fileRef = 7633F8342BCCC90700B2F1A4 /* ComicListView.swift */; };
		76389FC82BCE331600E2A4D0 /* NavigationButtonStyle.swift in Sources */ = {isa = PBXBuildFile; fileRef = 76389FC72BCE331600E2A4D0 /* NavigationButtonStyle.swift */; };
		76389FC92BCE331600E2A4D0 /* NavigationButtonStyle.swift in Sources */ = {isa = PBXBuildFile; fileRef = 76389FC72BCE331600E2A4D0 /* NavigationButtonStyle.swift */; };
		76389FCA2BCE355A00E2A4D0 /* NavigationButtonStyle.swift in Sources */ = {isa = PBXBuildFile; fileRef = 76389FC72BCE331600E2A4D0 /* NavigationButtonStyle.swift */; };
		76389FCB2BCE359600E2A4D0 /* NavigationButtonStyle.swift in Sources */ = {isa = PBXBuildFile; fileRef = 76389FC72BCE331600E2A4D0 /* NavigationButtonStyle.swift */; };
		76389FCC2BCE359B00E2A4D0 /* Constants.swift in Sources */ = {isa = PBXBuildFile; fileRef = 8B626D6F2401B0A900972EED /* Constants.swift */; };
		7649C8782BCA50C100A54E5F /* OpenCVWrapper.mm in Sources */ = {isa = PBXBuildFile; fileRef = 7649C8772BCA50C100A54E5F /* OpenCVWrapper.mm */; };
		7649C87C2BCA5E5B00A54E5F /* ComicsData.cpp in Sources */ = {isa = PBXBuildFile; fileRef = 7649C87A2BCA5E5B00A54E5F /* ComicsData.cpp */; };
		7649C8842BCA63EE00A54E5F /* Panel.cpp in Sources */ = {isa = PBXBuildFile; fileRef = 7649C8802BCA63EE00A54E5F /* Panel.cpp */; };
		7649C8882BCA63EE00A54E5F /* ComicsPanelExtractor.cpp in Sources */ = {isa = PBXBuildFile; fileRef = 7649C8832BCA63EE00A54E5F /* ComicsPanelExtractor.cpp */; };
		765579712BCB19EE009EB2E0 /* opencv2.xcframework in Frameworks */ = {isa = PBXBuildFile; fileRef = 765579702BCB19EE009EB2E0 /* opencv2.xcframework */; };
		76A0FD812BCB26A200C0002E /* BetterSafariView in Frameworks */ = {isa = PBXBuildFile; productRef = 76A0FD802BCB26A200C0002E /* BetterSafariView */; };
		76A0FD832BCB27C200C0002E /* BetterSafariView in Frameworks */ = {isa = PBXBuildFile; productRef = 76A0FD822BCB27C200C0002E /* BetterSafariView */; };
		76A0FD852BCB286C00C0002E /* FirebaseAnalytics in Frameworks */ = {isa = PBXBuildFile; productRef = 76A0FD842BCB286C00C0002E /* FirebaseAnalytics */; };
		76A0FD872BCB286C00C0002E /* FirebaseAnalyticsSwift in Frameworks */ = {isa = PBXBuildFile; productRef = 76A0FD862BCB286C00C0002E /* FirebaseAnalyticsSwift */; };
		76A0FD9A2BCB44D100C0002E /* ComicModel.swift in Sources */ = {isa = PBXBuildFile; fileRef = 76A0FD982BCB44D100C0002E /* ComicModel.swift */; };
		76A0FD9B2BCB44D100C0002E /* WhatIfModel.swift in Sources */ = {isa = PBXBuildFile; fileRef = 76A0FD992BCB44D100C0002E /* WhatIfModel.swift */; };
		76A0FD9C2BCB44D100C0002E /* ComicModel.swift in Sources */ = {isa = PBXBuildFile; fileRef = 76A0FD982BCB44D100C0002E /* ComicModel.swift */; };
		76A0FD9D2BCB44D100C0002E /* WhatIfModel.swift in Sources */ = {isa = PBXBuildFile; fileRef = 76A0FD992BCB44D100C0002E /* WhatIfModel.swift */; };
		76A0FD9E2BCB44D100C0002E /* ComicModel.swift in Sources */ = {isa = PBXBuildFile; fileRef = 76A0FD982BCB44D100C0002E /* ComicModel.swift */; };
		76A0FD9F2BCB44D100C0002E /* WhatIfModel.swift in Sources */ = {isa = PBXBuildFile; fileRef = 76A0FD992BCB44D100C0002E /* WhatIfModel.swift */; };
		76A0FDA12BCB4AEA00C0002E /* dckxApp.swift in Sources */ = {isa = PBXBuildFile; fileRef = 76A0FDA02BCB4AEA00C0002E /* dckxApp.swift */; };
		76A0FDA32BCB4B3300C0002E /* ContentView.swift in Sources */ = {isa = PBXBuildFile; fileRef = 76A0FDA22BCB4B3300C0002E /* ContentView.swift */; };
		76A0FDE12BCB92C600C0002E /* ComicToolbarView.swift in Sources */ = {isa = PBXBuildFile; fileRef = 76A0FDE02BCB92C600C0002E /* ComicToolbarView.swift */; };
		76A0FDE22BCB92C600C0002E /* ComicToolbarView.swift in Sources */ = {isa = PBXBuildFile; fileRef = 76A0FDE02BCB92C600C0002E /* ComicToolbarView.swift */; };
		76A0FDE32BCB92C600C0002E /* ComicToolbarView.swift in Sources */ = {isa = PBXBuildFile; fileRef = 76A0FDE02BCB92C600C0002E /* ComicToolbarView.swift */; };
		76A0FDE52BCB931200C0002E /* ComicItemSource.swift in Sources */ = {isa = PBXBuildFile; fileRef = 76A0FDE42BCB931200C0002E /* ComicItemSource.swift */; };
		76A0FDE62BCB931200C0002E /* ComicItemSource.swift in Sources */ = {isa = PBXBuildFile; fileRef = 76A0FDE42BCB931200C0002E /* ComicItemSource.swift */; };
		76A0FDE72BCB931200C0002E /* ComicItemSource.swift in Sources */ = {isa = PBXBuildFile; fileRef = 76A0FDE42BCB931200C0002E /* ComicItemSource.swift */; };
		76F753B22BCF1CF9000E6053 /* SDWebImageSwiftUI in Frameworks */ = {isa = PBXBuildFile; productRef = 76F753B12BCF1CF9000E6053 /* SDWebImageSwiftUI */; };
		76F753B42BCF5B4C000E6053 /* SDWebImageSwiftUI in Frameworks */ = {isa = PBXBuildFile; productRef = 76F753B32BCF5B4C000E6053 /* SDWebImageSwiftUI */; };
		76F753B62BCF5B55000E6053 /* SDWebImageSwiftUI in Frameworks */ = {isa = PBXBuildFile; productRef = 76F753B52BCF5B55000E6053 /* SDWebImageSwiftUI */; };
		76F753B82BCF811D000E6053 /* WhatIfView.swift in Sources */ = {isa = PBXBuildFile; fileRef = 76F753B72BCF811D000E6053 /* WhatIfView.swift */; };
		76F753B92BCF811D000E6053 /* WhatIfView.swift in Sources */ = {isa = PBXBuildFile; fileRef = 76F753B72BCF811D000E6053 /* WhatIfView.swift */; };
		76F753BA2BCF811D000E6053 /* WhatIfView.swift in Sources */ = {isa = PBXBuildFile; fileRef = 76F753B72BCF811D000E6053 /* WhatIfView.swift */; };
		76F753BB2BCF811D000E6053 /* WhatIfView.swift in Sources */ = {isa = PBXBuildFile; fileRef = 76F753B72BCF811D000E6053 /* WhatIfView.swift */; };
		76F753BE2BCF85D1000E6053 /* WhatIfViewModel.swift in Sources */ = {isa = PBXBuildFile; fileRef = 76F753BC2BCF85D1000E6053 /* WhatIfViewModel.swift */; };
		76F753BF2BCF85D1000E6053 /* WhatIfViewModel.swift in Sources */ = {isa = PBXBuildFile; fileRef = 76F753BC2BCF85D1000E6053 /* WhatIfViewModel.swift */; };
		76F753C02BCF85D1000E6053 /* WhatIfViewModel.swift in Sources */ = {isa = PBXBuildFile; fileRef = 76F753BC2BCF85D1000E6053 /* WhatIfViewModel.swift */; };
		76F753C12BCF85D1000E6053 /* WhatIfViewModel.swift in Sources */ = {isa = PBXBuildFile; fileRef = 76F753BC2BCF85D1000E6053 /* WhatIfViewModel.swift */; };
		76F753C62BCF8B5A000E6053 /* WhatIfModel.swift in Sources */ = {isa = PBXBuildFile; fileRef = 76A0FD992BCB44D100C0002E /* WhatIfModel.swift */; };
		76F753C72BCF8F89000E6053 /* SensitiveData.swift in Sources */ = {isa = PBXBuildFile; fileRef = 8B7E509C262FBF62002A094E /* SensitiveData.swift */; };
		76F753C82BCF90C7000E6053 /* XkcdAPI.swift in Sources */ = {isa = PBXBuildFile; fileRef = 8B4F4BDF23F5F9D5008446F4 /* XkcdAPI.swift */; };
		76F753C92BCF933F000E6053 /* ActivityIndicatorView.swift in Sources */ = {isa = PBXBuildFile; fileRef = 8B3049A2241830CC00D549DE /* ActivityIndicatorView.swift */; };
		76F753CC2BCF9465000E6053 /* WhatIfToolbarView.swift in Sources */ = {isa = PBXBuildFile; fileRef = 76F753CB2BCF9465000E6053 /* WhatIfToolbarView.swift */; };
		76F753CD2BCF9465000E6053 /* WhatIfToolbarView.swift in Sources */ = {isa = PBXBuildFile; fileRef = 76F753CB2BCF9465000E6053 /* WhatIfToolbarView.swift */; };
		76F753CE2BCF9465000E6053 /* WhatIfToolbarView.swift in Sources */ = {isa = PBXBuildFile; fileRef = 76F753CB2BCF9465000E6053 /* WhatIfToolbarView.swift */; };
		76F753CF2BCF9465000E6053 /* WhatIfToolbarView.swift in Sources */ = {isa = PBXBuildFile; fileRef = 76F753CB2BCF9465000E6053 /* WhatIfToolbarView.swift */; };
		76F753D02BCF9563000E6053 /* ShareSheetView.swift in Sources */ = {isa = PBXBuildFile; fileRef = 8B65801B240B12E100A245DC /* ShareSheetView.swift */; };
		76F753D12BCF95E8000E6053 /* ComicModel.swift in Sources */ = {isa = PBXBuildFile; fileRef = 76A0FD982BCB44D100C0002E /* ComicModel.swift */; };
		76F753D32BCF966C000E6053 /* Kanna in Frameworks */ = {isa = PBXBuildFile; productRef = 76F753D22BCF966C000E6053 /* Kanna */; };
		8B0DBE00262DFB81004FA0DB /* HamburgerView.swift in Sources */ = {isa = PBXBuildFile; fileRef = 8B7B2C33262C930500B35825 /* HamburgerView.swift */; };
		8B0DBE01262DFB82004FA0DB /* HamburgerView.swift in Sources */ = {isa = PBXBuildFile; fileRef = 8B7B2C33262C930500B35825 /* HamburgerView.swift */; };
		8B23368223F6683C00C88BA1 /* ComicViewModel.swift in Sources */ = {isa = PBXBuildFile; fileRef = 8B23368123F6683C00C88BA1 /* ComicViewModel.swift */; };
		8B23368323F6683C00C88BA1 /* ComicViewModel.swift in Sources */ = {isa = PBXBuildFile; fileRef = 8B23368123F6683C00C88BA1 /* ComicViewModel.swift */; };
		8B23368423F6683C00C88BA1 /* ComicViewModel.swift in Sources */ = {isa = PBXBuildFile; fileRef = 8B23368123F6683C00C88BA1 /* ComicViewModel.swift */; };
		8B27AE40262FB9AB00351106 /* WidgetKit.framework in Frameworks */ = {isa = PBXBuildFile; fileRef = 8B27AE3F262FB9AB00351106 /* WidgetKit.framework */; };
		8B27AE42262FB9AB00351106 /* SwiftUI.framework in Frameworks */ = {isa = PBXBuildFile; fileRef = 8B27AE41262FB9AB00351106 /* SwiftUI.framework */; };
		8B27AE45262FB9AB00351106 /* dckx_Widget.swift in Sources */ = {isa = PBXBuildFile; fileRef = 8B27AE44262FB9AB00351106 /* dckx_Widget.swift */; };
		8B27AE47262FB9AD00351106 /* Assets.xcassets in Resources */ = {isa = PBXBuildFile; fileRef = 8B27AE46262FB9AD00351106 /* Assets.xcassets */; };
		8B27AE4B262FB9AD00351106 /* dckx WidgetExtension.appex in Embed Foundation Extensions */ = {isa = PBXBuildFile; fileRef = 8B27AE3E262FB9AB00351106 /* dckx WidgetExtension.appex */; settings = {ATTRIBUTES = (RemoveHeadersOnCopy, ); }; };
		8B27AE55262FBA3C00351106 /* dckxWidgetView.swift in Sources */ = {isa = PBXBuildFile; fileRef = 8B27AE54262FBA3C00351106 /* dckxWidgetView.swift */; };
		8B3049A3241830CC00D549DE /* ActivityIndicatorView.swift in Sources */ = {isa = PBXBuildFile; fileRef = 8B3049A2241830CC00D549DE /* ActivityIndicatorView.swift */; };
		8B3049A4241830CC00D549DE /* ActivityIndicatorView.swift in Sources */ = {isa = PBXBuildFile; fileRef = 8B3049A2241830CC00D549DE /* ActivityIndicatorView.swift */; };
		8B3049A5241830CC00D549DE /* ActivityIndicatorView.swift in Sources */ = {isa = PBXBuildFile; fileRef = 8B3049A2241830CC00D549DE /* ActivityIndicatorView.swift */; };
		8B3569182631D74700719BB8 /* ComicWidgetProvider.swift in Sources */ = {isa = PBXBuildFile; fileRef = 8B3569172631D74700719BB8 /* ComicWidgetProvider.swift */; };
		8B4A1285240828FD00D4F8B2 /* SnapshotHelper.swift in Sources */ = {isa = PBXBuildFile; fileRef = 8B4A1284240828FC00D4F8B2 /* SnapshotHelper.swift */; };
		8B4F4B9D23F5F444008446F4 /* ComicView.swift in Sources */ = {isa = PBXBuildFile; fileRef = 8B4F4B9C23F5F444008446F4 /* ComicView.swift */; };
		8B4F4B9F23F5F445008446F4 /* Assets.xcassets in Resources */ = {isa = PBXBuildFile; fileRef = 8B4F4B9E23F5F445008446F4 /* Assets.xcassets */; };
		8B4F4BA223F5F445008446F4 /* Preview Assets.xcassets in Resources */ = {isa = PBXBuildFile; fileRef = 8B4F4BA123F5F445008446F4 /* Preview Assets.xcassets */; };
		8B4F4BA523F5F445008446F4 /* LaunchScreen.storyboard in Resources */ = {isa = PBXBuildFile; fileRef = 8B4F4BA323F5F445008446F4 /* LaunchScreen.storyboard */; };
		8B4F4BB023F5F445008446F4 /* dckxTests.swift in Sources */ = {isa = PBXBuildFile; fileRef = 8B4F4BAF23F5F445008446F4 /* dckxTests.swift */; };
		8B4F4BBB23F5F445008446F4 /* dckxUITests.swift in Sources */ = {isa = PBXBuildFile; fileRef = 8B4F4BBA23F5F445008446F4 /* dckxUITests.swift */; };
		8B4F4BE023F5F9D5008446F4 /* XkcdAPI.swift in Sources */ = {isa = PBXBuildFile; fileRef = 8B4F4BDF23F5F9D5008446F4 /* XkcdAPI.swift */; };
		8B4F4BE123F5F9D5008446F4 /* XkcdAPI.swift in Sources */ = {isa = PBXBuildFile; fileRef = 8B4F4BDF23F5F9D5008446F4 /* XkcdAPI.swift */; };
		8B4F4BE223F5F9D5008446F4 /* XkcdAPI.swift in Sources */ = {isa = PBXBuildFile; fileRef = 8B4F4BDF23F5F9D5008446F4 /* XkcdAPI.swift */; };
		8B5307262602E6DF008BA7AB /* NavigationSearchBar.swift in Sources */ = {isa = PBXBuildFile; fileRef = 8B5307252602E6DF008BA7AB /* NavigationSearchBar.swift */; };
		8B626D702401B0A900972EED /* Constants.swift in Sources */ = {isa = PBXBuildFile; fileRef = 8B626D6F2401B0A900972EED /* Constants.swift */; };
		8B626D712401B0A900972EED /* Constants.swift in Sources */ = {isa = PBXBuildFile; fileRef = 8B626D6F2401B0A900972EED /* Constants.swift */; };
		8B626D742401BB6800972EED /* xkcd-script.ttf in Resources */ = {isa = PBXBuildFile; fileRef = 8B626D732401BB6800972EED /* xkcd-script.ttf */; };
		8B626D752401BB6800972EED /* xkcd-script.ttf in Resources */ = {isa = PBXBuildFile; fileRef = 8B626D732401BB6800972EED /* xkcd-script.ttf */; };
		8B626D762401C74600972EED /* Assets.xcassets in Resources */ = {isa = PBXBuildFile; fileRef = 8B4F4B9E23F5F445008446F4 /* Assets.xcassets */; };
		8B626D792401EB1200972EED /* XkcdAPITests.swift in Sources */ = {isa = PBXBuildFile; fileRef = 8B626D782401EB1200972EED /* XkcdAPITests.swift */; };
		8B626D872402122C00972EED /* BrowserView.swift in Sources */ = {isa = PBXBuildFile; fileRef = 8B626D862402122C00972EED /* BrowserView.swift */; };
		8B626D882402122C00972EED /* BrowserView.swift in Sources */ = {isa = PBXBuildFile; fileRef = 8B626D862402122C00972EED /* BrowserView.swift */; };
		8B626D892402122C00972EED /* BrowserView.swift in Sources */ = {isa = PBXBuildFile; fileRef = 8B626D862402122C00972EED /* BrowserView.swift */; };
		8B626D8A2402274A00972EED /* Constants.swift in Sources */ = {isa = PBXBuildFile; fileRef = 8B626D6F2401B0A900972EED /* Constants.swift */; };
		8B626D8B2402291A00972EED /* ComicView.swift in Sources */ = {isa = PBXBuildFile; fileRef = 8B4F4B9C23F5F444008446F4 /* ComicView.swift */; };
		8B626D8C2402291B00972EED /* ComicView.swift in Sources */ = {isa = PBXBuildFile; fileRef = 8B4F4B9C23F5F444008446F4 /* ComicView.swift */; };
		8B626DD82403C6C700972EED /* xkcd-script.ttf in Resources */ = {isa = PBXBuildFile; fileRef = 8B626D732401BB6800972EED /* xkcd-script.ttf */; };
		8B657FFF240ACCE200A245DC /* xkcd-script.woff in Resources */ = {isa = PBXBuildFile; fileRef = 8B657FFE240ACCE200A245DC /* xkcd-script.woff */; };
		8B658000240ACCE200A245DC /* xkcd-script.woff in Resources */ = {isa = PBXBuildFile; fileRef = 8B657FFE240ACCE200A245DC /* xkcd-script.woff */; };
		8B658001240ACCE200A245DC /* xkcd-script.woff in Resources */ = {isa = PBXBuildFile; fileRef = 8B657FFE240ACCE200A245DC /* xkcd-script.woff */; };
		8B658004240AD42600A245DC /* xkcd.otf in Resources */ = {isa = PBXBuildFile; fileRef = 8B658002240AD42500A245DC /* xkcd.otf */; };
		8B658005240AD42600A245DC /* xkcd.otf in Resources */ = {isa = PBXBuildFile; fileRef = 8B658002240AD42500A245DC /* xkcd.otf */; };
		8B658006240AD42600A245DC /* xkcd.otf in Resources */ = {isa = PBXBuildFile; fileRef = 8B658002240AD42500A245DC /* xkcd.otf */; };
		8B658007240AD42600A245DC /* xkcd-Regular.otf in Resources */ = {isa = PBXBuildFile; fileRef = 8B658003240AD42500A245DC /* xkcd-Regular.otf */; };
		8B658008240AD42600A245DC /* xkcd-Regular.otf in Resources */ = {isa = PBXBuildFile; fileRef = 8B658003240AD42500A245DC /* xkcd-Regular.otf */; };
		8B658009240AD42600A245DC /* xkcd-Regular.otf in Resources */ = {isa = PBXBuildFile; fileRef = 8B658003240AD42500A245DC /* xkcd-Regular.otf */; };
		8B658013240AE94400A245DC /* system.css in Resources */ = {isa = PBXBuildFile; fileRef = 8B658012240AE94400A245DC /* system.css */; };
		8B658014240AE94400A245DC /* system.css in Resources */ = {isa = PBXBuildFile; fileRef = 8B658012240AE94400A245DC /* system.css */; };
		8B658015240AE94400A245DC /* system.css in Resources */ = {isa = PBXBuildFile; fileRef = 8B658012240AE94400A245DC /* system.css */; };
		8B658017240AFED800A245DC /* MailView.swift in Sources */ = {isa = PBXBuildFile; fileRef = 8B658016240AFED800A245DC /* MailView.swift */; };
		8B658018240AFED800A245DC /* MailView.swift in Sources */ = {isa = PBXBuildFile; fileRef = 8B658016240AFED800A245DC /* MailView.swift */; };
		8B658019240AFED800A245DC /* MailView.swift in Sources */ = {isa = PBXBuildFile; fileRef = 8B658016240AFED800A245DC /* MailView.swift */; };
		8B65801C240B12E100A245DC /* ShareSheetView.swift in Sources */ = {isa = PBXBuildFile; fileRef = 8B65801B240B12E100A245DC /* ShareSheetView.swift */; };
		8B65801D240B12E100A245DC /* ShareSheetView.swift in Sources */ = {isa = PBXBuildFile; fileRef = 8B65801B240B12E100A245DC /* ShareSheetView.swift */; };
		8B65801E240B12E100A245DC /* ShareSheetView.swift in Sources */ = {isa = PBXBuildFile; fileRef = 8B65801B240B12E100A245DC /* ShareSheetView.swift */; };
		8B658020240B1C6E00A245DC /* NavigationToolbar.swift in Sources */ = {isa = PBXBuildFile; fileRef = 8B65801F240B1C6E00A245DC /* NavigationToolbar.swift */; };
		8B658021240B1C6E00A245DC /* NavigationToolbar.swift in Sources */ = {isa = PBXBuildFile; fileRef = 8B65801F240B1C6E00A245DC /* NavigationToolbar.swift */; };
		8B658022240B1C6E00A245DC /* NavigationToolbar.swift in Sources */ = {isa = PBXBuildFile; fileRef = 8B65801F240B1C6E00A245DC /* NavigationToolbar.swift */; };
		8B7B2C34262C930500B35825 /* HamburgerView.swift in Sources */ = {isa = PBXBuildFile; fileRef = 8B7B2C33262C930500B35825 /* HamburgerView.swift */; };
		8B7E5045262FBDD4002A094E /* NavigationToolbar.swift in Sources */ = {isa = PBXBuildFile; fileRef = 8B65801F240B1C6E00A245DC /* NavigationToolbar.swift */; };
		8B7E509D262FBF62002A094E /* SensitiveData.swift in Sources */ = {isa = PBXBuildFile; fileRef = 8B7E509C262FBF62002A094E /* SensitiveData.swift */; };
		8B7E509E262FBF62002A094E /* SensitiveData.swift in Sources */ = {isa = PBXBuildFile; fileRef = 8B7E509C262FBF62002A094E /* SensitiveData.swift */; };
		8B7E509F262FBF62002A094E /* SensitiveData.swift in Sources */ = {isa = PBXBuildFile; fileRef = 8B7E509C262FBF62002A094E /* SensitiveData.swift */; };
		8B7E51DA262FECF9002A094E /* AppGroup.swift in Sources */ = {isa = PBXBuildFile; fileRef = 8B7E51D9262FECF9002A094E /* AppGroup.swift */; };
		8B7E51DB262FECF9002A094E /* AppGroup.swift in Sources */ = {isa = PBXBuildFile; fileRef = 8B7E51D9262FECF9002A094E /* AppGroup.swift */; };
		8B7E51DC262FECF9002A094E /* AppGroup.swift in Sources */ = {isa = PBXBuildFile; fileRef = 8B7E51D9262FECF9002A094E /* AppGroup.swift */; };
		8B7E51DD262FECF9002A094E /* AppGroup.swift in Sources */ = {isa = PBXBuildFile; fileRef = 8B7E51D9262FECF9002A094E /* AppGroup.swift */; };
		8B82B2B42618C6AD008AD11D /* ListRowView.swift in Sources */ = {isa = PBXBuildFile; fileRef = 8B82B2B32618C6AD008AD11D /* ListRowView.swift */; };
		8B82B2B52618C6AD008AD11D /* ListRowView.swift in Sources */ = {isa = PBXBuildFile; fileRef = 8B82B2B32618C6AD008AD11D /* ListRowView.swift */; };
		8B82B2B62618C6AD008AD11D /* ListRowView.swift in Sources */ = {isa = PBXBuildFile; fileRef = 8B82B2B32618C6AD008AD11D /* ListRowView.swift */; };
		8B82B2C426192A9C008AD11D /* SettingsView.swift in Sources */ = {isa = PBXBuildFile; fileRef = 8B82B2C326192A9C008AD11D /* SettingsView.swift */; };
		8B82B2C526192A9C008AD11D /* SettingsView.swift in Sources */ = {isa = PBXBuildFile; fileRef = 8B82B2C326192A9C008AD11D /* SettingsView.swift */; };
		8B82B2C626192A9C008AD11D /* SettingsView.swift in Sources */ = {isa = PBXBuildFile; fileRef = 8B82B2C326192A9C008AD11D /* SettingsView.swift */; };
		8B8D9629260C5DE100A3C273 /* jquery-3.2.1.min.js in Resources */ = {isa = PBXBuildFile; fileRef = 8B8D9628260C5DE100A3C273 /* jquery-3.2.1.min.js */; };
		8B8D962A260C5DE100A3C273 /* jquery-3.2.1.min.js in Resources */ = {isa = PBXBuildFile; fileRef = 8B8D9628260C5DE100A3C273 /* jquery-3.2.1.min.js */; };
		8B8D962B260C5DE100A3C273 /* jquery-3.2.1.min.js in Resources */ = {isa = PBXBuildFile; fileRef = 8B8D9628260C5DE100A3C273 /* jquery-3.2.1.min.js */; };
		8B8D9633260C5DEF00A3C273 /* reader.js in Resources */ = {isa = PBXBuildFile; fileRef = 8B8D9632260C5DEF00A3C273 /* reader.js */; };
		8B8D9634260C5DEF00A3C273 /* reader.js in Resources */ = {isa = PBXBuildFile; fileRef = 8B8D9632260C5DEF00A3C273 /* reader.js */; };
		8B8D9635260C5DEF00A3C273 /* reader.js in Resources */ = {isa = PBXBuildFile; fileRef = 8B8D9632260C5DEF00A3C273 /* reader.js */; };
		8B8D963D260C5DFF00A3C273 /* dckx.css in Resources */ = {isa = PBXBuildFile; fileRef = 8B8D963C260C5DFF00A3C273 /* dckx.css */; };
		8B8D963E260C5DFF00A3C273 /* dckx.css in Resources */ = {isa = PBXBuildFile; fileRef = 8B8D963C260C5DFF00A3C273 /* dckx.css */; };
		8B8D963F260C5DFF00A3C273 /* dckx.css in Resources */ = {isa = PBXBuildFile; fileRef = 8B8D963C260C5DFF00A3C273 /* dckx.css */; };
		8B8D9657260C84BE00A3C273 /* epistemic_uncertainty.png in Resources */ = {isa = PBXBuildFile; fileRef = 8B8D9656260C84BE00A3C273 /* epistemic_uncertainty.png */; };
		8B8D9658260C84BE00A3C273 /* epistemic_uncertainty.png in Resources */ = {isa = PBXBuildFile; fileRef = 8B8D9656260C84BE00A3C273 /* epistemic_uncertainty.png */; };
		8B8D9659260C84BE00A3C273 /* epistemic_uncertainty.png in Resources */ = {isa = PBXBuildFile; fileRef = 8B8D9656260C84BE00A3C273 /* epistemic_uncertainty.png */; };
		8BA50E6C240A425500138D11 /* WebView.swift in Sources */ = {isa = PBXBuildFile; fileRef = 8BA50E6B240A425500138D11 /* WebView.swift */; };
		8BA50E6D240A425500138D11 /* WebView.swift in Sources */ = {isa = PBXBuildFile; fileRef = 8BA50E6B240A425500138D11 /* WebView.swift */; };
		8BA50E6E240A425500138D11 /* WebView.swift in Sources */ = {isa = PBXBuildFile; fileRef = 8BA50E6B240A425500138D11 /* WebView.swift */; };
		8BA5921925FEBEC1001CD883 /* HideScrollView.swift in Sources */ = {isa = PBXBuildFile; fileRef = 8BA5921825FEBEC1001CD883 /* HideScrollView.swift */; };
		8BBA24E3262B7E86000483DE /* GoogleService-Info.plist in Resources */ = {isa = PBXBuildFile; fileRef = 8BBA24E2262B7E86000483DE /* GoogleService-Info.plist */; };
		8BBA24E4262B7E86000483DE /* GoogleService-Info.plist in Resources */ = {isa = PBXBuildFile; fileRef = 8BBA24E2262B7E86000483DE /* GoogleService-Info.plist */; };
		8BBA24E5262B7E86000483DE /* GoogleService-Info.plist in Resources */ = {isa = PBXBuildFile; fileRef = 8BBA24E2262B7E86000483DE /* GoogleService-Info.plist */; };
		8BFA14B5262A4E0000BAD359 /* whatif.css in Resources */ = {isa = PBXBuildFile; fileRef = 8BFA14B4262A4E0000BAD359 /* whatif.css */; };
		8BFEFFFD24046D400090188A /* UIApplication+ResignKeyboardOnDragGesture.swift in Sources */ = {isa = PBXBuildFile; fileRef = 8BFEFFFC24046D400090188A /* UIApplication+ResignKeyboardOnDragGesture.swift */; };
		8BFEFFFE24046D400090188A /* UIApplication+ResignKeyboardOnDragGesture.swift in Sources */ = {isa = PBXBuildFile; fileRef = 8BFEFFFC24046D400090188A /* UIApplication+ResignKeyboardOnDragGesture.swift */; };
		8BFEFFFF24046D400090188A /* UIApplication+ResignKeyboardOnDragGesture.swift in Sources */ = {isa = PBXBuildFile; fileRef = 8BFEFFFC24046D400090188A /* UIApplication+ResignKeyboardOnDragGesture.swift */; };
/* End PBXBuildFile section */

/* Begin PBXContainerItemProxy section */
		8B27AE49262FB9AD00351106 /* PBXContainerItemProxy */ = {
			isa = PBXContainerItemProxy;
			containerPortal = 8B4F4B8D23F5F444008446F4 /* Project object */;
			proxyType = 1;
			remoteGlobalIDString = 8B27AE3D262FB9AB00351106;
			remoteInfo = "dckx WidgetExtension";
		};
		8B4F4BAC23F5F445008446F4 /* PBXContainerItemProxy */ = {
			isa = PBXContainerItemProxy;
			containerPortal = 8B4F4B8D23F5F444008446F4 /* Project object */;
			proxyType = 1;
			remoteGlobalIDString = 8B4F4B9423F5F444008446F4;
			remoteInfo = dckx;
		};
		8B4F4BB723F5F445008446F4 /* PBXContainerItemProxy */ = {
			isa = PBXContainerItemProxy;
			containerPortal = 8B4F4B8D23F5F444008446F4 /* Project object */;
			proxyType = 1;
			remoteGlobalIDString = 8B4F4B9423F5F444008446F4;
			remoteInfo = dckx;
		};
/* End PBXContainerItemProxy section */

/* Begin PBXCopyFilesBuildPhase section */
		8B27AE4C262FB9AD00351106 /* Embed Foundation Extensions */ = {
			isa = PBXCopyFilesBuildPhase;
			buildActionMask = 2147483647;
			dstPath = "";
			dstSubfolderSpec = 13;
			files = (
				8B27AE4B262FB9AD00351106 /* dckx WidgetExtension.appex in Embed Foundation Extensions */,
			);
			name = "Embed Foundation Extensions";
			runOnlyForDeploymentPostprocessing = 0;
		};
/* End PBXCopyFilesBuildPhase section */

/* Begin PBXFileReference section */
		761312C42BD02EC000A425EC /* WhatIfViewModel+HTML.swift */ = {isa = PBXFileReference; fileEncoding = 4; lastKnownFileType = sourcecode.swift; path = "WhatIfViewModel+HTML.swift"; sourceTree = "<group>"; };
		761312CA2BD05F2A00A425EC /* WhatIfListView.swift */ = {isa = PBXFileReference; fileEncoding = 4; lastKnownFileType = sourcecode.swift; path = WhatIfListView.swift; sourceTree = "<group>"; };
		7633F82F2BCCBA4F00B2F1A4 /* InteractiveImageView.swift */ = {isa = PBXFileReference; lastKnownFileType = sourcecode.swift; path = InteractiveImageView.swift; sourceTree = "<group>"; };
		7633F8342BCCC90700B2F1A4 /* ComicListView.swift */ = {isa = PBXFileReference; fileEncoding = 4; lastKnownFileType = sourcecode.swift; path = ComicListView.swift; sourceTree = "<group>"; };
		76389FC72BCE331600E2A4D0 /* NavigationButtonStyle.swift */ = {isa = PBXFileReference; lastKnownFileType = sourcecode.swift; path = NavigationButtonStyle.swift; sourceTree = "<group>"; };
		7649C7D72BCA026200A54E5F /* opencv2.framework */ = {isa = PBXFileReference; lastKnownFileType = wrapper.framework; name = opencv2.framework; path = ../../Downloads/opencv2.framework; sourceTree = "<group>"; };
		7649C7DD2BCA0BF600A54E5F /* PrefixHeader.pch */ = {isa = PBXFileReference; lastKnownFileType = sourcecode.c.h; path = PrefixHeader.pch; sourceTree = "<group>"; };
		7649C8762BCA50C100A54E5F /* OpenCV.h */ = {isa = PBXFileReference; fileEncoding = 4; lastKnownFileType = sourcecode.c.h; path = OpenCV.h; sourceTree = "<group>"; };
		7649C8772BCA50C100A54E5F /* OpenCVWrapper.mm */ = {isa = PBXFileReference; fileEncoding = 4; lastKnownFileType = sourcecode.cpp.objcpp; path = OpenCVWrapper.mm; sourceTree = "<group>"; };
		7649C87A2BCA5E5B00A54E5F /* ComicsData.cpp */ = {isa = PBXFileReference; lastKnownFileType = sourcecode.cpp.cpp; path = ComicsData.cpp; sourceTree = "<group>"; };
		7649C87B2BCA5E5B00A54E5F /* ComicsData.hpp */ = {isa = PBXFileReference; lastKnownFileType = sourcecode.cpp.h; path = ComicsData.hpp; sourceTree = "<group>"; };
		7649C8802BCA63EE00A54E5F /* Panel.cpp */ = {isa = PBXFileReference; fileEncoding = 4; lastKnownFileType = sourcecode.cpp.cpp; path = Panel.cpp; sourceTree = "<group>"; };
		7649C8812BCA63EE00A54E5F /* Panel.hpp */ = {isa = PBXFileReference; fileEncoding = 4; lastKnownFileType = sourcecode.cpp.h; path = Panel.hpp; sourceTree = "<group>"; };
		7649C8822BCA63EE00A54E5F /* ComicsPanelExtractor.hpp */ = {isa = PBXFileReference; fileEncoding = 4; lastKnownFileType = sourcecode.cpp.h; path = ComicsPanelExtractor.hpp; sourceTree = "<group>"; };
		7649C8832BCA63EE00A54E5F /* ComicsPanelExtractor.cpp */ = {isa = PBXFileReference; fileEncoding = 4; lastKnownFileType = sourcecode.cpp.cpp; path = ComicsPanelExtractor.cpp; sourceTree = "<group>"; };
		765579702BCB19EE009EB2E0 /* opencv2.xcframework */ = {isa = PBXFileReference; lastKnownFileType = wrapper.xcframework; path = opencv2.xcframework; sourceTree = "<group>"; };
		76A0FD982BCB44D100C0002E /* ComicModel.swift */ = {isa = PBXFileReference; lastKnownFileType = sourcecode.swift; path = ComicModel.swift; sourceTree = "<group>"; };
		76A0FD992BCB44D100C0002E /* WhatIfModel.swift */ = {isa = PBXFileReference; lastKnownFileType = sourcecode.swift; path = WhatIfModel.swift; sourceTree = "<group>"; };
		76A0FDA02BCB4AEA00C0002E /* dckxApp.swift */ = {isa = PBXFileReference; lastKnownFileType = sourcecode.swift; path = dckxApp.swift; sourceTree = "<group>"; };
		76A0FDA22BCB4B3300C0002E /* ContentView.swift */ = {isa = PBXFileReference; lastKnownFileType = sourcecode.swift; path = ContentView.swift; sourceTree = "<group>"; };
		76A0FDE02BCB92C600C0002E /* ComicToolbarView.swift */ = {isa = PBXFileReference; lastKnownFileType = sourcecode.swift; path = ComicToolbarView.swift; sourceTree = "<group>"; };
		76A0FDE42BCB931200C0002E /* ComicItemSource.swift */ = {isa = PBXFileReference; lastKnownFileType = sourcecode.swift; path = ComicItemSource.swift; sourceTree = "<group>"; };
		76F753B72BCF811D000E6053 /* WhatIfView.swift */ = {isa = PBXFileReference; fileEncoding = 4; lastKnownFileType = sourcecode.swift; path = WhatIfView.swift; sourceTree = "<group>"; };
		76F753BC2BCF85D1000E6053 /* WhatIfViewModel.swift */ = {isa = PBXFileReference; fileEncoding = 4; lastKnownFileType = sourcecode.swift; path = WhatIfViewModel.swift; sourceTree = "<group>"; };
		76F753CB2BCF9465000E6053 /* WhatIfToolbarView.swift */ = {isa = PBXFileReference; lastKnownFileType = sourcecode.swift; path = WhatIfToolbarView.swift; sourceTree = "<group>"; };
		8B1A4BF32624430F00DBCD7B /* dckx-Bridging-Header.h */ = {isa = PBXFileReference; lastKnownFileType = sourcecode.c.h; path = "dckx-Bridging-Header.h"; sourceTree = "<group>"; };
		8B1A4C4426253E2700DBCD7B /* Ji.framework */ = {isa = PBXFileReference; explicitFileType = wrapper.framework; path = Ji.framework; sourceTree = BUILT_PRODUCTS_DIR; };
		8B23368123F6683C00C88BA1 /* ComicViewModel.swift */ = {isa = PBXFileReference; lastKnownFileType = sourcecode.swift; path = ComicViewModel.swift; sourceTree = "<group>"; };
		8B27AE3E262FB9AB00351106 /* dckx WidgetExtension.appex */ = {isa = PBXFileReference; explicitFileType = "wrapper.app-extension"; includeInIndex = 0; path = "dckx WidgetExtension.appex"; sourceTree = BUILT_PRODUCTS_DIR; };
		8B27AE3F262FB9AB00351106 /* WidgetKit.framework */ = {isa = PBXFileReference; lastKnownFileType = wrapper.framework; name = WidgetKit.framework; path = System/Library/Frameworks/WidgetKit.framework; sourceTree = SDKROOT; };
		8B27AE41262FB9AB00351106 /* SwiftUI.framework */ = {isa = PBXFileReference; lastKnownFileType = wrapper.framework; name = SwiftUI.framework; path = System/Library/Frameworks/SwiftUI.framework; sourceTree = SDKROOT; };
		8B27AE44262FB9AB00351106 /* dckx_Widget.swift */ = {isa = PBXFileReference; lastKnownFileType = sourcecode.swift; path = dckx_Widget.swift; sourceTree = "<group>"; };
		8B27AE46262FB9AD00351106 /* Assets.xcassets */ = {isa = PBXFileReference; lastKnownFileType = folder.assetcatalog; path = Assets.xcassets; sourceTree = "<group>"; };
		8B27AE48262FB9AD00351106 /* Info.plist */ = {isa = PBXFileReference; lastKnownFileType = text.plist.xml; path = Info.plist; sourceTree = "<group>"; };
		8B27AE54262FBA3C00351106 /* dckxWidgetView.swift */ = {isa = PBXFileReference; lastKnownFileType = sourcecode.swift; path = dckxWidgetView.swift; sourceTree = "<group>"; };
		8B3049A2241830CC00D549DE /* ActivityIndicatorView.swift */ = {isa = PBXFileReference; lastKnownFileType = sourcecode.swift; path = ActivityIndicatorView.swift; sourceTree = "<group>"; };
		8B3569172631D74700719BB8 /* ComicWidgetProvider.swift */ = {isa = PBXFileReference; lastKnownFileType = sourcecode.swift; path = ComicWidgetProvider.swift; sourceTree = "<group>"; };
		8B45FAB5263072F600221AE0 /* Ji.framework */ = {isa = PBXFileReference; explicitFileType = wrapper.framework; path = Ji.framework; sourceTree = BUILT_PRODUCTS_DIR; };
		8B4A1284240828FC00D4F8B2 /* SnapshotHelper.swift */ = {isa = PBXFileReference; fileEncoding = 4; lastKnownFileType = sourcecode.swift; path = SnapshotHelper.swift; sourceTree = "<group>"; };
		8B4F4B9523F5F444008446F4 /* dckx.app */ = {isa = PBXFileReference; explicitFileType = wrapper.application; includeInIndex = 0; path = dckx.app; sourceTree = BUILT_PRODUCTS_DIR; };
		8B4F4B9C23F5F444008446F4 /* ComicView.swift */ = {isa = PBXFileReference; lastKnownFileType = sourcecode.swift; path = ComicView.swift; sourceTree = "<group>"; };
		8B4F4B9E23F5F445008446F4 /* Assets.xcassets */ = {isa = PBXFileReference; lastKnownFileType = folder.assetcatalog; path = Assets.xcassets; sourceTree = "<group>"; };
		8B4F4BA123F5F445008446F4 /* Preview Assets.xcassets */ = {isa = PBXFileReference; lastKnownFileType = folder.assetcatalog; path = "Preview Assets.xcassets"; sourceTree = "<group>"; };
		8B4F4BA423F5F445008446F4 /* Base */ = {isa = PBXFileReference; lastKnownFileType = file.storyboard; name = Base; path = Base.lproj/LaunchScreen.storyboard; sourceTree = "<group>"; };
		8B4F4BA623F5F445008446F4 /* Info.plist */ = {isa = PBXFileReference; lastKnownFileType = text.plist.xml; path = Info.plist; sourceTree = "<group>"; };
		8B4F4BAB23F5F445008446F4 /* dckxTests.xctest */ = {isa = PBXFileReference; explicitFileType = wrapper.cfbundle; includeInIndex = 0; path = dckxTests.xctest; sourceTree = BUILT_PRODUCTS_DIR; };
		8B4F4BAF23F5F445008446F4 /* dckxTests.swift */ = {isa = PBXFileReference; lastKnownFileType = sourcecode.swift; path = dckxTests.swift; sourceTree = "<group>"; };
		8B4F4BB123F5F445008446F4 /* Info.plist */ = {isa = PBXFileReference; lastKnownFileType = text.plist.xml; path = Info.plist; sourceTree = "<group>"; };
		8B4F4BB623F5F445008446F4 /* dckxUITests.xctest */ = {isa = PBXFileReference; explicitFileType = wrapper.cfbundle; includeInIndex = 0; path = dckxUITests.xctest; sourceTree = BUILT_PRODUCTS_DIR; };
		8B4F4BBA23F5F445008446F4 /* dckxUITests.swift */ = {isa = PBXFileReference; lastKnownFileType = sourcecode.swift; path = dckxUITests.swift; sourceTree = "<group>"; };
		8B4F4BBC23F5F445008446F4 /* Info.plist */ = {isa = PBXFileReference; lastKnownFileType = text.plist.xml; path = Info.plist; sourceTree = "<group>"; };
		8B4F4BDF23F5F9D5008446F4 /* XkcdAPI.swift */ = {isa = PBXFileReference; lastKnownFileType = sourcecode.swift; path = XkcdAPI.swift; sourceTree = "<group>"; };
		8B5307252602E6DF008BA7AB /* NavigationSearchBar.swift */ = {isa = PBXFileReference; lastKnownFileType = sourcecode.swift; path = NavigationSearchBar.swift; sourceTree = "<group>"; };
		8B626D6F2401B0A900972EED /* Constants.swift */ = {isa = PBXFileReference; lastKnownFileType = sourcecode.swift; path = Constants.swift; sourceTree = "<group>"; };
		8B626D732401BB6800972EED /* xkcd-script.ttf */ = {isa = PBXFileReference; lastKnownFileType = file; path = "xkcd-script.ttf"; sourceTree = "<group>"; };
		8B626D782401EB1200972EED /* XkcdAPITests.swift */ = {isa = PBXFileReference; lastKnownFileType = sourcecode.swift; path = XkcdAPITests.swift; sourceTree = "<group>"; };
		8B626D862402122C00972EED /* BrowserView.swift */ = {isa = PBXFileReference; lastKnownFileType = sourcecode.swift; path = BrowserView.swift; sourceTree = "<group>"; };
		8B657FFE240ACCE200A245DC /* xkcd-script.woff */ = {isa = PBXFileReference; lastKnownFileType = file; path = "xkcd-script.woff"; sourceTree = "<group>"; };
		8B658002240AD42500A245DC /* xkcd.otf */ = {isa = PBXFileReference; lastKnownFileType = file; path = xkcd.otf; sourceTree = "<group>"; };
		8B658003240AD42500A245DC /* xkcd-Regular.otf */ = {isa = PBXFileReference; lastKnownFileType = file; path = "xkcd-Regular.otf"; sourceTree = "<group>"; };
		8B658012240AE94400A245DC /* system.css */ = {isa = PBXFileReference; lastKnownFileType = text.css; path = system.css; sourceTree = "<group>"; };
		8B658016240AFED800A245DC /* MailView.swift */ = {isa = PBXFileReference; lastKnownFileType = sourcecode.swift; path = MailView.swift; sourceTree = "<group>"; };
		8B65801B240B12E100A245DC /* ShareSheetView.swift */ = {isa = PBXFileReference; lastKnownFileType = sourcecode.swift; path = ShareSheetView.swift; sourceTree = "<group>"; };
		8B65801F240B1C6E00A245DC /* NavigationToolbar.swift */ = {isa = PBXFileReference; lastKnownFileType = sourcecode.swift; path = NavigationToolbar.swift; sourceTree = "<group>"; };
		8B7B2C33262C930500B35825 /* HamburgerView.swift */ = {isa = PBXFileReference; lastKnownFileType = sourcecode.swift; path = HamburgerView.swift; sourceTree = "<group>"; };
		8B7E509C262FBF62002A094E /* SensitiveData.swift */ = {isa = PBXFileReference; lastKnownFileType = sourcecode.swift; path = SensitiveData.swift; sourceTree = "<group>"; };
		8B7E51CF262FEAC7002A094E /* dckx.entitlements */ = {isa = PBXFileReference; lastKnownFileType = text.plist.entitlements; path = dckx.entitlements; sourceTree = "<group>"; };
		8B7E51D4262FEC80002A094E /* dckx WidgetExtension.entitlements */ = {isa = PBXFileReference; lastKnownFileType = text.plist.entitlements; path = "dckx WidgetExtension.entitlements"; sourceTree = "<group>"; };
		8B7E51D9262FECF9002A094E /* AppGroup.swift */ = {isa = PBXFileReference; lastKnownFileType = sourcecode.swift; path = AppGroup.swift; sourceTree = "<group>"; };
		8B82B2B32618C6AD008AD11D /* ListRowView.swift */ = {isa = PBXFileReference; lastKnownFileType = sourcecode.swift; path = ListRowView.swift; sourceTree = "<group>"; };
		8B82B2C326192A9C008AD11D /* SettingsView.swift */ = {isa = PBXFileReference; lastKnownFileType = sourcecode.swift; path = SettingsView.swift; sourceTree = "<group>"; };
		8B8D9628260C5DE100A3C273 /* jquery-3.2.1.min.js */ = {isa = PBXFileReference; fileEncoding = 4; lastKnownFileType = sourcecode.javascript; path = "jquery-3.2.1.min.js"; sourceTree = "<group>"; };
		8B8D9632260C5DEF00A3C273 /* reader.js */ = {isa = PBXFileReference; fileEncoding = 4; lastKnownFileType = sourcecode.javascript; path = reader.js; sourceTree = "<group>"; };
		8B8D963C260C5DFF00A3C273 /* dckx.css */ = {isa = PBXFileReference; fileEncoding = 4; lastKnownFileType = text.css; path = dckx.css; sourceTree = "<group>"; };
		8B8D9656260C84BE00A3C273 /* epistemic_uncertainty.png */ = {isa = PBXFileReference; lastKnownFileType = image.png; path = epistemic_uncertainty.png; sourceTree = "<group>"; };
		8B9ADC0E260AC46600B0DED8 /* Ji.framework */ = {isa = PBXFileReference; explicitFileType = wrapper.framework; path = Ji.framework; sourceTree = BUILT_PRODUCTS_DIR; };
		8BA50E6B240A425500138D11 /* WebView.swift */ = {isa = PBXFileReference; lastKnownFileType = sourcecode.swift; path = WebView.swift; sourceTree = "<group>"; };
		8BA5921825FEBEC1001CD883 /* HideScrollView.swift */ = {isa = PBXFileReference; lastKnownFileType = sourcecode.swift; path = HideScrollView.swift; sourceTree = "<group>"; };
		8BBA24E2262B7E86000483DE /* GoogleService-Info.plist */ = {isa = PBXFileReference; fileEncoding = 4; lastKnownFileType = text.plist.xml; path = "GoogleService-Info.plist"; sourceTree = "<group>"; };
		8BFA14B4262A4E0000BAD359 /* whatif.css */ = {isa = PBXFileReference; lastKnownFileType = text.css; path = whatif.css; sourceTree = "<group>"; };
		8BFEFFFC24046D400090188A /* UIApplication+ResignKeyboardOnDragGesture.swift */ = {isa = PBXFileReference; lastKnownFileType = sourcecode.swift; path = "UIApplication+ResignKeyboardOnDragGesture.swift"; sourceTree = "<group>"; };
/* End PBXFileReference section */

/* Begin PBXFrameworksBuildPhase section */
		8B27AE3B262FB9AB00351106 /* Frameworks */ = {
			isa = PBXFrameworksBuildPhase;
			buildActionMask = 2147483647;
			files = (
				761312D22BD0651500A425EC /* SDWebImageSwiftUI in Frameworks */,
				76F753D32BCF966C000E6053 /* Kanna in Frameworks */,
				8B27AE42262FB9AB00351106 /* SwiftUI.framework in Frameworks */,
				8B27AE40262FB9AB00351106 /* WidgetKit.framework in Frameworks */,
			);
			runOnlyForDeploymentPostprocessing = 0;
		};
		8B4F4B9223F5F444008446F4 /* Frameworks */ = {
			isa = PBXFrameworksBuildPhase;
			buildActionMask = 2147483647;
			files = (
				76F753B22BCF1CF9000E6053 /* SDWebImageSwiftUI in Frameworks */,
				7633F81F2BCC9EE300B2F1A4 /* SDWebImage in Frameworks */,
				580566AC2BC9E2E900187556 /* FirebaseAnalyticsSwift in Frameworks */,
				580566AA2BC9E2E900187556 /* FirebaseAnalytics in Frameworks */,
				580566AF2BC9E38100187556 /* Kanna in Frameworks */,
				765579712BCB19EE009EB2E0 /* opencv2.xcframework in Frameworks */,
				76A0FD812BCB26A200C0002E /* BetterSafariView in Frameworks */,
			);
			runOnlyForDeploymentPostprocessing = 0;
		};
		8B4F4BA823F5F445008446F4 /* Frameworks */ = {
			isa = PBXFrameworksBuildPhase;
			buildActionMask = 2147483647;
			files = (
				76F753B42BCF5B4C000E6053 /* SDWebImageSwiftUI in Frameworks */,
				7633F8252BCC9F0E00B2F1A4 /* FirebaseAnalyticsSwift in Frameworks */,
				7633F8232BCC9F0E00B2F1A4 /* FirebaseAnalytics in Frameworks */,
				7633F8272BCC9F0E00B2F1A4 /* Kanna in Frameworks */,
				7633F8212BCC9F0E00B2F1A4 /* BetterSafariView in Frameworks */,
				7633F8292BCC9F0E00B2F1A4 /* SDWebImage in Frameworks */,
			);
			runOnlyForDeploymentPostprocessing = 0;
		};
		8B4F4BB323F5F445008446F4 /* Frameworks */ = {
			isa = PBXFrameworksBuildPhase;
			buildActionMask = 2147483647;
			files = (
				76F753B62BCF5B55000E6053 /* SDWebImageSwiftUI in Frameworks */,
				76A0FD872BCB286C00C0002E /* FirebaseAnalyticsSwift in Frameworks */,
				76A0FD852BCB286C00C0002E /* FirebaseAnalytics in Frameworks */,
				7633F82B2BCC9F2100B2F1A4 /* Kanna in Frameworks */,
				76A0FD832BCB27C200C0002E /* BetterSafariView in Frameworks */,
				7633F82D2BCC9F2100B2F1A4 /* SDWebImage in Frameworks */,
			);
			runOnlyForDeploymentPostprocessing = 0;
		};
/* End PBXFrameworksBuildPhase section */

/* Begin PBXGroup section */
		7633F82E2BCCBA1800B2F1A4 /* Subviews */ = {
			isa = PBXGroup;
			children = (
				76A0FDE42BCB931200C0002E /* ComicItemSource.swift */,
				76A0FDE02BCB92C600C0002E /* ComicToolbarView.swift */,
				7633F82F2BCCBA4F00B2F1A4 /* InteractiveImageView.swift */,
			);
			path = Subviews;
			sourceTree = "<group>";
		};
		76A0FD8A2BCB2E6700C0002E /* Model */ = {
			isa = PBXGroup;
			children = (
				76A0FD982BCB44D100C0002E /* ComicModel.swift */,
				76A0FD992BCB44D100C0002E /* WhatIfModel.swift */,
			);
			path = Model;
			sourceTree = "<group>";
		};
		76F753CA2BCF9445000E6053 /* Subviews */ = {
			isa = PBXGroup;
			children = (
				76F753CB2BCF9465000E6053 /* WhatIfToolbarView.swift */,
			);
			path = Subviews;
			sourceTree = "<group>";
		};
		8B27AE43262FB9AB00351106 /* dckx Widget */ = {
			isa = PBXGroup;
			children = (
				8B27AE44262FB9AB00351106 /* dckx_Widget.swift */,
				8B27AE46262FB9AD00351106 /* Assets.xcassets */,
				8B27AE48262FB9AD00351106 /* Info.plist */,
				8B27AE54262FBA3C00351106 /* dckxWidgetView.swift */,
			);
			path = "dckx Widget";
			sourceTree = "<group>";
		};
		8B4F4B8C23F5F444008446F4 = {
			isa = PBXGroup;
			children = (
				8B7E51D4262FEC80002A094E /* dckx WidgetExtension.entitlements */,
				8B7E51CF262FEAC7002A094E /* dckx.entitlements */,
				765579702BCB19EE009EB2E0 /* opencv2.xcframework */,
				8B4F4B9723F5F444008446F4 /* dckx */,
				8B4F4BAE23F5F445008446F4 /* dckxTests */,
				8B4F4BB923F5F445008446F4 /* dckxUITests */,
				8B27AE43262FB9AB00351106 /* dckx Widget */,
				8B4F4B9623F5F444008446F4 /* Products */,
				921AF9F2F90CBC7F2736030E /* Frameworks */,
			);
			sourceTree = "<group>";
		};
		8B4F4B9623F5F444008446F4 /* Products */ = {
			isa = PBXGroup;
			children = (
				8B4F4B9523F5F444008446F4 /* dckx.app */,
				8B4F4BAB23F5F445008446F4 /* dckxTests.xctest */,
				8B4F4BB623F5F445008446F4 /* dckxUITests.xctest */,
				8B27AE3E262FB9AB00351106 /* dckx WidgetExtension.appex */,
			);
			name = Products;
			sourceTree = "<group>";
		};
		8B4F4B9723F5F444008446F4 /* dckx */ = {
			isa = PBXGroup;
			children = (
				8BE1EC152416C2F0008B2D8C /* Comics */,
				8B73671D2601121300B06575 /* Experimental */,
				76A0FD8A2BCB2E6700C0002E /* Model */,
				8BFDD2A826097E2800B7B5F9 /* OpenCV */,
				8B4F4BA023F5F445008446F4 /* Preview Content */,
				8B4F4BCE23F5F637008446F4 /* Views */,
				8B4F4BE323F603B1008446F4 /* Utilities */,
				8BE1EC162416C2F9008B2D8C /* What If */,
				8B626D722401BB1D00972EED /* resources */,
				76A0FDA02BCB4AEA00C0002E /* dckxApp.swift */,
				76A0FDA22BCB4B3300C0002E /* ContentView.swift */,
				8B4F4B9E23F5F445008446F4 /* Assets.xcassets */,
				8B4F4BA323F5F445008446F4 /* LaunchScreen.storyboard */,
				8B4F4BA623F5F445008446F4 /* Info.plist */,
				8BBA24E2262B7E86000483DE /* GoogleService-Info.plist */,
				8B1A4BF32624430F00DBCD7B /* dckx-Bridging-Header.h */,
				7649C7DD2BCA0BF600A54E5F /* PrefixHeader.pch */,
			);
			path = dckx;
			sourceTree = "<group>";
		};
		8B4F4BA023F5F445008446F4 /* Preview Content */ = {
			isa = PBXGroup;
			children = (
				8B4F4BA123F5F445008446F4 /* Preview Assets.xcassets */,
			);
			path = "Preview Content";
			sourceTree = "<group>";
		};
		8B4F4BAE23F5F445008446F4 /* dckxTests */ = {
			isa = PBXGroup;
			children = (
				8B4F4BAF23F5F445008446F4 /* dckxTests.swift */,
				8B4F4BB123F5F445008446F4 /* Info.plist */,
				8B626D782401EB1200972EED /* XkcdAPITests.swift */,
			);
			path = dckxTests;
			sourceTree = "<group>";
		};
		8B4F4BB923F5F445008446F4 /* dckxUITests */ = {
			isa = PBXGroup;
			children = (
				8B4A1284240828FC00D4F8B2 /* SnapshotHelper.swift */,
				8B4F4BBA23F5F445008446F4 /* dckxUITests.swift */,
				8B4F4BBC23F5F445008446F4 /* Info.plist */,
			);
			path = dckxUITests;
			sourceTree = "<group>";
		};
		8B4F4BCE23F5F637008446F4 /* Views */ = {
			isa = PBXGroup;
			children = (
				8B3049A2241830CC00D549DE /* ActivityIndicatorView.swift */,
				8B626D862402122C00972EED /* BrowserView.swift */,
				8B7B2C33262C930500B35825 /* HamburgerView.swift */,
				8B82B2B32618C6AD008AD11D /* ListRowView.swift */,
				8B658016240AFED800A245DC /* MailView.swift */,
				8B65801F240B1C6E00A245DC /* NavigationToolbar.swift */,
				76389FC72BCE331600E2A4D0 /* NavigationButtonStyle.swift */,
				8B82B2C326192A9C008AD11D /* SettingsView.swift */,
				8B65801B240B12E100A245DC /* ShareSheetView.swift */,
				8BA50E6B240A425500138D11 /* WebView.swift */,
			);
			path = Views;
			sourceTree = "<group>";
		};
		8B4F4BE323F603B1008446F4 /* Utilities */ = {
			isa = PBXGroup;
			children = (
				8B7E51D9262FECF9002A094E /* AppGroup.swift */,
				8B626D6F2401B0A900972EED /* Constants.swift */,
				8B7E509C262FBF62002A094E /* SensitiveData.swift */,
				8BFEFFFC24046D400090188A /* UIApplication+ResignKeyboardOnDragGesture.swift */,
				8B4F4BDF23F5F9D5008446F4 /* XkcdAPI.swift */,
			);
			path = Utilities;
			sourceTree = "<group>";
		};
		8B626D722401BB1D00972EED /* resources */ = {
			isa = PBXGroup;
			children = (
				8B8D963C260C5DFF00A3C273 /* dckx.css */,
				8B8D9656260C84BE00A3C273 /* epistemic_uncertainty.png */,
				8B8D9628260C5DE100A3C273 /* jquery-3.2.1.min.js */,
				8B8D9632260C5DEF00A3C273 /* reader.js */,
				8B658012240AE94400A245DC /* system.css */,
				8BFA14B4262A4E0000BAD359 /* whatif.css */,
				8B658003240AD42500A245DC /* xkcd-Regular.otf */,
				8B626D732401BB6800972EED /* xkcd-script.ttf */,
				8B657FFE240ACCE200A245DC /* xkcd-script.woff */,
				8B658002240AD42500A245DC /* xkcd.otf */,
			);
			path = resources;
			sourceTree = "<group>";
		};
		8B73671D2601121300B06575 /* Experimental */ = {
			isa = PBXGroup;
			children = (
				8BA5921825FEBEC1001CD883 /* HideScrollView.swift */,
				8B5307252602E6DF008BA7AB /* NavigationSearchBar.swift */,
			);
			path = Experimental;
			sourceTree = "<group>";
		};
		8BE1EC152416C2F0008B2D8C /* Comics */ = {
			isa = PBXGroup;
			children = (
				7633F82E2BCCBA1800B2F1A4 /* Subviews */,
				7633F8342BCCC90700B2F1A4 /* ComicListView.swift */,
				8B4F4B9C23F5F444008446F4 /* ComicView.swift */,
				8B23368123F6683C00C88BA1 /* ComicViewModel.swift */,
				8B3569172631D74700719BB8 /* ComicWidgetProvider.swift */,
			);
			path = Comics;
			sourceTree = "<group>";
		};
		8BE1EC162416C2F9008B2D8C /* What If */ = {
			isa = PBXGroup;
			children = (
				76F753CA2BCF9445000E6053 /* Subviews */,
				761312CA2BD05F2A00A425EC /* WhatIfListView.swift */,
				76F753B72BCF811D000E6053 /* WhatIfView.swift */,
				76F753BC2BCF85D1000E6053 /* WhatIfViewModel.swift */,
				761312C42BD02EC000A425EC /* WhatIfViewModel+HTML.swift */,
			);
			path = "What If";
			sourceTree = "<group>";
		};
		8BFDD2A826097E2800B7B5F9 /* OpenCV */ = {
			isa = PBXGroup;
			children = (
				7649C87A2BCA5E5B00A54E5F /* ComicsData.cpp */,
				7649C87B2BCA5E5B00A54E5F /* ComicsData.hpp */,
				7649C8832BCA63EE00A54E5F /* ComicsPanelExtractor.cpp */,
				7649C8822BCA63EE00A54E5F /* ComicsPanelExtractor.hpp */,
				7649C8762BCA50C100A54E5F /* OpenCV.h */,
				7649C8772BCA50C100A54E5F /* OpenCVWrapper.mm */,
				7649C8802BCA63EE00A54E5F /* Panel.cpp */,
				7649C8812BCA63EE00A54E5F /* Panel.hpp */,
			);
			path = OpenCV;
			sourceTree = "<group>";
		};
		921AF9F2F90CBC7F2736030E /* Frameworks */ = {
			isa = PBXGroup;
			children = (
				7649C7D72BCA026200A54E5F /* opencv2.framework */,
				8B45FAB5263072F600221AE0 /* Ji.framework */,
				8B1A4C4426253E2700DBCD7B /* Ji.framework */,
				8B9ADC0E260AC46600B0DED8 /* Ji.framework */,
				8B27AE3F262FB9AB00351106 /* WidgetKit.framework */,
				8B27AE41262FB9AB00351106 /* SwiftUI.framework */,
			);
			name = Frameworks;
			sourceTree = "<group>";
		};
/* End PBXGroup section */

/* Begin PBXNativeTarget section */
		8B27AE3D262FB9AB00351106 /* dckx WidgetExtension */ = {
			isa = PBXNativeTarget;
			buildConfigurationList = 8B27AE4F262FB9AD00351106 /* Build configuration list for PBXNativeTarget "dckx WidgetExtension" */;
			buildPhases = (
				8B27AE3A262FB9AB00351106 /* Sources */,
				8B27AE3B262FB9AB00351106 /* Frameworks */,
				8B27AE3C262FB9AB00351106 /* Resources */,
			);
			buildRules = (
			);
			dependencies = (
			);
			name = "dckx WidgetExtension";
			packageProductDependencies = (
				76F753D22BCF966C000E6053 /* Kanna */,
				761312D12BD0651500A425EC /* SDWebImageSwiftUI */,
			);
			productName = "dckx WidgetExtension";
			productReference = 8B27AE3E262FB9AB00351106 /* dckx WidgetExtension.appex */;
			productType = "com.apple.product-type.app-extension";
		};
		8B4F4B9423F5F444008446F4 /* dckx */ = {
			isa = PBXNativeTarget;
			buildConfigurationList = 8B4F4BBF23F5F445008446F4 /* Build configuration list for PBXNativeTarget "dckx" */;
			buildPhases = (
				8B4F4B9123F5F444008446F4 /* Sources */,
				8B4F4B9223F5F444008446F4 /* Frameworks */,
				8B4F4B9323F5F444008446F4 /* Resources */,
				8B27AE4C262FB9AD00351106 /* Embed Foundation Extensions */,
			);
			buildRules = (
			);
			dependencies = (
				8B27AE4A262FB9AD00351106 /* PBXTargetDependency */,
			);
			name = dckx;
			packageProductDependencies = (
				580566A92BC9E2E900187556 /* FirebaseAnalytics */,
				580566AB2BC9E2E900187556 /* FirebaseAnalyticsSwift */,
				580566AE2BC9E38100187556 /* Kanna */,
				76A0FD802BCB26A200C0002E /* BetterSafariView */,
				7633F81E2BCC9EE300B2F1A4 /* SDWebImage */,
				76F753B12BCF1CF9000E6053 /* SDWebImageSwiftUI */,
			);
			productName = dckx;
			productReference = 8B4F4B9523F5F444008446F4 /* dckx.app */;
			productType = "com.apple.product-type.application";
		};
		8B4F4BAA23F5F445008446F4 /* dckxTests */ = {
			isa = PBXNativeTarget;
			buildConfigurationList = 8B4F4BC223F5F445008446F4 /* Build configuration list for PBXNativeTarget "dckxTests" */;
			buildPhases = (
				8B4F4BA723F5F445008446F4 /* Sources */,
				8B4F4BA823F5F445008446F4 /* Frameworks */,
				8B4F4BA923F5F445008446F4 /* Resources */,
			);
			buildRules = (
			);
			dependencies = (
				8B4F4BAD23F5F445008446F4 /* PBXTargetDependency */,
			);
			name = dckxTests;
			packageProductDependencies = (
				7633F8202BCC9F0E00B2F1A4 /* BetterSafariView */,
				7633F8222BCC9F0E00B2F1A4 /* FirebaseAnalytics */,
				7633F8242BCC9F0E00B2F1A4 /* FirebaseAnalyticsSwift */,
				7633F8262BCC9F0E00B2F1A4 /* Kanna */,
				7633F8282BCC9F0E00B2F1A4 /* SDWebImage */,
				76F753B32BCF5B4C000E6053 /* SDWebImageSwiftUI */,
			);
			productName = dckxTests;
			productReference = 8B4F4BAB23F5F445008446F4 /* dckxTests.xctest */;
			productType = "com.apple.product-type.bundle.unit-test";
		};
		8B4F4BB523F5F445008446F4 /* dckxUITests */ = {
			isa = PBXNativeTarget;
			buildConfigurationList = 8B4F4BC523F5F445008446F4 /* Build configuration list for PBXNativeTarget "dckxUITests" */;
			buildPhases = (
				8B4F4BB223F5F445008446F4 /* Sources */,
				8B4F4BB323F5F445008446F4 /* Frameworks */,
				8B4F4BB423F5F445008446F4 /* Resources */,
			);
			buildRules = (
			);
			dependencies = (
				8B4F4BB823F5F445008446F4 /* PBXTargetDependency */,
			);
			name = dckxUITests;
			packageProductDependencies = (
				76A0FD822BCB27C200C0002E /* BetterSafariView */,
				76A0FD842BCB286C00C0002E /* FirebaseAnalytics */,
				76A0FD862BCB286C00C0002E /* FirebaseAnalyticsSwift */,
				7633F82A2BCC9F2100B2F1A4 /* Kanna */,
				7633F82C2BCC9F2100B2F1A4 /* SDWebImage */,
				76F753B52BCF5B55000E6053 /* SDWebImageSwiftUI */,
			);
			productName = dckxUITests;
			productReference = 8B4F4BB623F5F445008446F4 /* dckxUITests.xctest */;
			productType = "com.apple.product-type.bundle.ui-testing";
		};
/* End PBXNativeTarget section */

/* Begin PBXProject section */
		8B4F4B8D23F5F444008446F4 /* Project object */ = {
			isa = PBXProject;
			attributes = {
				BuildIndependentTargetsInParallel = YES;
				LastSwiftUpdateCheck = 1240;
				LastUpgradeCheck = 1530;
				ORGANIZATIONNAME = "Vito Royeca";
				TargetAttributes = {
					8B27AE3D262FB9AB00351106 = {
						CreatedOnToolsVersion = 12.4;
						LastSwiftMigration = 1530;
					};
					8B4F4B9423F5F444008446F4 = {
						CreatedOnToolsVersion = 11.3.1;
						LastSwiftMigration = 1240;
					};
					8B4F4BAA23F5F445008446F4 = {
						CreatedOnToolsVersion = 11.3.1;
						LastSwiftMigration = 1240;
						TestTargetID = 8B4F4B9423F5F444008446F4;
					};
					8B4F4BB523F5F445008446F4 = {
						CreatedOnToolsVersion = 11.3.1;
						LastSwiftMigration = 1240;
						TestTargetID = 8B4F4B9423F5F444008446F4;
					};
				};
			};
			buildConfigurationList = 8B4F4B9023F5F444008446F4 /* Build configuration list for PBXProject "dckx" */;
			compatibilityVersion = "Xcode 9.3";
			developmentRegion = en;
			hasScannedForEncodings = 0;
			knownRegions = (
				en,
				Base,
			);
			mainGroup = 8B4F4B8C23F5F444008446F4;
			packageReferences = (
				8B2C042E2606662C00AF58E0 /* XCRemoteSwiftPackageReference "BetterSafariView" */,
				580566A82BC9E2E900187556 /* XCRemoteSwiftPackageReference "firebase-ios-sdk" */,
				580566AD2BC9E38100187556 /* XCRemoteSwiftPackageReference "kanna" */,
				580566B12BC9E66900187556 /* XCRemoteSwiftPackageReference "SwiftRater" */,
				7633F81D2BCC9EE300B2F1A4 /* XCRemoteSwiftPackageReference "SDWebImage" */,
				76F753B02BCF1CF9000E6053 /* XCRemoteSwiftPackageReference "SDWebImageSwiftUI" */,
			);
			productRefGroup = 8B4F4B9623F5F444008446F4 /* Products */;
			projectDirPath = "";
			projectRoot = "";
			targets = (
				8B4F4B9423F5F444008446F4 /* dckx */,
				8B4F4BAA23F5F445008446F4 /* dckxTests */,
				8B4F4BB523F5F445008446F4 /* dckxUITests */,
				8B27AE3D262FB9AB00351106 /* dckx WidgetExtension */,
			);
		};
/* End PBXProject section */

/* Begin PBXResourcesBuildPhase section */
		8B27AE3C262FB9AB00351106 /* Resources */ = {
			isa = PBXResourcesBuildPhase;
			buildActionMask = 2147483647;
			files = (
				8B27AE47262FB9AD00351106 /* Assets.xcassets in Resources */,
			);
			runOnlyForDeploymentPostprocessing = 0;
		};
		8B4F4B9323F5F444008446F4 /* Resources */ = {
			isa = PBXResourcesBuildPhase;
			buildActionMask = 2147483647;
			files = (
				8B8D963D260C5DFF00A3C273 /* dckx.css in Resources */,
				8BBA24E3262B7E86000483DE /* GoogleService-Info.plist in Resources */,
				8B8D9633260C5DEF00A3C273 /* reader.js in Resources */,
				8B658007240AD42600A245DC /* xkcd-Regular.otf in Resources */,
				8B657FFF240ACCE200A245DC /* xkcd-script.woff in Resources */,
				8B658013240AE94400A245DC /* system.css in Resources */,
				8B4F4BA523F5F445008446F4 /* LaunchScreen.storyboard in Resources */,
				8B4F4BA223F5F445008446F4 /* Preview Assets.xcassets in Resources */,
				8B4F4B9F23F5F445008446F4 /* Assets.xcassets in Resources */,
				8B8D9629260C5DE100A3C273 /* jquery-3.2.1.min.js in Resources */,
				8BFA14B5262A4E0000BAD359 /* whatif.css in Resources */,
				8B8D9657260C84BE00A3C273 /* epistemic_uncertainty.png in Resources */,
				8B658004240AD42600A245DC /* xkcd.otf in Resources */,
				8B626D742401BB6800972EED /* xkcd-script.ttf in Resources */,
			);
			runOnlyForDeploymentPostprocessing = 0;
		};
		8B4F4BA923F5F445008446F4 /* Resources */ = {
			isa = PBXResourcesBuildPhase;
			buildActionMask = 2147483647;
			files = (
				8B658000240ACCE200A245DC /* xkcd-script.woff in Resources */,
				8B8D963E260C5DFF00A3C273 /* dckx.css in Resources */,
				8B658005240AD42600A245DC /* xkcd.otf in Resources */,
				8B626DD82403C6C700972EED /* xkcd-script.ttf in Resources */,
				8B658008240AD42600A245DC /* xkcd-Regular.otf in Resources */,
				8B658014240AE94400A245DC /* system.css in Resources */,
				8B8D9658260C84BE00A3C273 /* epistemic_uncertainty.png in Resources */,
				8BBA24E4262B7E86000483DE /* GoogleService-Info.plist in Resources */,
				8B8D962A260C5DE100A3C273 /* jquery-3.2.1.min.js in Resources */,
				8B8D9634260C5DEF00A3C273 /* reader.js in Resources */,
			);
			runOnlyForDeploymentPostprocessing = 0;
		};
		8B4F4BB423F5F445008446F4 /* Resources */ = {
			isa = PBXResourcesBuildPhase;
			buildActionMask = 2147483647;
			files = (
				8B658006240AD42600A245DC /* xkcd.otf in Resources */,
				8B8D9635260C5DEF00A3C273 /* reader.js in Resources */,
				8B658015240AE94400A245DC /* system.css in Resources */,
				8B658001240ACCE200A245DC /* xkcd-script.woff in Resources */,
				8B658009240AD42600A245DC /* xkcd-Regular.otf in Resources */,
				8BBA24E5262B7E86000483DE /* GoogleService-Info.plist in Resources */,
				8B626D762401C74600972EED /* Assets.xcassets in Resources */,
				8B8D9659260C84BE00A3C273 /* epistemic_uncertainty.png in Resources */,
				8B8D963F260C5DFF00A3C273 /* dckx.css in Resources */,
				8B626D752401BB6800972EED /* xkcd-script.ttf in Resources */,
				8B8D962B260C5DE100A3C273 /* jquery-3.2.1.min.js in Resources */,
			);
			runOnlyForDeploymentPostprocessing = 0;
		};
/* End PBXResourcesBuildPhase section */

/* Begin PBXSourcesBuildPhase section */
		8B27AE3A262FB9AB00351106 /* Sources */ = {
			isa = PBXSourcesBuildPhase;
			buildActionMask = 2147483647;
			files = (
				76F753C82BCF90C7000E6053 /* XkcdAPI.swift in Sources */,
				761312CE2BD0648600A425EC /* WhatIfListView.swift in Sources */,
				761312C92BD03A9E00A425EC /* WhatIfViewModel+HTML.swift in Sources */,
				761312C62BD039E100A425EC /* WebView.swift in Sources */,
				76389FCB2BCE359600E2A4D0 /* NavigationButtonStyle.swift in Sources */,
				8B7E51DD262FECF9002A094E /* AppGroup.swift in Sources */,
				76F753C72BCF8F89000E6053 /* SensitiveData.swift in Sources */,
				761312D02BD064E800A425EC /* ListRowView.swift in Sources */,
				76F753C62BCF8B5A000E6053 /* WhatIfModel.swift in Sources */,
				761312CF2BD064CE00A425EC /* ComicListView.swift in Sources */,
				76F753C12BCF85D1000E6053 /* WhatIfViewModel.swift in Sources */,
				8B7E5045262FBDD4002A094E /* NavigationToolbar.swift in Sources */,
				76F753D02BCF9563000E6053 /* ShareSheetView.swift in Sources */,
				76F753D12BCF95E8000E6053 /* ComicModel.swift in Sources */,
				76F753BB2BCF811D000E6053 /* WhatIfView.swift in Sources */,
				76F753CF2BCF9465000E6053 /* WhatIfToolbarView.swift in Sources */,
				8B27AE55262FBA3C00351106 /* dckxWidgetView.swift in Sources */,
				8B27AE45262FB9AB00351106 /* dckx_Widget.swift in Sources */,
				76F753C92BCF933F000E6053 /* ActivityIndicatorView.swift in Sources */,
				76389FCC2BCE359B00E2A4D0 /* Constants.swift in Sources */,
			);
			runOnlyForDeploymentPostprocessing = 0;
		};
		8B4F4B9123F5F444008446F4 /* Sources */ = {
			isa = PBXSourcesBuildPhase;
			buildActionMask = 2147483647;
			files = (
				76A0FD9A2BCB44D100C0002E /* ComicModel.swift in Sources */,
				76A0FD9B2BCB44D100C0002E /* WhatIfModel.swift in Sources */,
				76A0FDA12BCB4AEA00C0002E /* dckxApp.swift in Sources */,
				7633F8382BCCC90700B2F1A4 /* ComicListView.swift in Sources */,
				7649C87C2BCA5E5B00A54E5F /* ComicsData.cpp in Sources */,
				8BA5921925FEBEC1001CD883 /* HideScrollView.swift in Sources */,
				8B7B2C34262C930500B35825 /* HamburgerView.swift in Sources */,
				8BA50E6C240A425500138D11 /* WebView.swift in Sources */,
				8B7E51DA262FECF9002A094E /* AppGroup.swift in Sources */,
				8B5307262602E6DF008BA7AB /* NavigationSearchBar.swift in Sources */,
				76F753CC2BCF9465000E6053 /* WhatIfToolbarView.swift in Sources */,
				761312CB2BD05F2A00A425EC /* WhatIfListView.swift in Sources */,
				76389FC82BCE331600E2A4D0 /* NavigationButtonStyle.swift in Sources */,
				8B7E509D262FBF62002A094E /* SensitiveData.swift in Sources */,
				8B626D702401B0A900972EED /* Constants.swift in Sources */,
				8B65801C240B12E100A245DC /* ShareSheetView.swift in Sources */,
				76F753B82BCF811D000E6053 /* WhatIfView.swift in Sources */,
				76A0FDE12BCB92C600C0002E /* ComicToolbarView.swift in Sources */,
				8B4F4B9D23F5F444008446F4 /* ComicView.swift in Sources */,
				8B23368223F6683C00C88BA1 /* ComicViewModel.swift in Sources */,
				76F753BE2BCF85D1000E6053 /* WhatIfViewModel.swift in Sources */,
				7633F8302BCCBA4F00B2F1A4 /* InteractiveImageView.swift in Sources */,
				76A0FDA32BCB4B3300C0002E /* ContentView.swift in Sources */,
				8B82B2C426192A9C008AD11D /* SettingsView.swift in Sources */,
				761312C52BD02EC000A425EC /* WhatIfViewModel+HTML.swift in Sources */,
				8B3569182631D74700719BB8 /* ComicWidgetProvider.swift in Sources */,
				8B3049A3241830CC00D549DE /* ActivityIndicatorView.swift in Sources */,
				8B4F4BE023F5F9D5008446F4 /* XkcdAPI.swift in Sources */,
				76A0FDE52BCB931200C0002E /* ComicItemSource.swift in Sources */,
				7649C8882BCA63EE00A54E5F /* ComicsPanelExtractor.cpp in Sources */,
				8B82B2B42618C6AD008AD11D /* ListRowView.swift in Sources */,
				8B658020240B1C6E00A245DC /* NavigationToolbar.swift in Sources */,
				7649C8842BCA63EE00A54E5F /* Panel.cpp in Sources */,
				8BFEFFFD24046D400090188A /* UIApplication+ResignKeyboardOnDragGesture.swift in Sources */,
				8B658017240AFED800A245DC /* MailView.swift in Sources */,
				7649C8782BCA50C100A54E5F /* OpenCVWrapper.mm in Sources */,
				8B626D872402122C00972EED /* BrowserView.swift in Sources */,
			);
			runOnlyForDeploymentPostprocessing = 0;
		};
		8B4F4BA723F5F445008446F4 /* Sources */ = {
			isa = PBXSourcesBuildPhase;
			buildActionMask = 2147483647;
			files = (
				761312C72BD03A9D00A425EC /* WhatIfViewModel+HTML.swift in Sources */,
				8B23368323F6683C00C88BA1 /* ComicViewModel.swift in Sources */,
				7633F8322BCCC53000B2F1A4 /* InteractiveImageView.swift in Sources */,
				8BA50E6D240A425500138D11 /* WebView.swift in Sources */,
				76A0FD9C2BCB44D100C0002E /* ComicModel.swift in Sources */,
				76A0FD9D2BCB44D100C0002E /* WhatIfModel.swift in Sources */,
				8B3049A4241830CC00D549DE /* ActivityIndicatorView.swift in Sources */,
				8B4F4BB023F5F445008446F4 /* dckxTests.swift in Sources */,
				8B0DBE00262DFB81004FA0DB /* HamburgerView.swift in Sources */,
				8B7E51DB262FECF9002A094E /* AppGroup.swift in Sources */,
				8B65801D240B12E100A245DC /* ShareSheetView.swift in Sources */,
				8B626D882402122C00972EED /* BrowserView.swift in Sources */,
				8B7E509E262FBF62002A094E /* SensitiveData.swift in Sources */,
				7633F8392BCCC90700B2F1A4 /* ComicListView.swift in Sources */,
				8B626D8C2402291B00972EED /* ComicView.swift in Sources */,
				8B626D792401EB1200972EED /* XkcdAPITests.swift in Sources */,
				761312CC2BD0648500A425EC /* WhatIfListView.swift in Sources */,
				7633F81B2BCC9D9800B2F1A4 /* dckxApp.swift in Sources */,
				8B4F4BE123F5F9D5008446F4 /* XkcdAPI.swift in Sources */,
				76A0FDE22BCB92C600C0002E /* ComicToolbarView.swift in Sources */,
				76F753BF2BCF85D1000E6053 /* WhatIfViewModel.swift in Sources */,
				76A0FDE62BCB931200C0002E /* ComicItemSource.swift in Sources */,
				8B82B2B52618C6AD008AD11D /* ListRowView.swift in Sources */,
				8B658021240B1C6E00A245DC /* NavigationToolbar.swift in Sources */,
				8BFEFFFE24046D400090188A /* UIApplication+ResignKeyboardOnDragGesture.swift in Sources */,
				76389FCA2BCE355A00E2A4D0 /* NavigationButtonStyle.swift in Sources */,
				8B658018240AFED800A245DC /* MailView.swift in Sources */,
				8B626D712401B0A900972EED /* Constants.swift in Sources */,
				8B82B2C526192A9C008AD11D /* SettingsView.swift in Sources */,
				76F753B92BCF811D000E6053 /* WhatIfView.swift in Sources */,
				76F753CD2BCF9465000E6053 /* WhatIfToolbarView.swift in Sources */,
			);
			runOnlyForDeploymentPostprocessing = 0;
		};
		8B4F4BB223F5F445008446F4 /* Sources */ = {
			isa = PBXSourcesBuildPhase;
			buildActionMask = 2147483647;
			files = (
				761312C82BD03A9D00A425EC /* WhatIfViewModel+HTML.swift in Sources */,
				8B626D8B2402291A00972EED /* ComicView.swift in Sources */,
				7633F8312BCCBA4F00B2F1A4 /* InteractiveImageView.swift in Sources */,
				8B658022240B1C6E00A245DC /* NavigationToolbar.swift in Sources */,
				8B65801E240B12E100A245DC /* ShareSheetView.swift in Sources */,
				76389FC92BCE331600E2A4D0 /* NavigationButtonStyle.swift in Sources */,
				76A0FD9E2BCB44D100C0002E /* ComicModel.swift in Sources */,
				76A0FD9F2BCB44D100C0002E /* WhatIfModel.swift in Sources */,
				8B3049A5241830CC00D549DE /* ActivityIndicatorView.swift in Sources */,
				8B23368423F6683C00C88BA1 /* ComicViewModel.swift in Sources */,
				8B0DBE01262DFB82004FA0DB /* HamburgerView.swift in Sources */,
				8B7E51DC262FECF9002A094E /* AppGroup.swift in Sources */,
				8B4F4BBB23F5F445008446F4 /* dckxUITests.swift in Sources */,
				8B626D892402122C00972EED /* BrowserView.swift in Sources */,
				7633F83A2BCCC90700B2F1A4 /* ComicListView.swift in Sources */,
				8B7E509F262FBF62002A094E /* SensitiveData.swift in Sources */,
				761312CD2BD0648500A425EC /* WhatIfListView.swift in Sources */,
				8BA50E6E240A425500138D11 /* WebView.swift in Sources */,
				7633F81C2BCC9D9900B2F1A4 /* dckxApp.swift in Sources */,
				8B4A1285240828FD00D4F8B2 /* SnapshotHelper.swift in Sources */,
				76F753C02BCF85D1000E6053 /* WhatIfViewModel.swift in Sources */,
				76A0FDE32BCB92C600C0002E /* ComicToolbarView.swift in Sources */,
				76A0FDE72BCB931200C0002E /* ComicItemSource.swift in Sources */,
				8B4F4BE223F5F9D5008446F4 /* XkcdAPI.swift in Sources */,
				8B658019240AFED800A245DC /* MailView.swift in Sources */,
				8B82B2B62618C6AD008AD11D /* ListRowView.swift in Sources */,
				8BFEFFFF24046D400090188A /* UIApplication+ResignKeyboardOnDragGesture.swift in Sources */,
				8B626D8A2402274A00972EED /* Constants.swift in Sources */,
				8B82B2C626192A9C008AD11D /* SettingsView.swift in Sources */,
				76F753BA2BCF811D000E6053 /* WhatIfView.swift in Sources */,
				76F753CE2BCF9465000E6053 /* WhatIfToolbarView.swift in Sources */,
			);
			runOnlyForDeploymentPostprocessing = 0;
		};
/* End PBXSourcesBuildPhase section */

/* Begin PBXTargetDependency section */
		8B27AE4A262FB9AD00351106 /* PBXTargetDependency */ = {
			isa = PBXTargetDependency;
			target = 8B27AE3D262FB9AB00351106 /* dckx WidgetExtension */;
			targetProxy = 8B27AE49262FB9AD00351106 /* PBXContainerItemProxy */;
		};
		8B4F4BAD23F5F445008446F4 /* PBXTargetDependency */ = {
			isa = PBXTargetDependency;
			target = 8B4F4B9423F5F444008446F4 /* dckx */;
			targetProxy = 8B4F4BAC23F5F445008446F4 /* PBXContainerItemProxy */;
		};
		8B4F4BB823F5F445008446F4 /* PBXTargetDependency */ = {
			isa = PBXTargetDependency;
			target = 8B4F4B9423F5F444008446F4 /* dckx */;
			targetProxy = 8B4F4BB723F5F445008446F4 /* PBXContainerItemProxy */;
		};
/* End PBXTargetDependency section */

/* Begin PBXVariantGroup section */
		8B4F4BA323F5F445008446F4 /* LaunchScreen.storyboard */ = {
			isa = PBXVariantGroup;
			children = (
				8B4F4BA423F5F445008446F4 /* Base */,
			);
			name = LaunchScreen.storyboard;
			sourceTree = "<group>";
		};
/* End PBXVariantGroup section */

/* Begin XCBuildConfiguration section */
		8B27AE4D262FB9AD00351106 /* Debug */ = {
			isa = XCBuildConfiguration;
			buildSettings = {
				ALWAYS_SEARCH_USER_PATHS = NO;
				ASSETCATALOG_COMPILER_GLOBAL_ACCENT_COLOR_NAME = AccentColor;
				ASSETCATALOG_COMPILER_WIDGET_BACKGROUND_COLOR_NAME = WidgetBackground;
				CLANG_ENABLE_MODULES = YES;
				CODE_SIGN_ENTITLEMENTS = "dckx WidgetExtension.entitlements";
				CODE_SIGN_IDENTITY = "Apple Development";
				CODE_SIGN_STYLE = Automatic;
				DEBUG_INFORMATION_FORMAT = dwarf;
				DEVELOPMENT_TEAM = "";
				EXCLUDED_ARCHS = "";
				GCC_PREFIX_HEADER = "";
				INFOPLIST_FILE = "dckx Widget/Info.plist";
				IPHONEOS_DEPLOYMENT_TARGET = 17.0;
				LD_RUNPATH_SEARCH_PATHS = (
					"$(inherited)",
					"@executable_path/Frameworks",
					"@executable_path/../../Frameworks",
				);
				PRODUCT_BUNDLE_IDENTIFIER = "com.vitoroyeca.dckx.dckx-Widget";
				PRODUCT_NAME = "$(TARGET_NAME)";
				PROVISIONING_PROFILE_SPECIFIER = "";
				SKIP_INSTALL = YES;
				SWIFT_INCLUDE_PATHS = "$(inherited) $(SRCROOT)/Ji/Sources/Clibxml2";
				SWIFT_OBJC_BRIDGING_HEADER = "";
				SWIFT_OPTIMIZATION_LEVEL = "-Onone";
				SWIFT_PRECOMPILE_BRIDGING_HEADER = NO;
				SWIFT_VERSION = 5.0;
				TARGETED_DEVICE_FAMILY = "1,2";
			};
			name = Debug;
		};
		8B27AE4E262FB9AD00351106 /* Release */ = {
			isa = XCBuildConfiguration;
			buildSettings = {
				ALWAYS_SEARCH_USER_PATHS = NO;
				ASSETCATALOG_COMPILER_GLOBAL_ACCENT_COLOR_NAME = AccentColor;
				ASSETCATALOG_COMPILER_WIDGET_BACKGROUND_COLOR_NAME = WidgetBackground;
				CLANG_ENABLE_MODULES = YES;
				CODE_SIGN_ENTITLEMENTS = "dckx WidgetExtension.entitlements";
				CODE_SIGN_IDENTITY = "Apple Development";
				CODE_SIGN_STYLE = Automatic;
				DEVELOPMENT_TEAM = "";
				EXCLUDED_ARCHS = "";
				GCC_PREFIX_HEADER = "";
				INFOPLIST_FILE = "dckx Widget/Info.plist";
				IPHONEOS_DEPLOYMENT_TARGET = 17.0;
				LD_RUNPATH_SEARCH_PATHS = (
					"$(inherited)",
					"@executable_path/Frameworks",
					"@executable_path/../../Frameworks",
				);
				ONLY_ACTIVE_ARCH = NO;
				PRODUCT_BUNDLE_IDENTIFIER = "com.vitoroyeca.dckx.dckx-Widget";
				PRODUCT_NAME = "$(TARGET_NAME)";
				PROVISIONING_PROFILE_SPECIFIER = "";
				SKIP_INSTALL = YES;
				SWIFT_INCLUDE_PATHS = "$(inherited) $(SRCROOT)/Ji/Sources/Clibxml2";
				SWIFT_OBJC_BRIDGING_HEADER = "";
				SWIFT_PRECOMPILE_BRIDGING_HEADER = NO;
				SWIFT_VERSION = 5.0;
				TARGETED_DEVICE_FAMILY = "1,2";
			};
			name = Release;
		};
		8B4F4BBD23F5F445008446F4 /* Debug */ = {
			isa = XCBuildConfiguration;
			buildSettings = {
				ALWAYS_SEARCH_USER_PATHS = YES;
				ASSETCATALOG_COMPILER_GENERATE_SWIFT_ASSET_SYMBOL_EXTENSIONS = YES;
				CLANG_ANALYZER_NONNULL = YES;
				CLANG_ANALYZER_NUMBER_OBJECT_CONVERSION = YES_AGGRESSIVE;
				CLANG_CXX_LANGUAGE_STANDARD = "gnu++14";
				CLANG_CXX_LIBRARY = "libc++";
				CLANG_ENABLE_MODULES = YES;
				CLANG_ENABLE_OBJC_ARC = YES;
				CLANG_ENABLE_OBJC_WEAK = YES;
				CLANG_WARN_BLOCK_CAPTURE_AUTORELEASING = YES;
				CLANG_WARN_BOOL_CONVERSION = YES;
				CLANG_WARN_COMMA = YES;
				CLANG_WARN_CONSTANT_CONVERSION = YES;
				CLANG_WARN_DEPRECATED_OBJC_IMPLEMENTATIONS = YES;
				CLANG_WARN_DIRECT_OBJC_ISA_USAGE = YES_ERROR;
				CLANG_WARN_DOCUMENTATION_COMMENTS = YES;
				CLANG_WARN_EMPTY_BODY = YES;
				CLANG_WARN_ENUM_CONVERSION = YES;
				CLANG_WARN_INFINITE_RECURSION = YES;
				CLANG_WARN_INT_CONVERSION = YES;
				CLANG_WARN_NON_LITERAL_NULL_CONVERSION = YES;
				CLANG_WARN_OBJC_IMPLICIT_RETAIN_SELF = YES;
				CLANG_WARN_OBJC_LITERAL_CONVERSION = YES;
				CLANG_WARN_OBJC_ROOT_CLASS = YES_ERROR;
				CLANG_WARN_QUOTED_INCLUDE_IN_FRAMEWORK_HEADER = YES;
				CLANG_WARN_RANGE_LOOP_ANALYSIS = YES;
				CLANG_WARN_STRICT_PROTOTYPES = YES;
				CLANG_WARN_SUSPICIOUS_MOVE = YES;
				CLANG_WARN_UNGUARDED_AVAILABILITY = YES_AGGRESSIVE;
				CLANG_WARN_UNREACHABLE_CODE = YES;
				CLANG_WARN__DUPLICATE_METHOD_MATCH = YES;
				COPY_PHASE_STRIP = NO;
				DEBUG_INFORMATION_FORMAT = "dwarf-with-dsym";
				ENABLE_STRICT_OBJC_MSGSEND = YES;
				ENABLE_TESTABILITY = YES;
				ENABLE_USER_SCRIPT_SANDBOXING = YES;
				EXCLUDED_ARCHS = "";
				"EXCLUDED_ARCHS[sdk=iphonesimulator*]" = arm64;
				GCC_C_LANGUAGE_STANDARD = gnu11;
				GCC_DYNAMIC_NO_PIC = NO;
				GCC_NO_COMMON_BLOCKS = YES;
				GCC_OPTIMIZATION_LEVEL = 0;
				GCC_PREFIX_HEADER = "${PROJECT_DIR}/${PRODUCT_NAME}/PrefixHeader.pch";
				GCC_PREPROCESSOR_DEFINITIONS = (
					"DEBUG=1",
					"$(inherited)",
				);
				GCC_WARN_64_TO_32_BIT_CONVERSION = YES;
				GCC_WARN_ABOUT_RETURN_TYPE = YES_ERROR;
				GCC_WARN_UNDECLARED_SELECTOR = YES;
				GCC_WARN_UNINITIALIZED_AUTOS = YES_AGGRESSIVE;
				GCC_WARN_UNUSED_FUNCTION = YES;
				GCC_WARN_UNUSED_VARIABLE = YES;
				IPHONEOS_DEPLOYMENT_TARGET = 17.0;
				MTL_ENABLE_DEBUG_INFO = INCLUDE_SOURCE;
				MTL_FAST_MATH = YES;
				ONLY_ACTIVE_ARCH = YES;
				SDKROOT = iphoneos;
				SWIFT_ACTIVE_COMPILATION_CONDITIONS = DEBUG;
				SWIFT_OPTIMIZATION_LEVEL = "-Onone";
			};
			name = Debug;
		};
		8B4F4BBE23F5F445008446F4 /* Release */ = {
			isa = XCBuildConfiguration;
			buildSettings = {
				ALWAYS_SEARCH_USER_PATHS = YES;
				ASSETCATALOG_COMPILER_GENERATE_SWIFT_ASSET_SYMBOL_EXTENSIONS = YES;
				CLANG_ANALYZER_NONNULL = YES;
				CLANG_ANALYZER_NUMBER_OBJECT_CONVERSION = YES_AGGRESSIVE;
				CLANG_CXX_LANGUAGE_STANDARD = "gnu++14";
				CLANG_CXX_LIBRARY = "libc++";
				CLANG_ENABLE_MODULES = YES;
				CLANG_ENABLE_OBJC_ARC = YES;
				CLANG_ENABLE_OBJC_WEAK = YES;
				CLANG_WARN_BLOCK_CAPTURE_AUTORELEASING = YES;
				CLANG_WARN_BOOL_CONVERSION = YES;
				CLANG_WARN_COMMA = YES;
				CLANG_WARN_CONSTANT_CONVERSION = YES;
				CLANG_WARN_DEPRECATED_OBJC_IMPLEMENTATIONS = YES;
				CLANG_WARN_DIRECT_OBJC_ISA_USAGE = YES_ERROR;
				CLANG_WARN_DOCUMENTATION_COMMENTS = YES;
				CLANG_WARN_EMPTY_BODY = YES;
				CLANG_WARN_ENUM_CONVERSION = YES;
				CLANG_WARN_INFINITE_RECURSION = YES;
				CLANG_WARN_INT_CONVERSION = YES;
				CLANG_WARN_NON_LITERAL_NULL_CONVERSION = YES;
				CLANG_WARN_OBJC_IMPLICIT_RETAIN_SELF = YES;
				CLANG_WARN_OBJC_LITERAL_CONVERSION = YES;
				CLANG_WARN_OBJC_ROOT_CLASS = YES_ERROR;
				CLANG_WARN_QUOTED_INCLUDE_IN_FRAMEWORK_HEADER = YES;
				CLANG_WARN_RANGE_LOOP_ANALYSIS = YES;
				CLANG_WARN_STRICT_PROTOTYPES = YES;
				CLANG_WARN_SUSPICIOUS_MOVE = YES;
				CLANG_WARN_UNGUARDED_AVAILABILITY = YES_AGGRESSIVE;
				CLANG_WARN_UNREACHABLE_CODE = YES;
				CLANG_WARN__DUPLICATE_METHOD_MATCH = YES;
				COPY_PHASE_STRIP = NO;
				DEBUG_INFORMATION_FORMAT = "dwarf-with-dsym";
				ENABLE_NS_ASSERTIONS = NO;
				ENABLE_STRICT_OBJC_MSGSEND = YES;
				ENABLE_TESTABILITY = YES;
				ENABLE_USER_SCRIPT_SANDBOXING = YES;
				EXCLUDED_ARCHS = "";
				"EXCLUDED_ARCHS[sdk=iphonesimulator*]" = arm64;
				GCC_C_LANGUAGE_STANDARD = gnu11;
				GCC_NO_COMMON_BLOCKS = YES;
				GCC_PREFIX_HEADER = "${PROJECT_DIR}/${PRODUCT_NAME}/PrefixHeader.pch";
				GCC_WARN_64_TO_32_BIT_CONVERSION = YES;
				GCC_WARN_ABOUT_RETURN_TYPE = YES_ERROR;
				GCC_WARN_UNDECLARED_SELECTOR = YES;
				GCC_WARN_UNINITIALIZED_AUTOS = YES_AGGRESSIVE;
				GCC_WARN_UNUSED_FUNCTION = YES;
				GCC_WARN_UNUSED_VARIABLE = YES;
				IPHONEOS_DEPLOYMENT_TARGET = 17.0;
				MTL_ENABLE_DEBUG_INFO = NO;
				MTL_FAST_MATH = YES;
				SDKROOT = iphoneos;
				SWIFT_COMPILATION_MODE = wholemodule;
				SWIFT_OPTIMIZATION_LEVEL = "-O";
				VALIDATE_PRODUCT = YES;
			};
			name = Release;
		};
		8B4F4BC023F5F445008446F4 /* Debug */ = {
			isa = XCBuildConfiguration;
			buildSettings = {
				ALWAYS_EMBED_SWIFT_STANDARD_LIBRARIES = YES;
				ASSETCATALOG_COMPILER_APPICON_NAME = AppIcon;
				ASSETCATALOG_COMPILER_GLOBAL_ACCENT_COLOR_NAME = AccentColor;
				CLANG_ENABLE_MODULES = YES;
				CODE_SIGN_ENTITLEMENTS = dckx.entitlements;
				CODE_SIGN_STYLE = Automatic;
				CURRENT_PROJECT_VERSION = 245;
				DEVELOPMENT_ASSET_PATHS = "\"dckx/Preview Content\"";
				DEVELOPMENT_TEAM = "";
				ENABLE_PREVIEWS = YES;
				EXCLUDED_ARCHS = "";
				FRAMEWORK_SEARCH_PATHS = (
					"$(PROJECT_DIR)/.",
					"$(PROJECT_DIR)/dckx",
					"$(PROJECT_DIR)",
				);
				GCC_PRECOMPILE_PREFIX_HEADER = YES;
				INFOPLIST_FILE = dckx/Info.plist;
				IPHONEOS_DEPLOYMENT_TARGET = 17.0;
				LD_RUNPATH_SEARCH_PATHS = (
					"$(inherited)",
					"@executable_path/Frameworks",
				);
				MARKETING_VERSION = 1.2;
				ONLY_ACTIVE_ARCH = YES;
				PRODUCT_BUNDLE_IDENTIFIER = com.vitoroyeca.dckx;
				PRODUCT_NAME = dckx;
				SWIFT_OBJC_BRIDGING_HEADER = "$(SRCROOT)/dckx/dckx-Bridging-Header.h";
				SWIFT_OPTIMIZATION_LEVEL = "-Onone";
				SWIFT_VERSION = 5.0;
				TARGETED_DEVICE_FAMILY = 1;
			};
			name = Debug;
		};
		8B4F4BC123F5F445008446F4 /* Release */ = {
			isa = XCBuildConfiguration;
			buildSettings = {
				ALWAYS_EMBED_SWIFT_STANDARD_LIBRARIES = YES;
				ASSETCATALOG_COMPILER_APPICON_NAME = AppIcon;
				ASSETCATALOG_COMPILER_GLOBAL_ACCENT_COLOR_NAME = AccentColor;
				CLANG_ENABLE_MODULES = YES;
				CODE_SIGN_ENTITLEMENTS = dckx.entitlements;
				CODE_SIGN_STYLE = Automatic;
				CURRENT_PROJECT_VERSION = 245;
				DEVELOPMENT_ASSET_PATHS = "\"dckx/Preview Content\"";
				DEVELOPMENT_TEAM = "";
				ENABLE_PREVIEWS = YES;
				EXCLUDED_ARCHS = "";
				FRAMEWORK_SEARCH_PATHS = (
					"$(PROJECT_DIR)/.",
					"$(PROJECT_DIR)/dckx",
					"$(PROJECT_DIR)",
				);
				GCC_PRECOMPILE_PREFIX_HEADER = YES;
				INFOPLIST_FILE = dckx/Info.plist;
				IPHONEOS_DEPLOYMENT_TARGET = 17.0;
				LD_RUNPATH_SEARCH_PATHS = (
					"$(inherited)",
					"@executable_path/Frameworks",
				);
				MARKETING_VERSION = 1.2;
				ONLY_ACTIVE_ARCH = NO;
				PRODUCT_BUNDLE_IDENTIFIER = com.vitoroyeca.dckx;
				PRODUCT_NAME = dckx;
				SWIFT_OBJC_BRIDGING_HEADER = "$(SRCROOT)/dckx/dckx-Bridging-Header.h";
				SWIFT_VERSION = 5.0;
				TARGETED_DEVICE_FAMILY = 1;
			};
			name = Release;
		};
		8B4F4BC323F5F445008446F4 /* Debug */ = {
			isa = XCBuildConfiguration;
			buildSettings = {
				ALWAYS_EMBED_SWIFT_STANDARD_LIBRARIES = YES;
				BUNDLE_LOADER = "$(TEST_HOST)";
				CLANG_ENABLE_MODULES = YES;
				CODE_SIGN_STYLE = Automatic;
				EXCLUDED_ARCHS = "";
				GCC_PREFIX_HEADER = "";
				INFOPLIST_FILE = dckxTests/Info.plist;
				IPHONEOS_DEPLOYMENT_TARGET = 17.0;
				LD_RUNPATH_SEARCH_PATHS = (
					"$(inherited)",
					"@executable_path/Frameworks",
					"@loader_path/Frameworks",
				);
				ONLY_ACTIVE_ARCH = YES;
				PRODUCT_BUNDLE_IDENTIFIER = com.vitoroyeca.dckxTests;
				PRODUCT_NAME = "$(TARGET_NAME)";
				SWIFT_OBJC_BRIDGING_HEADER = "$(SRCROOT)/dckx/dckx-Bridging-Header.h";
				SWIFT_OPTIMIZATION_LEVEL = "-Onone";
				SWIFT_VERSION = 5.0;
				TARGETED_DEVICE_FAMILY = "1,2";
				TEST_HOST = "$(BUILT_PRODUCTS_DIR)/dckx.app/dckx";
			};
			name = Debug;
		};
		8B4F4BC423F5F445008446F4 /* Release */ = {
			isa = XCBuildConfiguration;
			buildSettings = {
				ALWAYS_EMBED_SWIFT_STANDARD_LIBRARIES = YES;
				BUNDLE_LOADER = "$(TEST_HOST)";
				CLANG_ENABLE_MODULES = YES;
				CODE_SIGN_STYLE = Automatic;
				EXCLUDED_ARCHS = "";
				GCC_PREFIX_HEADER = "";
				INFOPLIST_FILE = dckxTests/Info.plist;
				IPHONEOS_DEPLOYMENT_TARGET = 17.0;
				LD_RUNPATH_SEARCH_PATHS = (
					"$(inherited)",
					"@executable_path/Frameworks",
					"@loader_path/Frameworks",
				);
				ONLY_ACTIVE_ARCH = NO;
				PRODUCT_BUNDLE_IDENTIFIER = com.vitoroyeca.dckxTests;
				PRODUCT_NAME = "$(TARGET_NAME)";
				SWIFT_OBJC_BRIDGING_HEADER = "$(SRCROOT)/dckx/dckx-Bridging-Header.h";
				SWIFT_VERSION = 5.0;
				TARGETED_DEVICE_FAMILY = "1,2";
				TEST_HOST = "$(BUILT_PRODUCTS_DIR)/dckx.app/dckx";
			};
			name = Release;
		};
		8B4F4BC623F5F445008446F4 /* Debug */ = {
			isa = XCBuildConfiguration;
			buildSettings = {
				ALWAYS_EMBED_SWIFT_STANDARD_LIBRARIES = YES;
				CLANG_ENABLE_MODULES = YES;
				CODE_SIGN_STYLE = Automatic;
				EXCLUDED_ARCHS = "";
				GCC_PREFIX_HEADER = "";
				INFOPLIST_FILE = dckxUITests/Info.plist;
				IPHONEOS_DEPLOYMENT_TARGET = 17.0;
				LD_RUNPATH_SEARCH_PATHS = (
					"$(inherited)",
					"@executable_path/Frameworks",
					"@loader_path/Frameworks",
				);
				ONLY_ACTIVE_ARCH = YES;
				PRODUCT_BUNDLE_IDENTIFIER = com.vitoroyeca.dckxUITests;
				PRODUCT_NAME = "$(TARGET_NAME)";
				SWIFT_OBJC_BRIDGING_HEADER = "$(SRCROOT)/dckx/dckx-Bridging-Header.h";
				SWIFT_OPTIMIZATION_LEVEL = "-Onone";
				SWIFT_VERSION = 5.0;
				TARGETED_DEVICE_FAMILY = "1,2";
				TEST_TARGET_NAME = dckx;
			};
			name = Debug;
		};
		8B4F4BC723F5F445008446F4 /* Release */ = {
			isa = XCBuildConfiguration;
			buildSettings = {
				ALWAYS_EMBED_SWIFT_STANDARD_LIBRARIES = YES;
				CLANG_ENABLE_MODULES = YES;
				CODE_SIGN_STYLE = Automatic;
				EXCLUDED_ARCHS = "";
				GCC_PREFIX_HEADER = "";
				INFOPLIST_FILE = dckxUITests/Info.plist;
				IPHONEOS_DEPLOYMENT_TARGET = 17.0;
				LD_RUNPATH_SEARCH_PATHS = (
					"$(inherited)",
					"@executable_path/Frameworks",
					"@loader_path/Frameworks",
				);
				ONLY_ACTIVE_ARCH = NO;
				PRODUCT_BUNDLE_IDENTIFIER = com.vitoroyeca.dckxUITests;
				PRODUCT_NAME = "$(TARGET_NAME)";
				SWIFT_OBJC_BRIDGING_HEADER = "$(SRCROOT)/dckx/dckx-Bridging-Header.h";
				SWIFT_VERSION = 5.0;
				TARGETED_DEVICE_FAMILY = "1,2";
				TEST_TARGET_NAME = dckx;
			};
			name = Release;
		};
/* End XCBuildConfiguration section */

/* Begin XCConfigurationList section */
		8B27AE4F262FB9AD00351106 /* Build configuration list for PBXNativeTarget "dckx WidgetExtension" */ = {
			isa = XCConfigurationList;
			buildConfigurations = (
				8B27AE4D262FB9AD00351106 /* Debug */,
				8B27AE4E262FB9AD00351106 /* Release */,
			);
			defaultConfigurationIsVisible = 0;
			defaultConfigurationName = Release;
		};
		8B4F4B9023F5F444008446F4 /* Build configuration list for PBXProject "dckx" */ = {
			isa = XCConfigurationList;
			buildConfigurations = (
				8B4F4BBD23F5F445008446F4 /* Debug */,
				8B4F4BBE23F5F445008446F4 /* Release */,
			);
			defaultConfigurationIsVisible = 0;
			defaultConfigurationName = Release;
		};
		8B4F4BBF23F5F445008446F4 /* Build configuration list for PBXNativeTarget "dckx" */ = {
			isa = XCConfigurationList;
			buildConfigurations = (
				8B4F4BC023F5F445008446F4 /* Debug */,
				8B4F4BC123F5F445008446F4 /* Release */,
			);
			defaultConfigurationIsVisible = 0;
			defaultConfigurationName = Release;
		};
		8B4F4BC223F5F445008446F4 /* Build configuration list for PBXNativeTarget "dckxTests" */ = {
			isa = XCConfigurationList;
			buildConfigurations = (
				8B4F4BC323F5F445008446F4 /* Debug */,
				8B4F4BC423F5F445008446F4 /* Release */,
			);
			defaultConfigurationIsVisible = 0;
			defaultConfigurationName = Release;
		};
		8B4F4BC523F5F445008446F4 /* Build configuration list for PBXNativeTarget "dckxUITests" */ = {
			isa = XCConfigurationList;
			buildConfigurations = (
				8B4F4BC623F5F445008446F4 /* Debug */,
				8B4F4BC723F5F445008446F4 /* Release */,
			);
			defaultConfigurationIsVisible = 0;
			defaultConfigurationName = Release;
		};
/* End XCConfigurationList section */

/* Begin XCRemoteSwiftPackageReference section */
		580566A82BC9E2E900187556 /* XCRemoteSwiftPackageReference "firebase-ios-sdk" */ = {
			isa = XCRemoteSwiftPackageReference;
			repositoryURL = "https://github.com/firebase/firebase-ios-sdk.git";
			requirement = {
				kind = upToNextMajorVersion;
				minimumVersion = 10.24.0;
			};
		};
		580566AD2BC9E38100187556 /* XCRemoteSwiftPackageReference "kanna" */ = {
			isa = XCRemoteSwiftPackageReference;
			repositoryURL = "https://github.com/tid-kijyun/kanna.git";
			requirement = {
				kind = upToNextMajorVersion;
				minimumVersion = 5.3.0;
			};
		};
		580566B12BC9E66900187556 /* XCRemoteSwiftPackageReference "SwiftRater" */ = {
			isa = XCRemoteSwiftPackageReference;
			repositoryURL = "https://github.com/takecian/SwiftRater.git";
			requirement = {
				kind = upToNextMajorVersion;
				minimumVersion = 2.1.2;
			};
		};
		7633F81D2BCC9EE300B2F1A4 /* XCRemoteSwiftPackageReference "SDWebImage" */ = {
			isa = XCRemoteSwiftPackageReference;
			repositoryURL = "https://github.com/SDWebImage/SDWebImage.git";
			requirement = {
				kind = upToNextMajorVersion;
				minimumVersion = 5.19.1;
			};
		};
		76F753B02BCF1CF9000E6053 /* XCRemoteSwiftPackageReference "SDWebImageSwiftUI" */ = {
			isa = XCRemoteSwiftPackageReference;
			repositoryURL = "https://github.com/SDWebImage/SDWebImageSwiftUI.git";
			requirement = {
				kind = upToNextMajorVersion;
				minimumVersion = 3.0.2;
			};
		};
		8B2C042E2606662C00AF58E0 /* XCRemoteSwiftPackageReference "BetterSafariView" */ = {
			isa = XCRemoteSwiftPackageReference;
			repositoryURL = "https://github.com/stleamist/BetterSafariView.git";
			requirement = {
				kind = upToNextMajorVersion;
				minimumVersion = 2.3.1;
			};
		};
/* End XCRemoteSwiftPackageReference section */

/* Begin XCSwiftPackageProductDependency section */
		580566A92BC9E2E900187556 /* FirebaseAnalytics */ = {
			isa = XCSwiftPackageProductDependency;
			package = 580566A82BC9E2E900187556 /* XCRemoteSwiftPackageReference "firebase-ios-sdk" */;
			productName = FirebaseAnalytics;
		};
		580566AB2BC9E2E900187556 /* FirebaseAnalyticsSwift */ = {
			isa = XCSwiftPackageProductDependency;
			package = 580566A82BC9E2E900187556 /* XCRemoteSwiftPackageReference "firebase-ios-sdk" */;
			productName = FirebaseAnalyticsSwift;
		};
		580566AE2BC9E38100187556 /* Kanna */ = {
			isa = XCSwiftPackageProductDependency;
			package = 580566AD2BC9E38100187556 /* XCRemoteSwiftPackageReference "kanna" */;
			productName = Kanna;
		};
		761312D12BD0651500A425EC /* SDWebImageSwiftUI */ = {
			isa = XCSwiftPackageProductDependency;
			package = 76F753B02BCF1CF9000E6053 /* XCRemoteSwiftPackageReference "SDWebImageSwiftUI" */;
			productName = SDWebImageSwiftUI;
		};
		7633F81E2BCC9EE300B2F1A4 /* SDWebImage */ = {
			isa = XCSwiftPackageProductDependency;
			package = 7633F81D2BCC9EE300B2F1A4 /* XCRemoteSwiftPackageReference "SDWebImage" */;
			productName = SDWebImage;
		};
		7633F8202BCC9F0E00B2F1A4 /* BetterSafariView */ = {
			isa = XCSwiftPackageProductDependency;
			package = 8B2C042E2606662C00AF58E0 /* XCRemoteSwiftPackageReference "BetterSafariView" */;
			productName = BetterSafariView;
		};
		7633F8222BCC9F0E00B2F1A4 /* FirebaseAnalytics */ = {
			isa = XCSwiftPackageProductDependency;
			package = 580566A82BC9E2E900187556 /* XCRemoteSwiftPackageReference "firebase-ios-sdk" */;
			productName = FirebaseAnalytics;
		};
		7633F8242BCC9F0E00B2F1A4 /* FirebaseAnalyticsSwift */ = {
			isa = XCSwiftPackageProductDependency;
			package = 580566A82BC9E2E900187556 /* XCRemoteSwiftPackageReference "firebase-ios-sdk" */;
			productName = FirebaseAnalyticsSwift;
		};
		7633F8262BCC9F0E00B2F1A4 /* Kanna */ = {
			isa = XCSwiftPackageProductDependency;
			package = 580566AD2BC9E38100187556 /* XCRemoteSwiftPackageReference "kanna" */;
			productName = Kanna;
		};
		7633F8282BCC9F0E00B2F1A4 /* SDWebImage */ = {
			isa = XCSwiftPackageProductDependency;
			package = 7633F81D2BCC9EE300B2F1A4 /* XCRemoteSwiftPackageReference "SDWebImage" */;
			productName = SDWebImage;
		};
		7633F82A2BCC9F2100B2F1A4 /* Kanna */ = {
			isa = XCSwiftPackageProductDependency;
			package = 580566AD2BC9E38100187556 /* XCRemoteSwiftPackageReference "kanna" */;
			productName = Kanna;
		};
		7633F82C2BCC9F2100B2F1A4 /* SDWebImage */ = {
			isa = XCSwiftPackageProductDependency;
			package = 7633F81D2BCC9EE300B2F1A4 /* XCRemoteSwiftPackageReference "SDWebImage" */;
			productName = SDWebImage;
		};
		76A0FD802BCB26A200C0002E /* BetterSafariView */ = {
			isa = XCSwiftPackageProductDependency;
			package = 8B2C042E2606662C00AF58E0 /* XCRemoteSwiftPackageReference "BetterSafariView" */;
			productName = BetterSafariView;
		};
		76A0FD822BCB27C200C0002E /* BetterSafariView */ = {
			isa = XCSwiftPackageProductDependency;
			package = 8B2C042E2606662C00AF58E0 /* XCRemoteSwiftPackageReference "BetterSafariView" */;
			productName = BetterSafariView;
		};
		76A0FD842BCB286C00C0002E /* FirebaseAnalytics */ = {
			isa = XCSwiftPackageProductDependency;
			package = 580566A82BC9E2E900187556 /* XCRemoteSwiftPackageReference "firebase-ios-sdk" */;
			productName = FirebaseAnalytics;
		};
		76A0FD862BCB286C00C0002E /* FirebaseAnalyticsSwift */ = {
			isa = XCSwiftPackageProductDependency;
			package = 580566A82BC9E2E900187556 /* XCRemoteSwiftPackageReference "firebase-ios-sdk" */;
			productName = FirebaseAnalyticsSwift;
		};
		76F753B12BCF1CF9000E6053 /* SDWebImageSwiftUI */ = {
			isa = XCSwiftPackageProductDependency;
			package = 76F753B02BCF1CF9000E6053 /* XCRemoteSwiftPackageReference "SDWebImageSwiftUI" */;
			productName = SDWebImageSwiftUI;
		};
		76F753B32BCF5B4C000E6053 /* SDWebImageSwiftUI */ = {
			isa = XCSwiftPackageProductDependency;
			package = 76F753B02BCF1CF9000E6053 /* XCRemoteSwiftPackageReference "SDWebImageSwiftUI" */;
			productName = SDWebImageSwiftUI;
		};
		76F753B52BCF5B55000E6053 /* SDWebImageSwiftUI */ = {
			isa = XCSwiftPackageProductDependency;
			package = 76F753B02BCF1CF9000E6053 /* XCRemoteSwiftPackageReference "SDWebImageSwiftUI" */;
			productName = SDWebImageSwiftUI;
		};
		76F753D22BCF966C000E6053 /* Kanna */ = {
			isa = XCSwiftPackageProductDependency;
			package = 580566AD2BC9E38100187556 /* XCRemoteSwiftPackageReference "kanna" */;
			productName = Kanna;
		};
/* End XCSwiftPackageProductDependency section */
	};
	rootObject = 8B4F4B8D23F5F444008446F4 /* Project object */;
}
