PODS:
  - FontAwesome.swift (1.8.3)
  - MBProgressHUD (1.2.0)
  - PromiseKit (6.13.1):
    - PromiseKit/CorePromise (= 6.13.1)
    - PromiseKit/Foundation (= 6.13.1)
    - PromiseKit/UIKit (= 6.13.1)
  - PromiseKit/CorePromise (6.13.1)
  - PromiseKit/Foundation (6.13.1):
    - PromiseKit/CorePromise
  - PromiseKit/UIKit (6.13.1):
    - PromiseKit/CorePromise
  - SDWebImage (5.5.2):
    - SDWebImage/Core (= 5.5.2)
  - SDWebImage/Core (5.5.2)
  - SDWebImageSwiftUI (1.0.0-beta2):
    - SDWebImage (~> 5.3)
  - Sync (6.0.0)

DEPENDENCIES:
  - FontAwesome.swift
  - MBProgressHUD
  - PromiseKit
  - SDWebImageSwiftUI (>= 1.0.0-beta2)
  - Sync

SPEC REPOS:
  trunk:
    - FontAwesome.swift
    - MBProgressHUD
    - PromiseKit
    - SDWebImage
    - SDWebImageSwiftUI
    - Sync

SPEC CHECKSUMS:
  FontAwesome.swift: 2a3235131a6caffc6b2ccba318e94d793b2fd342
  MBProgressHUD: 3ee5efcc380f6a79a7cc9b363dd669c5e1ae7406
  PromiseKit: 28fda91c973cc377875d8c0ea4f973013c05b6db
  SDWebImage: 4d5c027c935438f341ed33dbac53ff9f479922ca
  SDWebImageSwiftUI: 82d3dc7a739d856ac62536e9052eee592b725e64
  Sync: a6288926bee65a1ac3c72055446c558776af43f3

PODFILE CHECKSUM: 4f95f76b3a88abafa02aa8aee9d0d8df67b7477d

COCOAPODS: 1.8.4
