PODS:
  - FontAwesome.swift (1.8.3)
  - Kanna (5.0.0)
  - MBProgressHUD (1.2.0)
  - PromiseKit (6.13.1):
    - PromiseKit/CorePromise (= 6.13.1)
    - PromiseKit/Foundation (= 6.13.1)
    - PromiseKit/UIKit (= 6.13.1)
  - PromiseKit/CorePromise (6.13.1)
  - PromiseKit/Foundation (6.13.1):
    - PromiseKit/CorePromise
  - PromiseKit/UIKit (6.13.1):
    - PromiseKit/CorePromise
  - SDWebImage (5.6.0):
    - SDWebImage/Core (= 5.6.0)
  - SDWebImage/Core (5.6.0)
  - SDWebImageSwiftUI (1.0.0):
    - SDWebImage (~> 5.3)
  - Sync (6.0.0)

DEPENDENCIES:
  - FontAwesome.swift
  - Kanna
  - MBProgressHUD
  - PromiseKit
  - SDWebImageSwiftUI (>= 1.0.0-beta2)
  - Sync

SPEC REPOS:
  trunk:
    - FontAwesome.swift
    - Kanna
    - MBProgressHUD
    - PromiseKit
    - SDWebImage
    - SDWebImageSwiftUI
    - Sync

SPEC CHECKSUMS:
  FontAwesome.swift: 2a3235131a6caffc6b2ccba318e94d793b2fd342
  Kanna: a32875df62975f8f4b871e933b4ea1a5c3b8be0f
  MBProgressHUD: 3ee5efcc380f6a79a7cc9b363dd669c5e1ae7406
  PromiseKit: 28fda91c973cc377875d8c0ea4f973013c05b6db
  SDWebImage: 21b19f56b4226cdfe3aefe4e6848dc43ed129a86
  SDWebImageSwiftUI: 52dabce85cfc575e08ca4ce26bed1334159dbc2b
  Sync: a6288926bee65a1ac3c72055446c558776af43f3

PODFILE CHECKSUM: aa9761884eff422ac31584277518716c396b80df

COCOAPODS: 1.8.4
