PODS:
  - FontAwesome.swift (1.9.1)
  - Ji (5.0.0)
  - Kanna (5.2.4)
  - MBProgressHUD (1.2.0)
  - nlohmann_json (3.1.2)
  - OpenCV (3.1.0.1)
  - PromiseKit (6.13.1):
    - PromiseKit/CorePromise (= 6.13.1)
    - PromiseKit/Foundation (= 6.13.1)
    - PromiseKit/UIKit (= 6.13.1)
  - PromiseKit/CorePromise (6.13.1)
  - PromiseKit/Foundation (6.13.1):
    - PromiseKit/CorePromise
  - PromiseKit/UIKit (6.13.1):
    - PromiseKit/CorePromise
  - ReadabilityKit (0.7.4):
    - Ji (= 5.0.0)
  - SDWebImage (5.11.0):
    - SDWebImage/Core (= 5.11.0)
  - SDWebImage/Core (5.11.0)
  - SDWebImageSwiftUI (2.0.2):
    - SDWebImage (~> 5.10)
  - SimulatorStatusMagic (2.5)
  - Sync (6.5.0)

DEPENDENCIES:
  - FontAwesome.swift
  - Kanna
  - MBProgressHUD
  - nlohmann_json (~> 3.1.2)
  - OpenCV (~> 3.1.0.1)
  - PromiseKit
  - ReadabilityKit
  - SDWebImage
  - SDWebImageSwiftUI
  - SimulatorStatusMagic
  - Sync

SPEC REPOS:
  trunk:
    - FontAwesome.swift
    - Ji
    - Kanna
    - MBProgressHUD
    - nlohmann_json
    - OpenCV
    - PromiseKit
    - ReadabilityKit
    - SDWebImage
    - SDWebImageSwiftUI
    - SimulatorStatusMagic
    - Sync

SPEC CHECKSUMS:
  FontAwesome.swift: 6b52cb7be66eacd28cbfaa0ca7ffd0de4a186a1d
  Ji: d795fed288fe78658b404c88946d753b17d8d7f4
  Kanna: b9d00d7c11428308c7f95e1f1f84b8205f567a8f
  MBProgressHUD: 3ee5efcc380f6a79a7cc9b363dd669c5e1ae7406
  nlohmann_json: f36a446361e5de498a21af730eb9f098541a5635
  OpenCV: 41c4250e2b06a394d6fbb634b5fa622cdd846018
  PromiseKit: 28fda91c973cc377875d8c0ea4f973013c05b6db
  ReadabilityKit: 09e8b2ecb3d06f17f4c856e426c34f9016e86e6f
  SDWebImage: 7acbb57630ac7db4a495547fb73916ff3e432f6b
  SDWebImageSwiftUI: 8a3923c95108312b03a599ec1498754af55a6819
  SimulatorStatusMagic: 71cfcea1df017e8f0fa8e48bc182d86976376f84
  Sync: 86bb8aa0ea2f955ea5ac97b7b73129f86591c39e

PODFILE CHECKSUM: e6075176590cdea8c140710e4c8fb95eb8a8e0df

COCOAPODS: 1.10.1
